
Microsoft Visual Studio Solution File, Format Version 12.00
# Visual Studio 15
VisualStudioVersion = 15.0.27004.2009
MinimumVisualStudioVersion = 10.0.40219.1
Project("{2150E333-8FDC-42A3-9474-1A3956D46DE8}") = "src", "src", "{771514F1-12AE-4A26-89CB-2646D3EF7034}"
EndProject
Project("{2150E333-8FDC-42A3-9474-1A3956D46DE8}") = "examples", "examples", "{59DCCC96-DDAF-469F-9E8E-9BC733285082}"
EndProject
Project("{2150E333-8FDC-42A3-9474-1A3956D46DE8}") = "RemoteBenchmark", "RemoteBenchmark", "{92EB7B8A-7DCC-426A-9386-F58C167D82C3}"
EndProject
Project("{9A19103F-16F7-4668-BE54-9A1E7A4F7556}") = "Messages", "examples\RemoteBenchmark\Messages\Messages.csproj", "{55904739-71E8-478F-8BBD-9A32CAE9E01B}"
EndProject
Project("{9A19103F-16F7-4668-BE54-9A1E7A4F7556}") = "Node2", "examples\RemoteBenchmark\Node2\Node2.csproj", "{DFEEF3A8-F9EB-43AE-AA73-A5FBF7402DAB}"
EndProject
Project("{9A19103F-16F7-4668-BE54-9A1E7A4F7556}") = "SpawnBenchmark", "examples\SpawnBenchmark\SpawnBenchmark.csproj", "{76BA8256-C071-4353-B5A3-FA0E4BC444EF}"
EndProject
Project("{2150E333-8FDC-42A3-9474-1A3956D46DE8}") = "SpawnBenchmark", "SpawnBenchmark", "{9EA30F02-E35A-4EB2-80D9-1C64ED4613C4}"
EndProject
Project("{9A19103F-16F7-4668-BE54-9A1E7A4F7556}") = "Proto.Actor", "src\Proto.Actor\Proto.Actor.csproj", "{7D13CCDD-6B93-45B8-BA88-761744601726}"
EndProject
Project("{2150E333-8FDC-42A3-9474-1A3956D46DE8}") = "tests", "tests", "{9AA2BCF0-19AB-4DD9-8D91-7D188E463806}"
EndProject
Project("{2150E333-8FDC-42A3-9474-1A3956D46DE8}") = "Router", "Router", "{DF1B4E58-8B85-49F0-A75B-5DC231D0FB8F}"
EndProject
Project("{2150E333-8FDC-42A3-9474-1A3956D46DE8}") = "MailboxBenchmark", "MailboxBenchmark", "{99C3129A-1DD2-45BE-A6C0-3B7A04CD6D33}"
EndProject
Project("{9A19103F-16F7-4668-BE54-9A1E7A4F7556}") = "MailboxBenchmark", "examples\MailboxBenchmark\MailboxBenchmark.csproj", "{14B4D6B3-C458-4EEF-8D00-178272E2DE30}"
EndProject
Project("{2150E333-8FDC-42A3-9474-1A3956D46DE8}") = "Middleware", "Middleware", "{AFF0BC22-B7E5-43C2-AB4F-5BBBF688C3F3}"
EndProject
Project("{9A19103F-16F7-4668-BE54-9A1E7A4F7556}") = "Proto.Actor.Tests", "tests\Proto.Actor.Tests\Proto.Actor.Tests.csproj", "{6A8DB932-5230-4179-A3F0-291407E0419D}"
EndProject
Project("{9A19103F-16F7-4668-BE54-9A1E7A4F7556}") = "Proto.Remote", "src\Proto.Remote\Proto.Remote.csproj", "{4494E76E-16AC-4A7B-A2B8-A9B2D0568630}"
EndProject
Project("{9A19103F-16F7-4668-BE54-9A1E7A4F7556}") = "Proto.Router", "src\Proto.Router\Proto.Router.csproj", "{8C10C7BB-5A7B-494A-9428-A3F11AA4B374}"
EndProject
Project("{9A19103F-16F7-4668-BE54-9A1E7A4F7556}") = "Router", "examples\Router\Router.csproj", "{571A1CB9-2819-4FCD-A721-DB9AD63CC444}"
EndProject
Project("{9A19103F-16F7-4668-BE54-9A1E7A4F7556}") = "Proto.Persistence", "src\Proto.Persistence\Proto.Persistence.csproj", "{30AAE00A-7FB9-43AC-8304-B824C0F097F2}"
EndProject
Project("{2150E333-8FDC-42A3-9474-1A3956D46DE8}") = "Persistence", "Persistence", "{8622758C-75DB-4067-AB13-7D9531A16E9E}"
EndProject
Project("{9A19103F-16F7-4668-BE54-9A1E7A4F7556}") = "Persistence", "examples\Persistence\Persistence\Persistence.csproj", "{2F58942D-7C9F-49B3-8560-5AE786A177CA}"
EndProject
Project("{9A19103F-16F7-4668-BE54-9A1E7A4F7556}") = "Messages", "examples\Persistence\Messages\Messages.csproj", "{43E1097C-A356-4740-B4B1-A5AFC486CA8C}"
EndProject
Project("{2150E333-8FDC-42A3-9474-1A3956D46DE8}") = "PersistenceProviders", "PersistenceProviders", "{7AF64900-EA34-4A93-9514-FEBC4648E39E}"
EndProject
Project("{9A19103F-16F7-4668-BE54-9A1E7A4F7556}") = "Proto.Persistence.Couchbase", "src\PersistenceProviders\Proto.Persistence.Couchbase\Proto.Persistence.Couchbase.csproj", "{89ED6E98-BB85-4B82-907A-D5EC5422C740}"
EndProject
Project("{9A19103F-16F7-4668-BE54-9A1E7A4F7556}") = "Node1", "examples\RemoteBenchmark\Node1\Node1.csproj", "{A003CCAB-BE2A-4A8A-A858-A4FAE08B5F89}"
EndProject
Project("{2150E333-8FDC-42A3-9474-1A3956D46DE8}") = "InprocessBenchmark", "InprocessBenchmark", "{768E2FB6-A663-4D6A-A791-B2E1AF7296AF}"
EndProject
Project("{9A19103F-16F7-4668-BE54-9A1E7A4F7556}") = "InprocessBenchmark", "examples\InprocessBenchmark\InprocessBenchmark.csproj", "{2C02A779-3805-42D3-A8F6-12940E6BDF34}"
EndProject
Project("{2150E333-8FDC-42A3-9474-1A3956D46DE8}") = "ReceiveTimeout", "ReceiveTimeout", "{C78E50DC-8D65-4117-9B3E-BFA3F4A8101E}"
EndProject
Project("{9A19103F-16F7-4668-BE54-9A1E7A4F7556}") = "ReceiveTimeout", "examples\ReceiveTimeout\ReceiveTimeout.csproj", "{AC11D152-F1FD-4A48-A0DC-0B315D507457}"
EndProject
Project("{9A19103F-16F7-4668-BE54-9A1E7A4F7556}") = "Proto.Mailbox", "src\Proto.Mailbox\Proto.Mailbox.csproj", "{7B1E82F7-270F-40F0-AF76-3FA54EF79124}"
EndProject
Project("{9A19103F-16F7-4668-BE54-9A1E7A4F7556}") = "Middleware", "examples\Middleware\Middleware.csproj", "{3378E8AC-72C6-4A19-8061-C22CC390EE09}"
EndProject
Project("{2150E333-8FDC-42A3-9474-1A3956D46DE8}") = "Futures", "Futures", "{F045416D-2BFA-4048-AB1D-D908F4566F75}"
EndProject
Project("{9A19103F-16F7-4668-BE54-9A1E7A4F7556}") = "Futures", "examples\Futures\Futures.csproj", "{9DA55746-E70B-4B37-972C-F0745AF151DE}"
EndProject
Project("{2150E333-8FDC-42A3-9474-1A3956D46DE8}") = "HelloWorld", "HelloWorld", "{02D69941-5D89-4F54-9876-D5EC06B214A1}"
EndProject
Project("{9A19103F-16F7-4668-BE54-9A1E7A4F7556}") = "HelloWorld", "examples\HelloWorld\HelloWorld.csproj", "{84180640-21F6-4EB4-AF37-16481F93933E}"
EndProject
Project("{2150E333-8FDC-42A3-9474-1A3956D46DE8}") = "Chat", "Chat", "{7C1624BB-71C7-4F2F-8A2F-84C1E7B034A4}"
EndProject
Project("{9A19103F-16F7-4668-BE54-9A1E7A4F7556}") = "Client", "examples\Chat\Client\Client.csproj", "{DAFD0819-5CE9-40AF-AFAE-D149B4EFB09F}"
EndProject
Project("{9A19103F-16F7-4668-BE54-9A1E7A4F7556}") = "Server", "examples\Chat\Server\Server.csproj", "{BB91F8FB-412B-420F-90DA-6DCB970CEA74}"
EndProject
Project("{9A19103F-16F7-4668-BE54-9A1E7A4F7556}") = "Chat.Messages", "examples\Chat\Messages\Chat.Messages.csproj", "{08EB688D-2E71-4C78-BB50-797AAC310650}"
EndProject
Project("{2150E333-8FDC-42A3-9474-1A3956D46DE8}") = "LifecycleEvents", "LifecycleEvents", "{7C0D5FCB-D7B0-42F7-97D5-86A044927503}"
EndProject
Project("{2150E333-8FDC-42A3-9474-1A3956D46DE8}") = "Supervision", "Supervision", "{660167A8-008A-45D1-B489-AF49907895ED}"
EndProject
Project("{9A19103F-16F7-4668-BE54-9A1E7A4F7556}") = "Supervision", "examples\Supervision\Supervision.csproj", "{84C778CD-2290-4011-8E21-312BE9DC7350}"
EndProject
Project("{9A19103F-16F7-4668-BE54-9A1E7A4F7556}") = "LifecycleEvents", "examples\LifecycleEvents\LifecycleEvents.csproj", "{593AD0C1-687B-4D43-AE3C-A7786B718EB5}"
EndProject
Project("{9A19103F-16F7-4668-BE54-9A1E7A4F7556}") = "Proto.Mailbox.Tests", "tests\Proto.Mailbox.Tests\Proto.Mailbox.Tests.csproj", "{19311B7A-5B7B-4544-B8A2-0C98D7A7051A}"
EndProject
Project("{9A19103F-16F7-4668-BE54-9A1E7A4F7556}") = "Proto.Persistence.Tests", "tests\Proto.Persistence.Tests\Proto.Persistence.Tests.csproj", "{848E5CE2-D894-4321-8961-3521D3F2233C}"
EndProject
Project("{9A19103F-16F7-4668-BE54-9A1E7A4F7556}") = "Proto.TestFixtures", "tests\Proto.TestFixtures\Proto.TestFixtures.csproj", "{BEAC63DD-5701-4B33-8155-5218B9761A70}"
EndProject
Project("{9A19103F-16F7-4668-BE54-9A1E7A4F7556}") = "Proto.Cluster", "src\Proto.Cluster\Proto.Cluster.csproj", "{31517A92-5B06-434B-8BA2-597ECD3DEBA5}"
EndProject
Project("{9A19103F-16F7-4668-BE54-9A1E7A4F7556}") = "Proto.Persistence.RavenDB", "src\PersistenceProviders\Proto.Persistence.RavenDB\Proto.Persistence.RavenDB.csproj", "{3ACE539B-0BE6-4CC3-9016-52F902BF25EC}"
EndProject
Project("{9A19103F-16F7-4668-BE54-9A1E7A4F7556}") = "Proto.Persistence.Marten", "src\PersistenceProviders\Proto.Persistence.Marten\Proto.Persistence.Marten.csproj", "{D68E7578-BCB0-49AE-B434-F080F6D334AB}"
EndProject
Project("{2150E333-8FDC-42A3-9474-1A3956D46DE8}") = "ClusterHelloWorld", "ClusterHelloWorld", "{AC12A8DF-9992-4B42-B016-62573DB36421}"
EndProject
Project("{9A19103F-16F7-4668-BE54-9A1E7A4F7556}") = "Messages", "examples\ClusterHelloWorld\Messages\Messages.csproj", "{B829E4C2-5D3E-4B31-87DD-3498EEEA78A8}"
EndProject
Project("{9A19103F-16F7-4668-BE54-9A1E7A4F7556}") = "Node1", "examples\ClusterHelloWorld\Node1\Node1.csproj", "{8E7D6BB1-BA5C-494E-AA30-0D71B7AA4F28}"
EndProject
Project("{9A19103F-16F7-4668-BE54-9A1E7A4F7556}") = "Node2", "examples\ClusterHelloWorld\Node2\Node2.csproj", "{99941C02-5A9E-43F2-AA7B-42645DBB6907}"
EndProject
Project("{2150E333-8FDC-42A3-9474-1A3956D46DE8}") = "ClusterProviders", "ClusterProviders", "{3A922679-370D-42DC-850B-3F799DE0C803}"
EndProject
Project("{9A19103F-16F7-4668-BE54-9A1E7A4F7556}") = "Proto.Cluster.Consul", "src\ClusterProviders\Proto.Cluster.Consul\Proto.Cluster.Consul.csproj", "{95137AC0-8F7B-4CC0-A10B-E985927CCAB7}"
EndProject
Project("{9A19103F-16F7-4668-BE54-9A1E7A4F7556}") = "Proto.Router.Tests", "tests\Proto.Router.Tests\Proto.Router.Tests.csproj", "{3D0EE7EB-3C1F-4293-A6C1-47AFABCB0D6D}"
EndProject
Project("{2150E333-8FDC-42A3-9474-1A3956D46DE8}") = "Schedulers", "Schedulers", "{B8758582-BE0B-42A9-9543-D749D0C15ECE}"
EndProject
Project("{9A19103F-16F7-4668-BE54-9A1E7A4F7556}") = "Proto.Persistence.MongoDB", "src\PersistenceProviders\Proto.Persistence.MongoDB\Proto.Persistence.MongoDB.csproj", "{632CC904-A74F-470E-BD50-0F225BE3B2E9}"
EndProject
Project("{9A19103F-16F7-4668-BE54-9A1E7A4F7556}") = "Proto.Remote.Tests.Node", "tests\Proto.Remote.Tests.Node\Proto.Remote.Tests.Node.csproj", "{52AB5DB0-D8CC-451C-9098-A633588F7A94}"
EndProject
Project("{2150E333-8FDC-42A3-9474-1A3956D46DE8}") = "Schedulers", "Schedulers", "{EE21AEE2-C0DC-40B3-961B-B6317022E5C4}"
EndProject
Project("{9A19103F-16F7-4668-BE54-9A1E7A4F7556}") = "Proto.Persistence.SqlServer", "src\PersistenceProviders\Proto.Persistence.SqlServer\Proto.Persistence.SqlServer.csproj", "{7C991DD1-9793-4AE1-8098-74D521CE999C}"
EndProject
Project("{9A19103F-16F7-4668-BE54-9A1E7A4F7556}") = "SimpleScheduler", "examples\Schedulers\SimpleScheduler\SimpleScheduler.csproj", "{C9728C04-AD41-435F-9841-2429476C7AB0}"
EndProject
Project("{9A19103F-16F7-4668-BE54-9A1E7A4F7556}") = "Proto.Persistence.Sqlite", "src\PersistenceProviders\Proto.Persistence.Sqlite\Proto.Persistence.Sqlite.csproj", "{F2CCA870-6D3E-46F0-921D-D5012507FECA}"
EndProject
Project("{9A19103F-16F7-4668-BE54-9A1E7A4F7556}") = "Proto.Schedulers.SimpleScheduler", "src\Schedulers\Proto.Scheduler.SimpleScheduler\Proto.Schedulers.SimpleScheduler.csproj", "{7BF5C7E6-0DE4-45D7-A340-E90272C54E7C}"
EndProject
Project("{9A19103F-16F7-4668-BE54-9A1E7A4F7556}") = "Proto.Remote.Tests.Messages", "tests\Proto.Remote.Tests.Messages\Proto.Remote.Tests.Messages.csproj", "{68867B24-B794-4C28-A9FC-BD6D86B19750}"
EndProject
Project("{9A19103F-16F7-4668-BE54-9A1E7A4F7556}") = "Proto.Actor.Extensions", "src\Proto.Actor.Extensions\Proto.Actor.Extensions.csproj", "{525C3F5D-0AF1-4346-8760-7CFF1B71F8A0}"
EndProject
Project("{9A19103F-16F7-4668-BE54-9A1E7A4F7556}") = "Proto.Remote.Tests", "tests\Proto.Remote.Tests\Proto.Remote.Tests.csproj", "{62D3B49D-F51A-4B80-88C4-76C2CD583DC9}"
EndProject
Project("{2150E333-8FDC-42A3-9474-1A3956D46DE8}") = "DependencyInjection", "DependencyInjection", "{7A539387-3FFF-426D-9A12-C1B9FFD30CA1}"
EndProject
Project("{2150E333-8FDC-42A3-9474-1A3956D46DE8}") = "Contrib", "Contrib", "{F28FACFE-385A-42DB-81BA-595BDD3A87D4}"
EndProject
Project("{9A19103F-16F7-4668-BE54-9A1E7A4F7556}") = "DependencyInjection", "examples\DependencyInjection\DependencyInjection.csproj", "{506C2213-CAF6-443E-88C1-B49374AFEE20}"
EndProject
Project("{9A19103F-16F7-4668-BE54-9A1E7A4F7556}") = "Node2", "examples\ClusterGrainHelloWorld\Node2\Node2.csproj", "{241E01BD-1766-4CFE-B376-EF9942F40A8B}"
EndProject
Project("{9A19103F-16F7-4668-BE54-9A1E7A4F7556}") = "Node1", "examples\ClusterGrainHelloWorld\Node1\Node1.csproj", "{74D34B79-3F9F-4498-8597-B056E8DF714F}"
EndProject
Project("{2150E333-8FDC-42A3-9474-1A3956D46DE8}") = "ClusterGrainHelloWorld", "ClusterGrainHelloWorld", "{21D5885E-9193-4468-9438-65DE8474A673}"
EndProject
Project("{9A19103F-16F7-4668-BE54-9A1E7A4F7556}") = "Messages", "examples\ClusterGrainHelloWorld\Messages\Messages.csproj", "{793CC5BC-71B5-441C-A37B-2E7A893C34FF}"
EndProject
Project("{2150E333-8FDC-42A3-9474-1A3956D46DE8}") = "protobuf", "protobuf", "{6D996E5A-5A15-4A5D-97F6-C01F619E3177}"
EndProject
Project("{9A19103F-16F7-4668-BE54-9A1E7A4F7556}") = "ProtoGrainGenerator", "protobuf\ProtoGrainGenerator\ProtoGrainGenerator.csproj", "{E686C93C-5853-44CC-A331-958396DADF64}"
EndProject
Project("{9A19103F-16F7-4668-BE54-9A1E7A4F7556}") = "Proto.Serialization.Wire", "src\Proto.Serialization.Wire\Proto.Serialization.Wire.csproj", "{A59CCE39-ED01-437A-A669-6D07673862B4}"
EndProject
Project("{2150E333-8FDC-42A3-9474-1A3956D46DE8}") = "RemoteBenchmarkWireSerializer", "RemoteBenchmarkWireSerializer", "{55AA9959-F17A-4656-9468-8D6D55230C81}"
EndProject
Project("{9A19103F-16F7-4668-BE54-9A1E7A4F7556}") = "Messages", "examples\RemoteBenchmarkWireSerializer\Messages\Messages.csproj", "{CE2F0C04-4255-4027-9985-D193FAEF354D}"
EndProject
Project("{9A19103F-16F7-4668-BE54-9A1E7A4F7556}") = "Node1", "examples\RemoteBenchmarkWireSerializer\Node1\Node1.csproj", "{355E7552-BEDB-44DF-8AA1-68AF4188DC36}"
EndProject
Project("{9A19103F-16F7-4668-BE54-9A1E7A4F7556}") = "Node2", "examples\RemoteBenchmarkWireSerializer\Node2\Node2.csproj", "{39E5BF1E-EE5A-4986-A9B3-A8EC77C326C5}"
EndProject
Project("{9A19103F-16F7-4668-BE54-9A1E7A4F7556}") = "Proto.Persistence.DynamoDB", "src\PersistenceProviders\Proto.Persistence.DynamoDB\Proto.Persistence.DynamoDB.csproj", "{4234384F-5DA4-4EEF-A727-08C67BDB7651}"
EndProject
Project("{9A19103F-16F7-4668-BE54-9A1E7A4F7556}") = "EscalateSupervision", "examples\EscalateSupervision\EscalateSupervision.csproj", "{837CDD41-BEA3-4C7D-957F-3B4AFE3B14DB}"
EndProject
Project("{9A19103F-16F7-4668-BE54-9A1E7A4F7556}") = "Proto.Cluster.Tests", "tests\Proto.Cluster.Tests\Proto.Cluster.Tests.csproj", "{9DE48E83-DF4E-4C5F-9BC8-CB05C646FC43}"
EndProject
Project("{9A19103F-16F7-4668-BE54-9A1E7A4F7556}") = "Messages", "examples\ClusterStabilityTest\Messages\Messages.csproj", "{487A5DE1-FAC2-4807-AAF8-412D0E6ABFD6}"
EndProject
Project("{9A19103F-16F7-4668-BE54-9A1E7A4F7556}") = "TestApp", "examples\ClusterStabilityTest\Node1\TestApp.csproj", "{53BE6CA9-250A-46A5-8EEC-0FAEFC45244A}"
EndProject
Project("{2150E333-8FDC-42A3-9474-1A3956D46DE8}") = "debugging", "debugging", "{D63BF256-6D6C-4ECF-A9A6-F5274DDAF834}"
EndProject
Project("{2150E333-8FDC-42A3-9474-1A3956D46DE8}") = "ClusterStabilityTest", "ClusterStabilityTest", "{8C82157C-D677-4C6E-A972-614C4C835460}"
EndProject
Project("{2150E333-8FDC-42A3-9474-1A3956D46DE8}") = "MemberStrategies", "MemberStrategies", "{B58BB158-8053-48B3-B2FE-4C6D168D7354}"
EndProject
Project("{9A19103F-16F7-4668-BE54-9A1E7A4F7556}") = "Proto.Cluster.WeightedMemberStrategy", "src\MemberStrategies\WeightedMemberStrategy\Proto.Cluster.WeightedMemberStrategy.csproj", "{EBB8268F-095A-49C9-807B-8E7D598C54E7}"
EndProject
Project("{9A19103F-16F7-4668-BE54-9A1E7A4F7556}") = "Proto.Actor.Extensions.Tests", "tests\Proto.Actor.Extensions.Tests\Proto.Actor.Extensions.Tests.csproj", "{2C6DB234-42A7-4747-B67F-7F8038A139A7}"
EndProject
Project("{9A19103F-16F7-4668-BE54-9A1E7A4F7556}") = "Proto.Cluster.SingleRemoteInstance", "src\ClusterProviders\Proto.Cluster.SingleRemoteInstance\Proto.Cluster.SingleRemoteInstance.csproj", "{C4673A80-204F-4005-8BA8-84C2D4163EE5}"
EndProject
Project("{9A19103F-16F7-4668-BE54-9A1E7A4F7556}") = "ContextDecorators", "examples\ContextDecorators\ContextDecorators.csproj", "{8705E498-3F5C-41DE-9CCD-FE99104FFF2D}"
EndProject
Project("{2150E333-8FDC-42A3-9474-1A3956D46DE8}") = "ContextDecorators", "ContextDecorators", "{6AD72F65-94AF-49DA-BADC-5647ED48D083}"
EndProject
Project("{2150E333-8FDC-42A3-9474-1A3956D46DE8}") = "Tracing", "Tracing", "{D742ECD1-3DF1-48D0-85CB-3CC5911438A2}"
EndProject
Project("{9A19103F-16F7-4668-BE54-9A1E7A4F7556}") = "Proto.OpenTracing", "src\Tracing\Proto.OpenTracing\Proto.OpenTracing.csproj", "{7DDD4504-5CB6-45E1-9BEA-0BEF3AC00FEF}"
EndProject
Project("{9A19103F-16F7-4668-BE54-9A1E7A4F7556}") = "Proto.OpenTracing.Tests", "tests\Proto.OpenTracing.Tests\Proto.OpenTracing.Tests.csproj", "{1F55FD60-61D9-4210-904F-6E13947B54BD}"
EndProject
Project("{2150E333-8FDC-42A3-9474-1A3956D46DE8}") = "Tracing", "Tracing", "{1F19AC4F-31B5-40DA-B599-3F8F69731339}"
EndProject
Project("{9A19103F-16F7-4668-BE54-9A1E7A4F7556}") = "DrawNiceTrace", "examples\Tracing\DrawNiceTrace\DrawNiceTrace.csproj", "{25973551-0EE2-428A-842C-00D5EB8FBF94}"
EndProject
Global
	GlobalSection(SolutionConfigurationPlatforms) = preSolution
		Debug|Any CPU = Debug|Any CPU
		Debug|x64 = Debug|x64
		Debug|x86 = Debug|x86
		Release|Any CPU = Release|Any CPU
		Release|x64 = Release|x64
		Release|x86 = Release|x86
	EndGlobalSection
	GlobalSection(ProjectConfigurationPlatforms) = postSolution
		{55904739-71E8-478F-8BBD-9A32CAE9E01B}.Debug|Any CPU.ActiveCfg = Debug|Any CPU
		{55904739-71E8-478F-8BBD-9A32CAE9E01B}.Debug|Any CPU.Build.0 = Debug|Any CPU
		{55904739-71E8-478F-8BBD-9A32CAE9E01B}.Debug|x64.ActiveCfg = Debug|Any CPU
		{55904739-71E8-478F-8BBD-9A32CAE9E01B}.Debug|x64.Build.0 = Debug|Any CPU
		{55904739-71E8-478F-8BBD-9A32CAE9E01B}.Debug|x86.ActiveCfg = Debug|Any CPU
		{55904739-71E8-478F-8BBD-9A32CAE9E01B}.Debug|x86.Build.0 = Debug|Any CPU
		{55904739-71E8-478F-8BBD-9A32CAE9E01B}.Release|Any CPU.ActiveCfg = Release|Any CPU
		{55904739-71E8-478F-8BBD-9A32CAE9E01B}.Release|Any CPU.Build.0 = Release|Any CPU
		{55904739-71E8-478F-8BBD-9A32CAE9E01B}.Release|x64.ActiveCfg = Release|Any CPU
		{55904739-71E8-478F-8BBD-9A32CAE9E01B}.Release|x64.Build.0 = Release|Any CPU
		{55904739-71E8-478F-8BBD-9A32CAE9E01B}.Release|x86.ActiveCfg = Release|Any CPU
		{55904739-71E8-478F-8BBD-9A32CAE9E01B}.Release|x86.Build.0 = Release|Any CPU
		{DFEEF3A8-F9EB-43AE-AA73-A5FBF7402DAB}.Debug|Any CPU.ActiveCfg = Debug|Any CPU
		{DFEEF3A8-F9EB-43AE-AA73-A5FBF7402DAB}.Debug|Any CPU.Build.0 = Debug|Any CPU
		{DFEEF3A8-F9EB-43AE-AA73-A5FBF7402DAB}.Debug|x64.ActiveCfg = Debug|Any CPU
		{DFEEF3A8-F9EB-43AE-AA73-A5FBF7402DAB}.Debug|x64.Build.0 = Debug|Any CPU
		{DFEEF3A8-F9EB-43AE-AA73-A5FBF7402DAB}.Debug|x86.ActiveCfg = Debug|Any CPU
		{DFEEF3A8-F9EB-43AE-AA73-A5FBF7402DAB}.Debug|x86.Build.0 = Debug|Any CPU
		{DFEEF3A8-F9EB-43AE-AA73-A5FBF7402DAB}.Release|Any CPU.ActiveCfg = Release|Any CPU
		{DFEEF3A8-F9EB-43AE-AA73-A5FBF7402DAB}.Release|Any CPU.Build.0 = Release|Any CPU
		{DFEEF3A8-F9EB-43AE-AA73-A5FBF7402DAB}.Release|x64.ActiveCfg = Release|Any CPU
		{DFEEF3A8-F9EB-43AE-AA73-A5FBF7402DAB}.Release|x64.Build.0 = Release|Any CPU
		{DFEEF3A8-F9EB-43AE-AA73-A5FBF7402DAB}.Release|x86.ActiveCfg = Release|Any CPU
		{DFEEF3A8-F9EB-43AE-AA73-A5FBF7402DAB}.Release|x86.Build.0 = Release|Any CPU
		{76BA8256-C071-4353-B5A3-FA0E4BC444EF}.Debug|Any CPU.ActiveCfg = Debug|Any CPU
		{76BA8256-C071-4353-B5A3-FA0E4BC444EF}.Debug|Any CPU.Build.0 = Debug|Any CPU
		{76BA8256-C071-4353-B5A3-FA0E4BC444EF}.Debug|x64.ActiveCfg = Debug|Any CPU
		{76BA8256-C071-4353-B5A3-FA0E4BC444EF}.Debug|x64.Build.0 = Debug|Any CPU
		{76BA8256-C071-4353-B5A3-FA0E4BC444EF}.Debug|x86.ActiveCfg = Debug|Any CPU
		{76BA8256-C071-4353-B5A3-FA0E4BC444EF}.Debug|x86.Build.0 = Debug|Any CPU
		{76BA8256-C071-4353-B5A3-FA0E4BC444EF}.Release|Any CPU.ActiveCfg = Release|Any CPU
		{76BA8256-C071-4353-B5A3-FA0E4BC444EF}.Release|Any CPU.Build.0 = Release|Any CPU
		{76BA8256-C071-4353-B5A3-FA0E4BC444EF}.Release|x64.ActiveCfg = Release|Any CPU
		{76BA8256-C071-4353-B5A3-FA0E4BC444EF}.Release|x64.Build.0 = Release|Any CPU
		{76BA8256-C071-4353-B5A3-FA0E4BC444EF}.Release|x86.ActiveCfg = Release|Any CPU
		{76BA8256-C071-4353-B5A3-FA0E4BC444EF}.Release|x86.Build.0 = Release|Any CPU
		{7D13CCDD-6B93-45B8-BA88-761744601726}.Debug|Any CPU.ActiveCfg = Debug|Any CPU
		{7D13CCDD-6B93-45B8-BA88-761744601726}.Debug|Any CPU.Build.0 = Debug|Any CPU
		{7D13CCDD-6B93-45B8-BA88-761744601726}.Debug|x64.ActiveCfg = Debug|Any CPU
		{7D13CCDD-6B93-45B8-BA88-761744601726}.Debug|x64.Build.0 = Debug|Any CPU
		{7D13CCDD-6B93-45B8-BA88-761744601726}.Debug|x86.ActiveCfg = Debug|Any CPU
		{7D13CCDD-6B93-45B8-BA88-761744601726}.Debug|x86.Build.0 = Debug|Any CPU
		{7D13CCDD-6B93-45B8-BA88-761744601726}.Release|Any CPU.ActiveCfg = Release|Any CPU
		{7D13CCDD-6B93-45B8-BA88-761744601726}.Release|Any CPU.Build.0 = Release|Any CPU
		{7D13CCDD-6B93-45B8-BA88-761744601726}.Release|x64.ActiveCfg = Release|Any CPU
		{7D13CCDD-6B93-45B8-BA88-761744601726}.Release|x64.Build.0 = Release|Any CPU
		{7D13CCDD-6B93-45B8-BA88-761744601726}.Release|x86.ActiveCfg = Release|Any CPU
		{7D13CCDD-6B93-45B8-BA88-761744601726}.Release|x86.Build.0 = Release|Any CPU
		{14B4D6B3-C458-4EEF-8D00-178272E2DE30}.Debug|Any CPU.ActiveCfg = Debug|Any CPU
		{14B4D6B3-C458-4EEF-8D00-178272E2DE30}.Debug|Any CPU.Build.0 = Debug|Any CPU
		{14B4D6B3-C458-4EEF-8D00-178272E2DE30}.Debug|x64.ActiveCfg = Debug|Any CPU
		{14B4D6B3-C458-4EEF-8D00-178272E2DE30}.Debug|x64.Build.0 = Debug|Any CPU
		{14B4D6B3-C458-4EEF-8D00-178272E2DE30}.Debug|x86.ActiveCfg = Debug|Any CPU
		{14B4D6B3-C458-4EEF-8D00-178272E2DE30}.Debug|x86.Build.0 = Debug|Any CPU
		{14B4D6B3-C458-4EEF-8D00-178272E2DE30}.Release|Any CPU.ActiveCfg = Release|Any CPU
		{14B4D6B3-C458-4EEF-8D00-178272E2DE30}.Release|Any CPU.Build.0 = Release|Any CPU
		{14B4D6B3-C458-4EEF-8D00-178272E2DE30}.Release|x64.ActiveCfg = Release|Any CPU
		{14B4D6B3-C458-4EEF-8D00-178272E2DE30}.Release|x64.Build.0 = Release|Any CPU
		{14B4D6B3-C458-4EEF-8D00-178272E2DE30}.Release|x86.ActiveCfg = Release|Any CPU
		{14B4D6B3-C458-4EEF-8D00-178272E2DE30}.Release|x86.Build.0 = Release|Any CPU
		{6A8DB932-5230-4179-A3F0-291407E0419D}.Debug|Any CPU.ActiveCfg = Debug|Any CPU
		{6A8DB932-5230-4179-A3F0-291407E0419D}.Debug|Any CPU.Build.0 = Debug|Any CPU
		{6A8DB932-5230-4179-A3F0-291407E0419D}.Debug|x64.ActiveCfg = Debug|Any CPU
		{6A8DB932-5230-4179-A3F0-291407E0419D}.Debug|x64.Build.0 = Debug|Any CPU
		{6A8DB932-5230-4179-A3F0-291407E0419D}.Debug|x86.ActiveCfg = Debug|Any CPU
		{6A8DB932-5230-4179-A3F0-291407E0419D}.Debug|x86.Build.0 = Debug|Any CPU
		{6A8DB932-5230-4179-A3F0-291407E0419D}.Release|Any CPU.ActiveCfg = Release|Any CPU
		{6A8DB932-5230-4179-A3F0-291407E0419D}.Release|Any CPU.Build.0 = Release|Any CPU
		{6A8DB932-5230-4179-A3F0-291407E0419D}.Release|x64.ActiveCfg = Release|Any CPU
		{6A8DB932-5230-4179-A3F0-291407E0419D}.Release|x64.Build.0 = Release|Any CPU
		{6A8DB932-5230-4179-A3F0-291407E0419D}.Release|x86.ActiveCfg = Release|Any CPU
		{6A8DB932-5230-4179-A3F0-291407E0419D}.Release|x86.Build.0 = Release|Any CPU
		{4494E76E-16AC-4A7B-A2B8-A9B2D0568630}.Debug|Any CPU.ActiveCfg = Debug|Any CPU
		{4494E76E-16AC-4A7B-A2B8-A9B2D0568630}.Debug|Any CPU.Build.0 = Debug|Any CPU
		{4494E76E-16AC-4A7B-A2B8-A9B2D0568630}.Debug|x64.ActiveCfg = Debug|Any CPU
		{4494E76E-16AC-4A7B-A2B8-A9B2D0568630}.Debug|x64.Build.0 = Debug|Any CPU
		{4494E76E-16AC-4A7B-A2B8-A9B2D0568630}.Debug|x86.ActiveCfg = Debug|Any CPU
		{4494E76E-16AC-4A7B-A2B8-A9B2D0568630}.Debug|x86.Build.0 = Debug|Any CPU
		{4494E76E-16AC-4A7B-A2B8-A9B2D0568630}.Release|Any CPU.ActiveCfg = Release|Any CPU
		{4494E76E-16AC-4A7B-A2B8-A9B2D0568630}.Release|Any CPU.Build.0 = Release|Any CPU
		{4494E76E-16AC-4A7B-A2B8-A9B2D0568630}.Release|x64.ActiveCfg = Release|Any CPU
		{4494E76E-16AC-4A7B-A2B8-A9B2D0568630}.Release|x64.Build.0 = Release|Any CPU
		{4494E76E-16AC-4A7B-A2B8-A9B2D0568630}.Release|x86.ActiveCfg = Release|Any CPU
		{4494E76E-16AC-4A7B-A2B8-A9B2D0568630}.Release|x86.Build.0 = Release|Any CPU
		{8C10C7BB-5A7B-494A-9428-A3F11AA4B374}.Debug|Any CPU.ActiveCfg = Debug|Any CPU
		{8C10C7BB-5A7B-494A-9428-A3F11AA4B374}.Debug|Any CPU.Build.0 = Debug|Any CPU
		{8C10C7BB-5A7B-494A-9428-A3F11AA4B374}.Debug|x64.ActiveCfg = Debug|Any CPU
		{8C10C7BB-5A7B-494A-9428-A3F11AA4B374}.Debug|x64.Build.0 = Debug|Any CPU
		{8C10C7BB-5A7B-494A-9428-A3F11AA4B374}.Debug|x86.ActiveCfg = Debug|Any CPU
		{8C10C7BB-5A7B-494A-9428-A3F11AA4B374}.Debug|x86.Build.0 = Debug|Any CPU
		{8C10C7BB-5A7B-494A-9428-A3F11AA4B374}.Release|Any CPU.ActiveCfg = Release|Any CPU
		{8C10C7BB-5A7B-494A-9428-A3F11AA4B374}.Release|Any CPU.Build.0 = Release|Any CPU
		{8C10C7BB-5A7B-494A-9428-A3F11AA4B374}.Release|x64.ActiveCfg = Release|Any CPU
		{8C10C7BB-5A7B-494A-9428-A3F11AA4B374}.Release|x64.Build.0 = Release|Any CPU
		{8C10C7BB-5A7B-494A-9428-A3F11AA4B374}.Release|x86.ActiveCfg = Release|Any CPU
		{8C10C7BB-5A7B-494A-9428-A3F11AA4B374}.Release|x86.Build.0 = Release|Any CPU
		{571A1CB9-2819-4FCD-A721-DB9AD63CC444}.Debug|Any CPU.ActiveCfg = Debug|Any CPU
		{571A1CB9-2819-4FCD-A721-DB9AD63CC444}.Debug|Any CPU.Build.0 = Debug|Any CPU
		{571A1CB9-2819-4FCD-A721-DB9AD63CC444}.Debug|x64.ActiveCfg = Debug|Any CPU
		{571A1CB9-2819-4FCD-A721-DB9AD63CC444}.Debug|x64.Build.0 = Debug|Any CPU
		{571A1CB9-2819-4FCD-A721-DB9AD63CC444}.Debug|x86.ActiveCfg = Debug|Any CPU
		{571A1CB9-2819-4FCD-A721-DB9AD63CC444}.Debug|x86.Build.0 = Debug|Any CPU
		{571A1CB9-2819-4FCD-A721-DB9AD63CC444}.Release|Any CPU.ActiveCfg = Release|Any CPU
		{571A1CB9-2819-4FCD-A721-DB9AD63CC444}.Release|x64.ActiveCfg = Release|Any CPU
		{571A1CB9-2819-4FCD-A721-DB9AD63CC444}.Release|x64.Build.0 = Release|Any CPU
		{571A1CB9-2819-4FCD-A721-DB9AD63CC444}.Release|x86.ActiveCfg = Release|Any CPU
		{571A1CB9-2819-4FCD-A721-DB9AD63CC444}.Release|x86.Build.0 = Release|Any CPU
		{30AAE00A-7FB9-43AC-8304-B824C0F097F2}.Debug|Any CPU.ActiveCfg = Debug|Any CPU
		{30AAE00A-7FB9-43AC-8304-B824C0F097F2}.Debug|Any CPU.Build.0 = Debug|Any CPU
		{30AAE00A-7FB9-43AC-8304-B824C0F097F2}.Debug|x64.ActiveCfg = Debug|Any CPU
		{30AAE00A-7FB9-43AC-8304-B824C0F097F2}.Debug|x64.Build.0 = Debug|Any CPU
		{30AAE00A-7FB9-43AC-8304-B824C0F097F2}.Debug|x86.ActiveCfg = Debug|Any CPU
		{30AAE00A-7FB9-43AC-8304-B824C0F097F2}.Debug|x86.Build.0 = Debug|Any CPU
		{30AAE00A-7FB9-43AC-8304-B824C0F097F2}.Release|Any CPU.ActiveCfg = Release|Any CPU
		{30AAE00A-7FB9-43AC-8304-B824C0F097F2}.Release|Any CPU.Build.0 = Release|Any CPU
		{30AAE00A-7FB9-43AC-8304-B824C0F097F2}.Release|x64.ActiveCfg = Release|Any CPU
		{30AAE00A-7FB9-43AC-8304-B824C0F097F2}.Release|x64.Build.0 = Release|Any CPU
		{30AAE00A-7FB9-43AC-8304-B824C0F097F2}.Release|x86.ActiveCfg = Release|Any CPU
		{30AAE00A-7FB9-43AC-8304-B824C0F097F2}.Release|x86.Build.0 = Release|Any CPU
		{2F58942D-7C9F-49B3-8560-5AE786A177CA}.Debug|Any CPU.ActiveCfg = Debug|Any CPU
		{2F58942D-7C9F-49B3-8560-5AE786A177CA}.Debug|Any CPU.Build.0 = Debug|Any CPU
		{2F58942D-7C9F-49B3-8560-5AE786A177CA}.Debug|x64.ActiveCfg = Debug|Any CPU
		{2F58942D-7C9F-49B3-8560-5AE786A177CA}.Debug|x64.Build.0 = Debug|Any CPU
		{2F58942D-7C9F-49B3-8560-5AE786A177CA}.Debug|x86.ActiveCfg = Debug|Any CPU
		{2F58942D-7C9F-49B3-8560-5AE786A177CA}.Debug|x86.Build.0 = Debug|Any CPU
		{2F58942D-7C9F-49B3-8560-5AE786A177CA}.Release|Any CPU.ActiveCfg = Release|Any CPU
		{2F58942D-7C9F-49B3-8560-5AE786A177CA}.Release|Any CPU.Build.0 = Release|Any CPU
		{2F58942D-7C9F-49B3-8560-5AE786A177CA}.Release|x64.ActiveCfg = Release|Any CPU
		{2F58942D-7C9F-49B3-8560-5AE786A177CA}.Release|x64.Build.0 = Release|Any CPU
		{2F58942D-7C9F-49B3-8560-5AE786A177CA}.Release|x86.ActiveCfg = Release|Any CPU
		{2F58942D-7C9F-49B3-8560-5AE786A177CA}.Release|x86.Build.0 = Release|Any CPU
		{43E1097C-A356-4740-B4B1-A5AFC486CA8C}.Debug|Any CPU.ActiveCfg = Debug|Any CPU
		{43E1097C-A356-4740-B4B1-A5AFC486CA8C}.Debug|Any CPU.Build.0 = Debug|Any CPU
		{43E1097C-A356-4740-B4B1-A5AFC486CA8C}.Debug|x64.ActiveCfg = Debug|Any CPU
		{43E1097C-A356-4740-B4B1-A5AFC486CA8C}.Debug|x64.Build.0 = Debug|Any CPU
		{43E1097C-A356-4740-B4B1-A5AFC486CA8C}.Debug|x86.ActiveCfg = Debug|Any CPU
		{43E1097C-A356-4740-B4B1-A5AFC486CA8C}.Debug|x86.Build.0 = Debug|Any CPU
		{43E1097C-A356-4740-B4B1-A5AFC486CA8C}.Release|Any CPU.ActiveCfg = Release|Any CPU
		{43E1097C-A356-4740-B4B1-A5AFC486CA8C}.Release|Any CPU.Build.0 = Release|Any CPU
		{43E1097C-A356-4740-B4B1-A5AFC486CA8C}.Release|x64.ActiveCfg = Release|Any CPU
		{43E1097C-A356-4740-B4B1-A5AFC486CA8C}.Release|x64.Build.0 = Release|Any CPU
		{43E1097C-A356-4740-B4B1-A5AFC486CA8C}.Release|x86.ActiveCfg = Release|Any CPU
		{43E1097C-A356-4740-B4B1-A5AFC486CA8C}.Release|x86.Build.0 = Release|Any CPU
		{89ED6E98-BB85-4B82-907A-D5EC5422C740}.Debug|Any CPU.ActiveCfg = Debug|Any CPU
		{89ED6E98-BB85-4B82-907A-D5EC5422C740}.Debug|Any CPU.Build.0 = Debug|Any CPU
		{89ED6E98-BB85-4B82-907A-D5EC5422C740}.Debug|x64.ActiveCfg = Debug|Any CPU
		{89ED6E98-BB85-4B82-907A-D5EC5422C740}.Debug|x64.Build.0 = Debug|Any CPU
		{89ED6E98-BB85-4B82-907A-D5EC5422C740}.Debug|x86.ActiveCfg = Debug|Any CPU
		{89ED6E98-BB85-4B82-907A-D5EC5422C740}.Debug|x86.Build.0 = Debug|Any CPU
		{89ED6E98-BB85-4B82-907A-D5EC5422C740}.Release|Any CPU.ActiveCfg = Release|Any CPU
		{89ED6E98-BB85-4B82-907A-D5EC5422C740}.Release|Any CPU.Build.0 = Release|Any CPU
		{89ED6E98-BB85-4B82-907A-D5EC5422C740}.Release|x64.ActiveCfg = Release|Any CPU
		{89ED6E98-BB85-4B82-907A-D5EC5422C740}.Release|x64.Build.0 = Release|Any CPU
		{89ED6E98-BB85-4B82-907A-D5EC5422C740}.Release|x86.ActiveCfg = Release|Any CPU
		{89ED6E98-BB85-4B82-907A-D5EC5422C740}.Release|x86.Build.0 = Release|Any CPU
		{A003CCAB-BE2A-4A8A-A858-A4FAE08B5F89}.Debug|Any CPU.ActiveCfg = Debug|Any CPU
		{A003CCAB-BE2A-4A8A-A858-A4FAE08B5F89}.Debug|Any CPU.Build.0 = Debug|Any CPU
		{A003CCAB-BE2A-4A8A-A858-A4FAE08B5F89}.Debug|x64.ActiveCfg = Debug|Any CPU
		{A003CCAB-BE2A-4A8A-A858-A4FAE08B5F89}.Debug|x64.Build.0 = Debug|Any CPU
		{A003CCAB-BE2A-4A8A-A858-A4FAE08B5F89}.Debug|x86.ActiveCfg = Debug|Any CPU
		{A003CCAB-BE2A-4A8A-A858-A4FAE08B5F89}.Debug|x86.Build.0 = Debug|Any CPU
		{A003CCAB-BE2A-4A8A-A858-A4FAE08B5F89}.Release|Any CPU.ActiveCfg = Release|Any CPU
		{A003CCAB-BE2A-4A8A-A858-A4FAE08B5F89}.Release|Any CPU.Build.0 = Release|Any CPU
		{A003CCAB-BE2A-4A8A-A858-A4FAE08B5F89}.Release|x64.ActiveCfg = Release|Any CPU
		{A003CCAB-BE2A-4A8A-A858-A4FAE08B5F89}.Release|x64.Build.0 = Release|Any CPU
		{A003CCAB-BE2A-4A8A-A858-A4FAE08B5F89}.Release|x86.ActiveCfg = Release|Any CPU
		{A003CCAB-BE2A-4A8A-A858-A4FAE08B5F89}.Release|x86.Build.0 = Release|Any CPU
		{2C02A779-3805-42D3-A8F6-12940E6BDF34}.Debug|Any CPU.ActiveCfg = Debug|Any CPU
		{2C02A779-3805-42D3-A8F6-12940E6BDF34}.Debug|Any CPU.Build.0 = Debug|Any CPU
		{2C02A779-3805-42D3-A8F6-12940E6BDF34}.Debug|x64.ActiveCfg = Debug|Any CPU
		{2C02A779-3805-42D3-A8F6-12940E6BDF34}.Debug|x64.Build.0 = Debug|Any CPU
		{2C02A779-3805-42D3-A8F6-12940E6BDF34}.Debug|x86.ActiveCfg = Debug|Any CPU
		{2C02A779-3805-42D3-A8F6-12940E6BDF34}.Debug|x86.Build.0 = Debug|Any CPU
		{2C02A779-3805-42D3-A8F6-12940E6BDF34}.Release|Any CPU.ActiveCfg = Release|Any CPU
		{2C02A779-3805-42D3-A8F6-12940E6BDF34}.Release|Any CPU.Build.0 = Release|Any CPU
		{2C02A779-3805-42D3-A8F6-12940E6BDF34}.Release|x64.ActiveCfg = Release|Any CPU
		{2C02A779-3805-42D3-A8F6-12940E6BDF34}.Release|x64.Build.0 = Release|Any CPU
		{2C02A779-3805-42D3-A8F6-12940E6BDF34}.Release|x86.ActiveCfg = Release|Any CPU
		{2C02A779-3805-42D3-A8F6-12940E6BDF34}.Release|x86.Build.0 = Release|Any CPU
		{AC11D152-F1FD-4A48-A0DC-0B315D507457}.Debug|Any CPU.ActiveCfg = Debug|Any CPU
		{AC11D152-F1FD-4A48-A0DC-0B315D507457}.Debug|Any CPU.Build.0 = Debug|Any CPU
		{AC11D152-F1FD-4A48-A0DC-0B315D507457}.Debug|x64.ActiveCfg = Debug|Any CPU
		{AC11D152-F1FD-4A48-A0DC-0B315D507457}.Debug|x64.Build.0 = Debug|Any CPU
		{AC11D152-F1FD-4A48-A0DC-0B315D507457}.Debug|x86.ActiveCfg = Debug|Any CPU
		{AC11D152-F1FD-4A48-A0DC-0B315D507457}.Debug|x86.Build.0 = Debug|Any CPU
		{AC11D152-F1FD-4A48-A0DC-0B315D507457}.Release|Any CPU.ActiveCfg = Release|Any CPU
		{AC11D152-F1FD-4A48-A0DC-0B315D507457}.Release|Any CPU.Build.0 = Release|Any CPU
		{AC11D152-F1FD-4A48-A0DC-0B315D507457}.Release|x64.ActiveCfg = Release|Any CPU
		{AC11D152-F1FD-4A48-A0DC-0B315D507457}.Release|x64.Build.0 = Release|Any CPU
		{AC11D152-F1FD-4A48-A0DC-0B315D507457}.Release|x86.ActiveCfg = Release|Any CPU
		{AC11D152-F1FD-4A48-A0DC-0B315D507457}.Release|x86.Build.0 = Release|Any CPU
		{7B1E82F7-270F-40F0-AF76-3FA54EF79124}.Debug|Any CPU.ActiveCfg = Debug|Any CPU
		{7B1E82F7-270F-40F0-AF76-3FA54EF79124}.Debug|Any CPU.Build.0 = Debug|Any CPU
		{7B1E82F7-270F-40F0-AF76-3FA54EF79124}.Debug|x64.ActiveCfg = Debug|Any CPU
		{7B1E82F7-270F-40F0-AF76-3FA54EF79124}.Debug|x64.Build.0 = Debug|Any CPU
		{7B1E82F7-270F-40F0-AF76-3FA54EF79124}.Debug|x86.ActiveCfg = Debug|Any CPU
		{7B1E82F7-270F-40F0-AF76-3FA54EF79124}.Debug|x86.Build.0 = Debug|Any CPU
		{7B1E82F7-270F-40F0-AF76-3FA54EF79124}.Release|Any CPU.ActiveCfg = Release|Any CPU
		{7B1E82F7-270F-40F0-AF76-3FA54EF79124}.Release|Any CPU.Build.0 = Release|Any CPU
		{7B1E82F7-270F-40F0-AF76-3FA54EF79124}.Release|x64.ActiveCfg = Release|Any CPU
		{7B1E82F7-270F-40F0-AF76-3FA54EF79124}.Release|x64.Build.0 = Release|Any CPU
		{7B1E82F7-270F-40F0-AF76-3FA54EF79124}.Release|x86.ActiveCfg = Release|Any CPU
		{7B1E82F7-270F-40F0-AF76-3FA54EF79124}.Release|x86.Build.0 = Release|Any CPU
		{3378E8AC-72C6-4A19-8061-C22CC390EE09}.Debug|Any CPU.ActiveCfg = Debug|Any CPU
		{3378E8AC-72C6-4A19-8061-C22CC390EE09}.Debug|Any CPU.Build.0 = Debug|Any CPU
		{3378E8AC-72C6-4A19-8061-C22CC390EE09}.Debug|x64.ActiveCfg = Debug|Any CPU
		{3378E8AC-72C6-4A19-8061-C22CC390EE09}.Debug|x64.Build.0 = Debug|Any CPU
		{3378E8AC-72C6-4A19-8061-C22CC390EE09}.Debug|x86.ActiveCfg = Debug|Any CPU
		{3378E8AC-72C6-4A19-8061-C22CC390EE09}.Debug|x86.Build.0 = Debug|Any CPU
		{3378E8AC-72C6-4A19-8061-C22CC390EE09}.Release|Any CPU.ActiveCfg = Release|Any CPU
		{3378E8AC-72C6-4A19-8061-C22CC390EE09}.Release|Any CPU.Build.0 = Release|Any CPU
		{3378E8AC-72C6-4A19-8061-C22CC390EE09}.Release|x64.ActiveCfg = Release|Any CPU
		{3378E8AC-72C6-4A19-8061-C22CC390EE09}.Release|x64.Build.0 = Release|Any CPU
		{3378E8AC-72C6-4A19-8061-C22CC390EE09}.Release|x86.ActiveCfg = Release|Any CPU
		{3378E8AC-72C6-4A19-8061-C22CC390EE09}.Release|x86.Build.0 = Release|Any CPU
		{9DA55746-E70B-4B37-972C-F0745AF151DE}.Debug|Any CPU.ActiveCfg = Debug|Any CPU
		{9DA55746-E70B-4B37-972C-F0745AF151DE}.Debug|Any CPU.Build.0 = Debug|Any CPU
		{9DA55746-E70B-4B37-972C-F0745AF151DE}.Debug|x64.ActiveCfg = Debug|Any CPU
		{9DA55746-E70B-4B37-972C-F0745AF151DE}.Debug|x64.Build.0 = Debug|Any CPU
		{9DA55746-E70B-4B37-972C-F0745AF151DE}.Debug|x86.ActiveCfg = Debug|Any CPU
		{9DA55746-E70B-4B37-972C-F0745AF151DE}.Debug|x86.Build.0 = Debug|Any CPU
		{9DA55746-E70B-4B37-972C-F0745AF151DE}.Release|Any CPU.ActiveCfg = Release|Any CPU
		{9DA55746-E70B-4B37-972C-F0745AF151DE}.Release|Any CPU.Build.0 = Release|Any CPU
		{9DA55746-E70B-4B37-972C-F0745AF151DE}.Release|x64.ActiveCfg = Release|Any CPU
		{9DA55746-E70B-4B37-972C-F0745AF151DE}.Release|x64.Build.0 = Release|Any CPU
		{9DA55746-E70B-4B37-972C-F0745AF151DE}.Release|x86.ActiveCfg = Release|Any CPU
		{9DA55746-E70B-4B37-972C-F0745AF151DE}.Release|x86.Build.0 = Release|Any CPU
		{84180640-21F6-4EB4-AF37-16481F93933E}.Debug|Any CPU.ActiveCfg = Debug|Any CPU
		{84180640-21F6-4EB4-AF37-16481F93933E}.Debug|Any CPU.Build.0 = Debug|Any CPU
		{84180640-21F6-4EB4-AF37-16481F93933E}.Debug|x64.ActiveCfg = Debug|Any CPU
		{84180640-21F6-4EB4-AF37-16481F93933E}.Debug|x64.Build.0 = Debug|Any CPU
		{84180640-21F6-4EB4-AF37-16481F93933E}.Debug|x86.ActiveCfg = Debug|Any CPU
		{84180640-21F6-4EB4-AF37-16481F93933E}.Debug|x86.Build.0 = Debug|Any CPU
		{84180640-21F6-4EB4-AF37-16481F93933E}.Release|Any CPU.ActiveCfg = Release|Any CPU
		{84180640-21F6-4EB4-AF37-16481F93933E}.Release|Any CPU.Build.0 = Release|Any CPU
		{84180640-21F6-4EB4-AF37-16481F93933E}.Release|x64.ActiveCfg = Release|Any CPU
		{84180640-21F6-4EB4-AF37-16481F93933E}.Release|x64.Build.0 = Release|Any CPU
		{84180640-21F6-4EB4-AF37-16481F93933E}.Release|x86.ActiveCfg = Release|Any CPU
		{84180640-21F6-4EB4-AF37-16481F93933E}.Release|x86.Build.0 = Release|Any CPU
		{DAFD0819-5CE9-40AF-AFAE-D149B4EFB09F}.Debug|Any CPU.ActiveCfg = Debug|Any CPU
		{DAFD0819-5CE9-40AF-AFAE-D149B4EFB09F}.Debug|Any CPU.Build.0 = Debug|Any CPU
		{DAFD0819-5CE9-40AF-AFAE-D149B4EFB09F}.Debug|x64.ActiveCfg = Debug|Any CPU
		{DAFD0819-5CE9-40AF-AFAE-D149B4EFB09F}.Debug|x64.Build.0 = Debug|Any CPU
		{DAFD0819-5CE9-40AF-AFAE-D149B4EFB09F}.Debug|x86.ActiveCfg = Debug|Any CPU
		{DAFD0819-5CE9-40AF-AFAE-D149B4EFB09F}.Debug|x86.Build.0 = Debug|Any CPU
		{DAFD0819-5CE9-40AF-AFAE-D149B4EFB09F}.Release|Any CPU.ActiveCfg = Release|Any CPU
		{DAFD0819-5CE9-40AF-AFAE-D149B4EFB09F}.Release|Any CPU.Build.0 = Release|Any CPU
		{DAFD0819-5CE9-40AF-AFAE-D149B4EFB09F}.Release|x64.ActiveCfg = Release|Any CPU
		{DAFD0819-5CE9-40AF-AFAE-D149B4EFB09F}.Release|x64.Build.0 = Release|Any CPU
		{DAFD0819-5CE9-40AF-AFAE-D149B4EFB09F}.Release|x86.ActiveCfg = Release|Any CPU
		{DAFD0819-5CE9-40AF-AFAE-D149B4EFB09F}.Release|x86.Build.0 = Release|Any CPU
		{BB91F8FB-412B-420F-90DA-6DCB970CEA74}.Debug|Any CPU.ActiveCfg = Debug|Any CPU
		{BB91F8FB-412B-420F-90DA-6DCB970CEA74}.Debug|Any CPU.Build.0 = Debug|Any CPU
		{BB91F8FB-412B-420F-90DA-6DCB970CEA74}.Debug|x64.ActiveCfg = Debug|Any CPU
		{BB91F8FB-412B-420F-90DA-6DCB970CEA74}.Debug|x64.Build.0 = Debug|Any CPU
		{BB91F8FB-412B-420F-90DA-6DCB970CEA74}.Debug|x86.ActiveCfg = Debug|Any CPU
		{BB91F8FB-412B-420F-90DA-6DCB970CEA74}.Debug|x86.Build.0 = Debug|Any CPU
		{BB91F8FB-412B-420F-90DA-6DCB970CEA74}.Release|Any CPU.ActiveCfg = Release|Any CPU
		{BB91F8FB-412B-420F-90DA-6DCB970CEA74}.Release|Any CPU.Build.0 = Release|Any CPU
		{BB91F8FB-412B-420F-90DA-6DCB970CEA74}.Release|x64.ActiveCfg = Release|Any CPU
		{BB91F8FB-412B-420F-90DA-6DCB970CEA74}.Release|x64.Build.0 = Release|Any CPU
		{BB91F8FB-412B-420F-90DA-6DCB970CEA74}.Release|x86.ActiveCfg = Release|Any CPU
		{BB91F8FB-412B-420F-90DA-6DCB970CEA74}.Release|x86.Build.0 = Release|Any CPU
		{08EB688D-2E71-4C78-BB50-797AAC310650}.Debug|Any CPU.ActiveCfg = Debug|Any CPU
		{08EB688D-2E71-4C78-BB50-797AAC310650}.Debug|Any CPU.Build.0 = Debug|Any CPU
		{08EB688D-2E71-4C78-BB50-797AAC310650}.Debug|x64.ActiveCfg = Debug|Any CPU
		{08EB688D-2E71-4C78-BB50-797AAC310650}.Debug|x64.Build.0 = Debug|Any CPU
		{08EB688D-2E71-4C78-BB50-797AAC310650}.Debug|x86.ActiveCfg = Debug|Any CPU
		{08EB688D-2E71-4C78-BB50-797AAC310650}.Debug|x86.Build.0 = Debug|Any CPU
		{08EB688D-2E71-4C78-BB50-797AAC310650}.Release|Any CPU.ActiveCfg = Release|Any CPU
		{08EB688D-2E71-4C78-BB50-797AAC310650}.Release|Any CPU.Build.0 = Release|Any CPU
		{08EB688D-2E71-4C78-BB50-797AAC310650}.Release|x64.ActiveCfg = Release|Any CPU
		{08EB688D-2E71-4C78-BB50-797AAC310650}.Release|x64.Build.0 = Release|Any CPU
		{08EB688D-2E71-4C78-BB50-797AAC310650}.Release|x86.ActiveCfg = Release|Any CPU
		{08EB688D-2E71-4C78-BB50-797AAC310650}.Release|x86.Build.0 = Release|Any CPU
		{84C778CD-2290-4011-8E21-312BE9DC7350}.Debug|Any CPU.ActiveCfg = Debug|Any CPU
		{84C778CD-2290-4011-8E21-312BE9DC7350}.Debug|Any CPU.Build.0 = Debug|Any CPU
		{84C778CD-2290-4011-8E21-312BE9DC7350}.Debug|x64.ActiveCfg = Debug|Any CPU
		{84C778CD-2290-4011-8E21-312BE9DC7350}.Debug|x64.Build.0 = Debug|Any CPU
		{84C778CD-2290-4011-8E21-312BE9DC7350}.Debug|x86.ActiveCfg = Debug|Any CPU
		{84C778CD-2290-4011-8E21-312BE9DC7350}.Debug|x86.Build.0 = Debug|Any CPU
		{84C778CD-2290-4011-8E21-312BE9DC7350}.Release|Any CPU.ActiveCfg = Release|Any CPU
		{84C778CD-2290-4011-8E21-312BE9DC7350}.Release|Any CPU.Build.0 = Release|Any CPU
		{84C778CD-2290-4011-8E21-312BE9DC7350}.Release|x64.ActiveCfg = Release|Any CPU
		{84C778CD-2290-4011-8E21-312BE9DC7350}.Release|x64.Build.0 = Release|Any CPU
		{84C778CD-2290-4011-8E21-312BE9DC7350}.Release|x86.ActiveCfg = Release|Any CPU
		{84C778CD-2290-4011-8E21-312BE9DC7350}.Release|x86.Build.0 = Release|Any CPU
		{593AD0C1-687B-4D43-AE3C-A7786B718EB5}.Debug|Any CPU.ActiveCfg = Debug|Any CPU
		{593AD0C1-687B-4D43-AE3C-A7786B718EB5}.Debug|Any CPU.Build.0 = Debug|Any CPU
		{593AD0C1-687B-4D43-AE3C-A7786B718EB5}.Debug|x64.ActiveCfg = Debug|Any CPU
		{593AD0C1-687B-4D43-AE3C-A7786B718EB5}.Debug|x64.Build.0 = Debug|Any CPU
		{593AD0C1-687B-4D43-AE3C-A7786B718EB5}.Debug|x86.ActiveCfg = Debug|Any CPU
		{593AD0C1-687B-4D43-AE3C-A7786B718EB5}.Debug|x86.Build.0 = Debug|Any CPU
		{593AD0C1-687B-4D43-AE3C-A7786B718EB5}.Release|Any CPU.ActiveCfg = Release|Any CPU
		{593AD0C1-687B-4D43-AE3C-A7786B718EB5}.Release|Any CPU.Build.0 = Release|Any CPU
		{593AD0C1-687B-4D43-AE3C-A7786B718EB5}.Release|x64.ActiveCfg = Release|Any CPU
		{593AD0C1-687B-4D43-AE3C-A7786B718EB5}.Release|x64.Build.0 = Release|Any CPU
		{593AD0C1-687B-4D43-AE3C-A7786B718EB5}.Release|x86.ActiveCfg = Release|Any CPU
		{593AD0C1-687B-4D43-AE3C-A7786B718EB5}.Release|x86.Build.0 = Release|Any CPU
		{19311B7A-5B7B-4544-B8A2-0C98D7A7051A}.Debug|Any CPU.ActiveCfg = Debug|Any CPU
		{19311B7A-5B7B-4544-B8A2-0C98D7A7051A}.Debug|Any CPU.Build.0 = Debug|Any CPU
		{19311B7A-5B7B-4544-B8A2-0C98D7A7051A}.Debug|x64.ActiveCfg = Debug|Any CPU
		{19311B7A-5B7B-4544-B8A2-0C98D7A7051A}.Debug|x64.Build.0 = Debug|Any CPU
		{19311B7A-5B7B-4544-B8A2-0C98D7A7051A}.Debug|x86.ActiveCfg = Debug|Any CPU
		{19311B7A-5B7B-4544-B8A2-0C98D7A7051A}.Debug|x86.Build.0 = Debug|Any CPU
		{19311B7A-5B7B-4544-B8A2-0C98D7A7051A}.Release|Any CPU.ActiveCfg = Release|Any CPU
		{19311B7A-5B7B-4544-B8A2-0C98D7A7051A}.Release|Any CPU.Build.0 = Release|Any CPU
		{19311B7A-5B7B-4544-B8A2-0C98D7A7051A}.Release|x64.ActiveCfg = Release|Any CPU
		{19311B7A-5B7B-4544-B8A2-0C98D7A7051A}.Release|x64.Build.0 = Release|Any CPU
		{19311B7A-5B7B-4544-B8A2-0C98D7A7051A}.Release|x86.ActiveCfg = Release|Any CPU
		{19311B7A-5B7B-4544-B8A2-0C98D7A7051A}.Release|x86.Build.0 = Release|Any CPU
		{848E5CE2-D894-4321-8961-3521D3F2233C}.Debug|Any CPU.ActiveCfg = Debug|Any CPU
		{848E5CE2-D894-4321-8961-3521D3F2233C}.Debug|Any CPU.Build.0 = Debug|Any CPU
		{848E5CE2-D894-4321-8961-3521D3F2233C}.Debug|x64.ActiveCfg = Debug|Any CPU
		{848E5CE2-D894-4321-8961-3521D3F2233C}.Debug|x64.Build.0 = Debug|Any CPU
		{848E5CE2-D894-4321-8961-3521D3F2233C}.Debug|x86.ActiveCfg = Debug|Any CPU
		{848E5CE2-D894-4321-8961-3521D3F2233C}.Debug|x86.Build.0 = Debug|Any CPU
		{848E5CE2-D894-4321-8961-3521D3F2233C}.Release|Any CPU.ActiveCfg = Release|Any CPU
		{848E5CE2-D894-4321-8961-3521D3F2233C}.Release|Any CPU.Build.0 = Release|Any CPU
		{848E5CE2-D894-4321-8961-3521D3F2233C}.Release|x64.ActiveCfg = Release|Any CPU
		{848E5CE2-D894-4321-8961-3521D3F2233C}.Release|x64.Build.0 = Release|Any CPU
		{848E5CE2-D894-4321-8961-3521D3F2233C}.Release|x86.ActiveCfg = Release|Any CPU
		{848E5CE2-D894-4321-8961-3521D3F2233C}.Release|x86.Build.0 = Release|Any CPU
		{BEAC63DD-5701-4B33-8155-5218B9761A70}.Debug|Any CPU.ActiveCfg = Debug|Any CPU
		{BEAC63DD-5701-4B33-8155-5218B9761A70}.Debug|Any CPU.Build.0 = Debug|Any CPU
		{BEAC63DD-5701-4B33-8155-5218B9761A70}.Debug|x64.ActiveCfg = Debug|Any CPU
		{BEAC63DD-5701-4B33-8155-5218B9761A70}.Debug|x64.Build.0 = Debug|Any CPU
		{BEAC63DD-5701-4B33-8155-5218B9761A70}.Debug|x86.ActiveCfg = Debug|Any CPU
		{BEAC63DD-5701-4B33-8155-5218B9761A70}.Debug|x86.Build.0 = Debug|Any CPU
		{BEAC63DD-5701-4B33-8155-5218B9761A70}.Release|Any CPU.ActiveCfg = Release|Any CPU
		{BEAC63DD-5701-4B33-8155-5218B9761A70}.Release|Any CPU.Build.0 = Release|Any CPU
		{BEAC63DD-5701-4B33-8155-5218B9761A70}.Release|x64.ActiveCfg = Release|Any CPU
		{BEAC63DD-5701-4B33-8155-5218B9761A70}.Release|x64.Build.0 = Release|Any CPU
		{BEAC63DD-5701-4B33-8155-5218B9761A70}.Release|x86.ActiveCfg = Release|Any CPU
		{BEAC63DD-5701-4B33-8155-5218B9761A70}.Release|x86.Build.0 = Release|Any CPU
		{31517A92-5B06-434B-8BA2-597ECD3DEBA5}.Debug|Any CPU.ActiveCfg = Debug|Any CPU
		{31517A92-5B06-434B-8BA2-597ECD3DEBA5}.Debug|Any CPU.Build.0 = Debug|Any CPU
		{31517A92-5B06-434B-8BA2-597ECD3DEBA5}.Debug|x64.ActiveCfg = Debug|Any CPU
		{31517A92-5B06-434B-8BA2-597ECD3DEBA5}.Debug|x64.Build.0 = Debug|Any CPU
		{31517A92-5B06-434B-8BA2-597ECD3DEBA5}.Debug|x86.ActiveCfg = Debug|Any CPU
		{31517A92-5B06-434B-8BA2-597ECD3DEBA5}.Debug|x86.Build.0 = Debug|Any CPU
		{31517A92-5B06-434B-8BA2-597ECD3DEBA5}.Release|Any CPU.ActiveCfg = Release|Any CPU
		{31517A92-5B06-434B-8BA2-597ECD3DEBA5}.Release|Any CPU.Build.0 = Release|Any CPU
		{31517A92-5B06-434B-8BA2-597ECD3DEBA5}.Release|x64.ActiveCfg = Release|Any CPU
		{31517A92-5B06-434B-8BA2-597ECD3DEBA5}.Release|x64.Build.0 = Release|Any CPU
		{31517A92-5B06-434B-8BA2-597ECD3DEBA5}.Release|x86.ActiveCfg = Release|Any CPU
		{31517A92-5B06-434B-8BA2-597ECD3DEBA5}.Release|x86.Build.0 = Release|Any CPU
		{3ACE539B-0BE6-4CC3-9016-52F902BF25EC}.Debug|Any CPU.ActiveCfg = Debug|Any CPU
		{3ACE539B-0BE6-4CC3-9016-52F902BF25EC}.Debug|Any CPU.Build.0 = Debug|Any CPU
		{3ACE539B-0BE6-4CC3-9016-52F902BF25EC}.Debug|x64.ActiveCfg = Debug|Any CPU
		{3ACE539B-0BE6-4CC3-9016-52F902BF25EC}.Debug|x64.Build.0 = Debug|Any CPU
		{3ACE539B-0BE6-4CC3-9016-52F902BF25EC}.Debug|x86.ActiveCfg = Debug|Any CPU
		{3ACE539B-0BE6-4CC3-9016-52F902BF25EC}.Debug|x86.Build.0 = Debug|Any CPU
		{3ACE539B-0BE6-4CC3-9016-52F902BF25EC}.Release|Any CPU.ActiveCfg = Release|Any CPU
		{3ACE539B-0BE6-4CC3-9016-52F902BF25EC}.Release|Any CPU.Build.0 = Release|Any CPU
		{3ACE539B-0BE6-4CC3-9016-52F902BF25EC}.Release|x64.ActiveCfg = Release|Any CPU
		{3ACE539B-0BE6-4CC3-9016-52F902BF25EC}.Release|x64.Build.0 = Release|Any CPU
		{3ACE539B-0BE6-4CC3-9016-52F902BF25EC}.Release|x86.ActiveCfg = Release|Any CPU
		{3ACE539B-0BE6-4CC3-9016-52F902BF25EC}.Release|x86.Build.0 = Release|Any CPU
		{D68E7578-BCB0-49AE-B434-F080F6D334AB}.Debug|Any CPU.ActiveCfg = Debug|Any CPU
		{D68E7578-BCB0-49AE-B434-F080F6D334AB}.Debug|Any CPU.Build.0 = Debug|Any CPU
		{D68E7578-BCB0-49AE-B434-F080F6D334AB}.Debug|x64.ActiveCfg = Debug|Any CPU
		{D68E7578-BCB0-49AE-B434-F080F6D334AB}.Debug|x64.Build.0 = Debug|Any CPU
		{D68E7578-BCB0-49AE-B434-F080F6D334AB}.Debug|x86.ActiveCfg = Debug|Any CPU
		{D68E7578-BCB0-49AE-B434-F080F6D334AB}.Debug|x86.Build.0 = Debug|Any CPU
		{D68E7578-BCB0-49AE-B434-F080F6D334AB}.Release|Any CPU.ActiveCfg = Release|Any CPU
		{D68E7578-BCB0-49AE-B434-F080F6D334AB}.Release|Any CPU.Build.0 = Release|Any CPU
		{D68E7578-BCB0-49AE-B434-F080F6D334AB}.Release|x64.ActiveCfg = Release|Any CPU
		{D68E7578-BCB0-49AE-B434-F080F6D334AB}.Release|x64.Build.0 = Release|Any CPU
		{D68E7578-BCB0-49AE-B434-F080F6D334AB}.Release|x86.ActiveCfg = Release|Any CPU
		{D68E7578-BCB0-49AE-B434-F080F6D334AB}.Release|x86.Build.0 = Release|Any CPU
		{B829E4C2-5D3E-4B31-87DD-3498EEEA78A8}.Debug|Any CPU.ActiveCfg = Debug|Any CPU
		{B829E4C2-5D3E-4B31-87DD-3498EEEA78A8}.Debug|Any CPU.Build.0 = Debug|Any CPU
		{B829E4C2-5D3E-4B31-87DD-3498EEEA78A8}.Debug|x64.ActiveCfg = Debug|Any CPU
		{B829E4C2-5D3E-4B31-87DD-3498EEEA78A8}.Debug|x64.Build.0 = Debug|Any CPU
		{B829E4C2-5D3E-4B31-87DD-3498EEEA78A8}.Debug|x86.ActiveCfg = Debug|Any CPU
		{B829E4C2-5D3E-4B31-87DD-3498EEEA78A8}.Debug|x86.Build.0 = Debug|Any CPU
		{B829E4C2-5D3E-4B31-87DD-3498EEEA78A8}.Release|Any CPU.ActiveCfg = Release|Any CPU
		{B829E4C2-5D3E-4B31-87DD-3498EEEA78A8}.Release|Any CPU.Build.0 = Release|Any CPU
		{B829E4C2-5D3E-4B31-87DD-3498EEEA78A8}.Release|x64.ActiveCfg = Release|Any CPU
		{B829E4C2-5D3E-4B31-87DD-3498EEEA78A8}.Release|x64.Build.0 = Release|Any CPU
		{B829E4C2-5D3E-4B31-87DD-3498EEEA78A8}.Release|x86.ActiveCfg = Release|Any CPU
		{B829E4C2-5D3E-4B31-87DD-3498EEEA78A8}.Release|x86.Build.0 = Release|Any CPU
		{8E7D6BB1-BA5C-494E-AA30-0D71B7AA4F28}.Debug|Any CPU.ActiveCfg = Debug|Any CPU
		{8E7D6BB1-BA5C-494E-AA30-0D71B7AA4F28}.Debug|Any CPU.Build.0 = Debug|Any CPU
		{8E7D6BB1-BA5C-494E-AA30-0D71B7AA4F28}.Debug|x64.ActiveCfg = Debug|Any CPU
		{8E7D6BB1-BA5C-494E-AA30-0D71B7AA4F28}.Debug|x64.Build.0 = Debug|Any CPU
		{8E7D6BB1-BA5C-494E-AA30-0D71B7AA4F28}.Debug|x86.ActiveCfg = Debug|Any CPU
		{8E7D6BB1-BA5C-494E-AA30-0D71B7AA4F28}.Debug|x86.Build.0 = Debug|Any CPU
		{8E7D6BB1-BA5C-494E-AA30-0D71B7AA4F28}.Release|Any CPU.ActiveCfg = Release|Any CPU
		{8E7D6BB1-BA5C-494E-AA30-0D71B7AA4F28}.Release|Any CPU.Build.0 = Release|Any CPU
		{8E7D6BB1-BA5C-494E-AA30-0D71B7AA4F28}.Release|x64.ActiveCfg = Release|Any CPU
		{8E7D6BB1-BA5C-494E-AA30-0D71B7AA4F28}.Release|x64.Build.0 = Release|Any CPU
		{8E7D6BB1-BA5C-494E-AA30-0D71B7AA4F28}.Release|x86.ActiveCfg = Release|Any CPU
		{8E7D6BB1-BA5C-494E-AA30-0D71B7AA4F28}.Release|x86.Build.0 = Release|Any CPU
		{99941C02-5A9E-43F2-AA7B-42645DBB6907}.Debug|Any CPU.ActiveCfg = Debug|Any CPU
		{99941C02-5A9E-43F2-AA7B-42645DBB6907}.Debug|Any CPU.Build.0 = Debug|Any CPU
		{99941C02-5A9E-43F2-AA7B-42645DBB6907}.Debug|x64.ActiveCfg = Debug|Any CPU
		{99941C02-5A9E-43F2-AA7B-42645DBB6907}.Debug|x64.Build.0 = Debug|Any CPU
		{99941C02-5A9E-43F2-AA7B-42645DBB6907}.Debug|x86.ActiveCfg = Debug|Any CPU
		{99941C02-5A9E-43F2-AA7B-42645DBB6907}.Debug|x86.Build.0 = Debug|Any CPU
		{99941C02-5A9E-43F2-AA7B-42645DBB6907}.Release|Any CPU.ActiveCfg = Release|Any CPU
		{99941C02-5A9E-43F2-AA7B-42645DBB6907}.Release|Any CPU.Build.0 = Release|Any CPU
		{99941C02-5A9E-43F2-AA7B-42645DBB6907}.Release|x64.ActiveCfg = Release|Any CPU
		{99941C02-5A9E-43F2-AA7B-42645DBB6907}.Release|x64.Build.0 = Release|Any CPU
		{99941C02-5A9E-43F2-AA7B-42645DBB6907}.Release|x86.ActiveCfg = Release|Any CPU
		{99941C02-5A9E-43F2-AA7B-42645DBB6907}.Release|x86.Build.0 = Release|Any CPU
		{95137AC0-8F7B-4CC0-A10B-E985927CCAB7}.Debug|Any CPU.ActiveCfg = Debug|Any CPU
		{95137AC0-8F7B-4CC0-A10B-E985927CCAB7}.Debug|Any CPU.Build.0 = Debug|Any CPU
		{95137AC0-8F7B-4CC0-A10B-E985927CCAB7}.Debug|x64.ActiveCfg = Debug|Any CPU
		{95137AC0-8F7B-4CC0-A10B-E985927CCAB7}.Debug|x64.Build.0 = Debug|Any CPU
		{95137AC0-8F7B-4CC0-A10B-E985927CCAB7}.Debug|x86.ActiveCfg = Debug|Any CPU
		{95137AC0-8F7B-4CC0-A10B-E985927CCAB7}.Debug|x86.Build.0 = Debug|Any CPU
		{95137AC0-8F7B-4CC0-A10B-E985927CCAB7}.Release|Any CPU.ActiveCfg = Release|Any CPU
		{95137AC0-8F7B-4CC0-A10B-E985927CCAB7}.Release|Any CPU.Build.0 = Release|Any CPU
		{95137AC0-8F7B-4CC0-A10B-E985927CCAB7}.Release|x64.ActiveCfg = Release|Any CPU
		{95137AC0-8F7B-4CC0-A10B-E985927CCAB7}.Release|x64.Build.0 = Release|Any CPU
		{95137AC0-8F7B-4CC0-A10B-E985927CCAB7}.Release|x86.ActiveCfg = Release|Any CPU
		{95137AC0-8F7B-4CC0-A10B-E985927CCAB7}.Release|x86.Build.0 = Release|Any CPU
		{3D0EE7EB-3C1F-4293-A6C1-47AFABCB0D6D}.Debug|Any CPU.ActiveCfg = Debug|Any CPU
		{3D0EE7EB-3C1F-4293-A6C1-47AFABCB0D6D}.Debug|Any CPU.Build.0 = Debug|Any CPU
		{3D0EE7EB-3C1F-4293-A6C1-47AFABCB0D6D}.Debug|x64.ActiveCfg = Debug|Any CPU
		{3D0EE7EB-3C1F-4293-A6C1-47AFABCB0D6D}.Debug|x64.Build.0 = Debug|Any CPU
		{3D0EE7EB-3C1F-4293-A6C1-47AFABCB0D6D}.Debug|x86.ActiveCfg = Debug|Any CPU
		{3D0EE7EB-3C1F-4293-A6C1-47AFABCB0D6D}.Debug|x86.Build.0 = Debug|Any CPU
		{3D0EE7EB-3C1F-4293-A6C1-47AFABCB0D6D}.Release|Any CPU.ActiveCfg = Release|Any CPU
		{3D0EE7EB-3C1F-4293-A6C1-47AFABCB0D6D}.Release|Any CPU.Build.0 = Release|Any CPU
		{3D0EE7EB-3C1F-4293-A6C1-47AFABCB0D6D}.Release|x64.ActiveCfg = Release|Any CPU
		{3D0EE7EB-3C1F-4293-A6C1-47AFABCB0D6D}.Release|x64.Build.0 = Release|Any CPU
		{3D0EE7EB-3C1F-4293-A6C1-47AFABCB0D6D}.Release|x86.ActiveCfg = Release|Any CPU
		{3D0EE7EB-3C1F-4293-A6C1-47AFABCB0D6D}.Release|x86.Build.0 = Release|Any CPU
		{632CC904-A74F-470E-BD50-0F225BE3B2E9}.Debug|Any CPU.ActiveCfg = Debug|Any CPU
		{632CC904-A74F-470E-BD50-0F225BE3B2E9}.Debug|Any CPU.Build.0 = Debug|Any CPU
		{632CC904-A74F-470E-BD50-0F225BE3B2E9}.Debug|x64.ActiveCfg = Debug|Any CPU
		{632CC904-A74F-470E-BD50-0F225BE3B2E9}.Debug|x64.Build.0 = Debug|Any CPU
		{632CC904-A74F-470E-BD50-0F225BE3B2E9}.Debug|x86.ActiveCfg = Debug|Any CPU
		{632CC904-A74F-470E-BD50-0F225BE3B2E9}.Debug|x86.Build.0 = Debug|Any CPU
		{632CC904-A74F-470E-BD50-0F225BE3B2E9}.Release|Any CPU.ActiveCfg = Release|Any CPU
		{632CC904-A74F-470E-BD50-0F225BE3B2E9}.Release|Any CPU.Build.0 = Release|Any CPU
		{632CC904-A74F-470E-BD50-0F225BE3B2E9}.Release|x64.ActiveCfg = Release|Any CPU
		{632CC904-A74F-470E-BD50-0F225BE3B2E9}.Release|x64.Build.0 = Release|Any CPU
		{632CC904-A74F-470E-BD50-0F225BE3B2E9}.Release|x86.ActiveCfg = Release|Any CPU
		{632CC904-A74F-470E-BD50-0F225BE3B2E9}.Release|x86.Build.0 = Release|Any CPU
		{52AB5DB0-D8CC-451C-9098-A633588F7A94}.Debug|Any CPU.ActiveCfg = Debug|Any CPU
		{52AB5DB0-D8CC-451C-9098-A633588F7A94}.Debug|Any CPU.Build.0 = Debug|Any CPU
		{52AB5DB0-D8CC-451C-9098-A633588F7A94}.Debug|x64.ActiveCfg = Debug|Any CPU
		{52AB5DB0-D8CC-451C-9098-A633588F7A94}.Debug|x64.Build.0 = Debug|Any CPU
		{52AB5DB0-D8CC-451C-9098-A633588F7A94}.Debug|x86.ActiveCfg = Debug|Any CPU
		{52AB5DB0-D8CC-451C-9098-A633588F7A94}.Debug|x86.Build.0 = Debug|Any CPU
		{52AB5DB0-D8CC-451C-9098-A633588F7A94}.Release|Any CPU.ActiveCfg = Release|Any CPU
		{52AB5DB0-D8CC-451C-9098-A633588F7A94}.Release|Any CPU.Build.0 = Release|Any CPU
		{52AB5DB0-D8CC-451C-9098-A633588F7A94}.Release|x64.ActiveCfg = Release|Any CPU
		{52AB5DB0-D8CC-451C-9098-A633588F7A94}.Release|x64.Build.0 = Release|Any CPU
		{52AB5DB0-D8CC-451C-9098-A633588F7A94}.Release|x86.ActiveCfg = Release|Any CPU
		{52AB5DB0-D8CC-451C-9098-A633588F7A94}.Release|x86.Build.0 = Release|Any CPU
		{7C991DD1-9793-4AE1-8098-74D521CE999C}.Debug|Any CPU.ActiveCfg = Debug|Any CPU
		{7C991DD1-9793-4AE1-8098-74D521CE999C}.Debug|Any CPU.Build.0 = Debug|Any CPU
		{7C991DD1-9793-4AE1-8098-74D521CE999C}.Debug|x64.ActiveCfg = Debug|Any CPU
		{7C991DD1-9793-4AE1-8098-74D521CE999C}.Debug|x64.Build.0 = Debug|Any CPU
		{7C991DD1-9793-4AE1-8098-74D521CE999C}.Debug|x86.ActiveCfg = Debug|Any CPU
		{7C991DD1-9793-4AE1-8098-74D521CE999C}.Debug|x86.Build.0 = Debug|Any CPU
		{7C991DD1-9793-4AE1-8098-74D521CE999C}.Release|Any CPU.ActiveCfg = Release|Any CPU
		{7C991DD1-9793-4AE1-8098-74D521CE999C}.Release|Any CPU.Build.0 = Release|Any CPU
		{7C991DD1-9793-4AE1-8098-74D521CE999C}.Release|x64.ActiveCfg = Release|Any CPU
		{7C991DD1-9793-4AE1-8098-74D521CE999C}.Release|x64.Build.0 = Release|Any CPU
		{7C991DD1-9793-4AE1-8098-74D521CE999C}.Release|x86.ActiveCfg = Release|Any CPU
		{7C991DD1-9793-4AE1-8098-74D521CE999C}.Release|x86.Build.0 = Release|Any CPU
		{C9728C04-AD41-435F-9841-2429476C7AB0}.Debug|Any CPU.ActiveCfg = Debug|Any CPU
		{C9728C04-AD41-435F-9841-2429476C7AB0}.Debug|Any CPU.Build.0 = Debug|Any CPU
		{C9728C04-AD41-435F-9841-2429476C7AB0}.Debug|x64.ActiveCfg = Debug|Any CPU
		{C9728C04-AD41-435F-9841-2429476C7AB0}.Debug|x64.Build.0 = Debug|Any CPU
		{C9728C04-AD41-435F-9841-2429476C7AB0}.Debug|x86.ActiveCfg = Debug|Any CPU
		{C9728C04-AD41-435F-9841-2429476C7AB0}.Debug|x86.Build.0 = Debug|Any CPU
		{C9728C04-AD41-435F-9841-2429476C7AB0}.Release|Any CPU.ActiveCfg = Release|Any CPU
		{C9728C04-AD41-435F-9841-2429476C7AB0}.Release|Any CPU.Build.0 = Release|Any CPU
		{C9728C04-AD41-435F-9841-2429476C7AB0}.Release|x64.ActiveCfg = Release|Any CPU
		{C9728C04-AD41-435F-9841-2429476C7AB0}.Release|x64.Build.0 = Release|Any CPU
		{C9728C04-AD41-435F-9841-2429476C7AB0}.Release|x86.ActiveCfg = Release|Any CPU
		{C9728C04-AD41-435F-9841-2429476C7AB0}.Release|x86.Build.0 = Release|Any CPU
		{F2CCA870-6D3E-46F0-921D-D5012507FECA}.Debug|Any CPU.ActiveCfg = Debug|Any CPU
		{F2CCA870-6D3E-46F0-921D-D5012507FECA}.Debug|Any CPU.Build.0 = Debug|Any CPU
		{F2CCA870-6D3E-46F0-921D-D5012507FECA}.Debug|x64.ActiveCfg = Debug|Any CPU
		{F2CCA870-6D3E-46F0-921D-D5012507FECA}.Debug|x64.Build.0 = Debug|Any CPU
		{F2CCA870-6D3E-46F0-921D-D5012507FECA}.Debug|x86.ActiveCfg = Debug|Any CPU
		{F2CCA870-6D3E-46F0-921D-D5012507FECA}.Debug|x86.Build.0 = Debug|Any CPU
		{F2CCA870-6D3E-46F0-921D-D5012507FECA}.Release|Any CPU.ActiveCfg = Release|Any CPU
		{F2CCA870-6D3E-46F0-921D-D5012507FECA}.Release|Any CPU.Build.0 = Release|Any CPU
		{F2CCA870-6D3E-46F0-921D-D5012507FECA}.Release|x64.ActiveCfg = Release|Any CPU
		{F2CCA870-6D3E-46F0-921D-D5012507FECA}.Release|x64.Build.0 = Release|Any CPU
		{F2CCA870-6D3E-46F0-921D-D5012507FECA}.Release|x86.ActiveCfg = Release|Any CPU
		{F2CCA870-6D3E-46F0-921D-D5012507FECA}.Release|x86.Build.0 = Release|Any CPU
		{7BF5C7E6-0DE4-45D7-A340-E90272C54E7C}.Debug|Any CPU.ActiveCfg = Debug|Any CPU
		{7BF5C7E6-0DE4-45D7-A340-E90272C54E7C}.Debug|Any CPU.Build.0 = Debug|Any CPU
		{7BF5C7E6-0DE4-45D7-A340-E90272C54E7C}.Debug|x64.ActiveCfg = Debug|Any CPU
		{7BF5C7E6-0DE4-45D7-A340-E90272C54E7C}.Debug|x64.Build.0 = Debug|Any CPU
		{7BF5C7E6-0DE4-45D7-A340-E90272C54E7C}.Debug|x86.ActiveCfg = Debug|Any CPU
		{7BF5C7E6-0DE4-45D7-A340-E90272C54E7C}.Debug|x86.Build.0 = Debug|Any CPU
		{7BF5C7E6-0DE4-45D7-A340-E90272C54E7C}.Release|Any CPU.ActiveCfg = Release|Any CPU
		{7BF5C7E6-0DE4-45D7-A340-E90272C54E7C}.Release|Any CPU.Build.0 = Release|Any CPU
		{7BF5C7E6-0DE4-45D7-A340-E90272C54E7C}.Release|x64.ActiveCfg = Release|Any CPU
		{7BF5C7E6-0DE4-45D7-A340-E90272C54E7C}.Release|x64.Build.0 = Release|Any CPU
		{7BF5C7E6-0DE4-45D7-A340-E90272C54E7C}.Release|x86.ActiveCfg = Release|Any CPU
		{7BF5C7E6-0DE4-45D7-A340-E90272C54E7C}.Release|x86.Build.0 = Release|Any CPU
		{68867B24-B794-4C28-A9FC-BD6D86B19750}.Debug|Any CPU.ActiveCfg = Debug|Any CPU
		{68867B24-B794-4C28-A9FC-BD6D86B19750}.Debug|Any CPU.Build.0 = Debug|Any CPU
		{68867B24-B794-4C28-A9FC-BD6D86B19750}.Debug|x64.ActiveCfg = Debug|Any CPU
		{68867B24-B794-4C28-A9FC-BD6D86B19750}.Debug|x64.Build.0 = Debug|Any CPU
		{68867B24-B794-4C28-A9FC-BD6D86B19750}.Debug|x86.ActiveCfg = Debug|Any CPU
		{68867B24-B794-4C28-A9FC-BD6D86B19750}.Debug|x86.Build.0 = Debug|Any CPU
		{68867B24-B794-4C28-A9FC-BD6D86B19750}.Release|Any CPU.ActiveCfg = Release|Any CPU
		{68867B24-B794-4C28-A9FC-BD6D86B19750}.Release|Any CPU.Build.0 = Release|Any CPU
		{68867B24-B794-4C28-A9FC-BD6D86B19750}.Release|x64.ActiveCfg = Release|Any CPU
		{68867B24-B794-4C28-A9FC-BD6D86B19750}.Release|x64.Build.0 = Release|Any CPU
		{68867B24-B794-4C28-A9FC-BD6D86B19750}.Release|x86.ActiveCfg = Release|Any CPU
		{68867B24-B794-4C28-A9FC-BD6D86B19750}.Release|x86.Build.0 = Release|Any CPU
		{525C3F5D-0AF1-4346-8760-7CFF1B71F8A0}.Debug|Any CPU.ActiveCfg = Debug|Any CPU
		{525C3F5D-0AF1-4346-8760-7CFF1B71F8A0}.Debug|Any CPU.Build.0 = Debug|Any CPU
		{525C3F5D-0AF1-4346-8760-7CFF1B71F8A0}.Debug|x64.ActiveCfg = Debug|Any CPU
		{525C3F5D-0AF1-4346-8760-7CFF1B71F8A0}.Debug|x64.Build.0 = Debug|Any CPU
		{525C3F5D-0AF1-4346-8760-7CFF1B71F8A0}.Debug|x86.ActiveCfg = Debug|Any CPU
		{525C3F5D-0AF1-4346-8760-7CFF1B71F8A0}.Debug|x86.Build.0 = Debug|Any CPU
		{525C3F5D-0AF1-4346-8760-7CFF1B71F8A0}.Release|Any CPU.ActiveCfg = Release|Any CPU
		{525C3F5D-0AF1-4346-8760-7CFF1B71F8A0}.Release|Any CPU.Build.0 = Release|Any CPU
		{525C3F5D-0AF1-4346-8760-7CFF1B71F8A0}.Release|x64.ActiveCfg = Release|Any CPU
		{525C3F5D-0AF1-4346-8760-7CFF1B71F8A0}.Release|x64.Build.0 = Release|Any CPU
		{525C3F5D-0AF1-4346-8760-7CFF1B71F8A0}.Release|x86.ActiveCfg = Release|Any CPU
		{525C3F5D-0AF1-4346-8760-7CFF1B71F8A0}.Release|x86.Build.0 = Release|Any CPU
		{62D3B49D-F51A-4B80-88C4-76C2CD583DC9}.Debug|Any CPU.ActiveCfg = Debug|Any CPU
		{62D3B49D-F51A-4B80-88C4-76C2CD583DC9}.Debug|Any CPU.Build.0 = Debug|Any CPU
		{62D3B49D-F51A-4B80-88C4-76C2CD583DC9}.Debug|x64.ActiveCfg = Debug|Any CPU
		{62D3B49D-F51A-4B80-88C4-76C2CD583DC9}.Debug|x64.Build.0 = Debug|Any CPU
		{62D3B49D-F51A-4B80-88C4-76C2CD583DC9}.Debug|x86.ActiveCfg = Debug|Any CPU
		{62D3B49D-F51A-4B80-88C4-76C2CD583DC9}.Debug|x86.Build.0 = Debug|Any CPU
		{62D3B49D-F51A-4B80-88C4-76C2CD583DC9}.Release|Any CPU.ActiveCfg = Release|Any CPU
		{62D3B49D-F51A-4B80-88C4-76C2CD583DC9}.Release|Any CPU.Build.0 = Release|Any CPU
		{62D3B49D-F51A-4B80-88C4-76C2CD583DC9}.Release|x64.ActiveCfg = Release|Any CPU
		{62D3B49D-F51A-4B80-88C4-76C2CD583DC9}.Release|x64.Build.0 = Release|Any CPU
		{62D3B49D-F51A-4B80-88C4-76C2CD583DC9}.Release|x86.ActiveCfg = Release|Any CPU
		{62D3B49D-F51A-4B80-88C4-76C2CD583DC9}.Release|x86.Build.0 = Release|Any CPU
		{506C2213-CAF6-443E-88C1-B49374AFEE20}.Debug|Any CPU.ActiveCfg = Debug|Any CPU
		{506C2213-CAF6-443E-88C1-B49374AFEE20}.Debug|Any CPU.Build.0 = Debug|Any CPU
		{506C2213-CAF6-443E-88C1-B49374AFEE20}.Debug|x64.ActiveCfg = Debug|Any CPU
		{506C2213-CAF6-443E-88C1-B49374AFEE20}.Debug|x64.Build.0 = Debug|Any CPU
		{506C2213-CAF6-443E-88C1-B49374AFEE20}.Debug|x86.ActiveCfg = Debug|Any CPU
		{506C2213-CAF6-443E-88C1-B49374AFEE20}.Debug|x86.Build.0 = Debug|Any CPU
		{506C2213-CAF6-443E-88C1-B49374AFEE20}.Release|Any CPU.ActiveCfg = Release|Any CPU
		{506C2213-CAF6-443E-88C1-B49374AFEE20}.Release|Any CPU.Build.0 = Release|Any CPU
		{506C2213-CAF6-443E-88C1-B49374AFEE20}.Release|x64.ActiveCfg = Release|Any CPU
		{506C2213-CAF6-443E-88C1-B49374AFEE20}.Release|x64.Build.0 = Release|Any CPU
		{506C2213-CAF6-443E-88C1-B49374AFEE20}.Release|x86.ActiveCfg = Release|Any CPU
		{506C2213-CAF6-443E-88C1-B49374AFEE20}.Release|x86.Build.0 = Release|Any CPU
		{241E01BD-1766-4CFE-B376-EF9942F40A8B}.Debug|Any CPU.ActiveCfg = Debug|Any CPU
		{241E01BD-1766-4CFE-B376-EF9942F40A8B}.Debug|Any CPU.Build.0 = Debug|Any CPU
		{241E01BD-1766-4CFE-B376-EF9942F40A8B}.Debug|x64.ActiveCfg = Debug|Any CPU
		{241E01BD-1766-4CFE-B376-EF9942F40A8B}.Debug|x64.Build.0 = Debug|Any CPU
		{241E01BD-1766-4CFE-B376-EF9942F40A8B}.Debug|x86.ActiveCfg = Debug|Any CPU
		{241E01BD-1766-4CFE-B376-EF9942F40A8B}.Debug|x86.Build.0 = Debug|Any CPU
		{241E01BD-1766-4CFE-B376-EF9942F40A8B}.Release|Any CPU.ActiveCfg = Release|Any CPU
		{241E01BD-1766-4CFE-B376-EF9942F40A8B}.Release|Any CPU.Build.0 = Release|Any CPU
		{241E01BD-1766-4CFE-B376-EF9942F40A8B}.Release|x64.ActiveCfg = Release|Any CPU
		{241E01BD-1766-4CFE-B376-EF9942F40A8B}.Release|x64.Build.0 = Release|Any CPU
		{241E01BD-1766-4CFE-B376-EF9942F40A8B}.Release|x86.ActiveCfg = Release|Any CPU
		{241E01BD-1766-4CFE-B376-EF9942F40A8B}.Release|x86.Build.0 = Release|Any CPU
		{74D34B79-3F9F-4498-8597-B056E8DF714F}.Debug|Any CPU.ActiveCfg = Debug|Any CPU
		{74D34B79-3F9F-4498-8597-B056E8DF714F}.Debug|Any CPU.Build.0 = Debug|Any CPU
		{74D34B79-3F9F-4498-8597-B056E8DF714F}.Debug|x64.ActiveCfg = Debug|Any CPU
		{74D34B79-3F9F-4498-8597-B056E8DF714F}.Debug|x64.Build.0 = Debug|Any CPU
		{74D34B79-3F9F-4498-8597-B056E8DF714F}.Debug|x86.ActiveCfg = Debug|Any CPU
		{74D34B79-3F9F-4498-8597-B056E8DF714F}.Debug|x86.Build.0 = Debug|Any CPU
		{74D34B79-3F9F-4498-8597-B056E8DF714F}.Release|Any CPU.ActiveCfg = Release|Any CPU
		{74D34B79-3F9F-4498-8597-B056E8DF714F}.Release|Any CPU.Build.0 = Release|Any CPU
		{74D34B79-3F9F-4498-8597-B056E8DF714F}.Release|x64.ActiveCfg = Release|Any CPU
		{74D34B79-3F9F-4498-8597-B056E8DF714F}.Release|x64.Build.0 = Release|Any CPU
		{74D34B79-3F9F-4498-8597-B056E8DF714F}.Release|x86.ActiveCfg = Release|Any CPU
		{74D34B79-3F9F-4498-8597-B056E8DF714F}.Release|x86.Build.0 = Release|Any CPU
		{793CC5BC-71B5-441C-A37B-2E7A893C34FF}.Debug|Any CPU.ActiveCfg = Debug|Any CPU
		{793CC5BC-71B5-441C-A37B-2E7A893C34FF}.Debug|Any CPU.Build.0 = Debug|Any CPU
		{793CC5BC-71B5-441C-A37B-2E7A893C34FF}.Debug|x64.ActiveCfg = Debug|Any CPU
		{793CC5BC-71B5-441C-A37B-2E7A893C34FF}.Debug|x64.Build.0 = Debug|Any CPU
		{793CC5BC-71B5-441C-A37B-2E7A893C34FF}.Debug|x86.ActiveCfg = Debug|Any CPU
		{793CC5BC-71B5-441C-A37B-2E7A893C34FF}.Debug|x86.Build.0 = Debug|Any CPU
		{793CC5BC-71B5-441C-A37B-2E7A893C34FF}.Release|Any CPU.ActiveCfg = Release|Any CPU
		{793CC5BC-71B5-441C-A37B-2E7A893C34FF}.Release|Any CPU.Build.0 = Release|Any CPU
		{793CC5BC-71B5-441C-A37B-2E7A893C34FF}.Release|x64.ActiveCfg = Release|Any CPU
		{793CC5BC-71B5-441C-A37B-2E7A893C34FF}.Release|x64.Build.0 = Release|Any CPU
		{793CC5BC-71B5-441C-A37B-2E7A893C34FF}.Release|x86.ActiveCfg = Release|Any CPU
		{793CC5BC-71B5-441C-A37B-2E7A893C34FF}.Release|x86.Build.0 = Release|Any CPU
		{E686C93C-5853-44CC-A331-958396DADF64}.Debug|Any CPU.ActiveCfg = Debug|Any CPU
		{E686C93C-5853-44CC-A331-958396DADF64}.Debug|Any CPU.Build.0 = Debug|Any CPU
		{E686C93C-5853-44CC-A331-958396DADF64}.Debug|x64.ActiveCfg = Debug|Any CPU
		{E686C93C-5853-44CC-A331-958396DADF64}.Debug|x64.Build.0 = Debug|Any CPU
		{E686C93C-5853-44CC-A331-958396DADF64}.Debug|x86.ActiveCfg = Debug|Any CPU
		{E686C93C-5853-44CC-A331-958396DADF64}.Debug|x86.Build.0 = Debug|Any CPU
		{E686C93C-5853-44CC-A331-958396DADF64}.Release|Any CPU.ActiveCfg = Release|Any CPU
		{E686C93C-5853-44CC-A331-958396DADF64}.Release|Any CPU.Build.0 = Release|Any CPU
		{E686C93C-5853-44CC-A331-958396DADF64}.Release|x64.ActiveCfg = Release|Any CPU
		{E686C93C-5853-44CC-A331-958396DADF64}.Release|x64.Build.0 = Release|Any CPU
		{E686C93C-5853-44CC-A331-958396DADF64}.Release|x86.ActiveCfg = Release|Any CPU
		{E686C93C-5853-44CC-A331-958396DADF64}.Release|x86.Build.0 = Release|Any CPU
		{A59CCE39-ED01-437A-A669-6D07673862B4}.Debug|Any CPU.ActiveCfg = Debug|Any CPU
		{A59CCE39-ED01-437A-A669-6D07673862B4}.Debug|Any CPU.Build.0 = Debug|Any CPU
		{A59CCE39-ED01-437A-A669-6D07673862B4}.Debug|x64.ActiveCfg = Debug|Any CPU
		{A59CCE39-ED01-437A-A669-6D07673862B4}.Debug|x64.Build.0 = Debug|Any CPU
		{A59CCE39-ED01-437A-A669-6D07673862B4}.Debug|x86.ActiveCfg = Debug|Any CPU
		{A59CCE39-ED01-437A-A669-6D07673862B4}.Debug|x86.Build.0 = Debug|Any CPU
		{A59CCE39-ED01-437A-A669-6D07673862B4}.Release|Any CPU.ActiveCfg = Release|Any CPU
		{A59CCE39-ED01-437A-A669-6D07673862B4}.Release|Any CPU.Build.0 = Release|Any CPU
		{A59CCE39-ED01-437A-A669-6D07673862B4}.Release|x64.ActiveCfg = Release|Any CPU
		{A59CCE39-ED01-437A-A669-6D07673862B4}.Release|x64.Build.0 = Release|Any CPU
		{A59CCE39-ED01-437A-A669-6D07673862B4}.Release|x86.ActiveCfg = Release|Any CPU
		{A59CCE39-ED01-437A-A669-6D07673862B4}.Release|x86.Build.0 = Release|Any CPU
		{CE2F0C04-4255-4027-9985-D193FAEF354D}.Debug|Any CPU.ActiveCfg = Debug|Any CPU
		{CE2F0C04-4255-4027-9985-D193FAEF354D}.Debug|Any CPU.Build.0 = Debug|Any CPU
		{CE2F0C04-4255-4027-9985-D193FAEF354D}.Debug|x64.ActiveCfg = Debug|Any CPU
		{CE2F0C04-4255-4027-9985-D193FAEF354D}.Debug|x64.Build.0 = Debug|Any CPU
		{CE2F0C04-4255-4027-9985-D193FAEF354D}.Debug|x86.ActiveCfg = Debug|Any CPU
		{CE2F0C04-4255-4027-9985-D193FAEF354D}.Debug|x86.Build.0 = Debug|Any CPU
		{CE2F0C04-4255-4027-9985-D193FAEF354D}.Release|Any CPU.ActiveCfg = Release|Any CPU
		{CE2F0C04-4255-4027-9985-D193FAEF354D}.Release|Any CPU.Build.0 = Release|Any CPU
		{CE2F0C04-4255-4027-9985-D193FAEF354D}.Release|x64.ActiveCfg = Release|Any CPU
		{CE2F0C04-4255-4027-9985-D193FAEF354D}.Release|x64.Build.0 = Release|Any CPU
		{CE2F0C04-4255-4027-9985-D193FAEF354D}.Release|x86.ActiveCfg = Release|Any CPU
		{CE2F0C04-4255-4027-9985-D193FAEF354D}.Release|x86.Build.0 = Release|Any CPU
		{355E7552-BEDB-44DF-8AA1-68AF4188DC36}.Debug|Any CPU.ActiveCfg = Debug|Any CPU
		{355E7552-BEDB-44DF-8AA1-68AF4188DC36}.Debug|Any CPU.Build.0 = Debug|Any CPU
		{355E7552-BEDB-44DF-8AA1-68AF4188DC36}.Debug|x64.ActiveCfg = Debug|Any CPU
		{355E7552-BEDB-44DF-8AA1-68AF4188DC36}.Debug|x64.Build.0 = Debug|Any CPU
		{355E7552-BEDB-44DF-8AA1-68AF4188DC36}.Debug|x86.ActiveCfg = Debug|Any CPU
		{355E7552-BEDB-44DF-8AA1-68AF4188DC36}.Debug|x86.Build.0 = Debug|Any CPU
		{355E7552-BEDB-44DF-8AA1-68AF4188DC36}.Release|Any CPU.ActiveCfg = Release|Any CPU
		{355E7552-BEDB-44DF-8AA1-68AF4188DC36}.Release|Any CPU.Build.0 = Release|Any CPU
		{355E7552-BEDB-44DF-8AA1-68AF4188DC36}.Release|x64.ActiveCfg = Release|Any CPU
		{355E7552-BEDB-44DF-8AA1-68AF4188DC36}.Release|x64.Build.0 = Release|Any CPU
		{355E7552-BEDB-44DF-8AA1-68AF4188DC36}.Release|x86.ActiveCfg = Release|Any CPU
		{355E7552-BEDB-44DF-8AA1-68AF4188DC36}.Release|x86.Build.0 = Release|Any CPU
		{39E5BF1E-EE5A-4986-A9B3-A8EC77C326C5}.Debug|Any CPU.ActiveCfg = Debug|Any CPU
		{39E5BF1E-EE5A-4986-A9B3-A8EC77C326C5}.Debug|Any CPU.Build.0 = Debug|Any CPU
		{39E5BF1E-EE5A-4986-A9B3-A8EC77C326C5}.Debug|x64.ActiveCfg = Debug|Any CPU
		{39E5BF1E-EE5A-4986-A9B3-A8EC77C326C5}.Debug|x64.Build.0 = Debug|Any CPU
		{39E5BF1E-EE5A-4986-A9B3-A8EC77C326C5}.Debug|x86.ActiveCfg = Debug|Any CPU
		{39E5BF1E-EE5A-4986-A9B3-A8EC77C326C5}.Debug|x86.Build.0 = Debug|Any CPU
		{39E5BF1E-EE5A-4986-A9B3-A8EC77C326C5}.Release|Any CPU.ActiveCfg = Release|Any CPU
		{39E5BF1E-EE5A-4986-A9B3-A8EC77C326C5}.Release|Any CPU.Build.0 = Release|Any CPU
		{39E5BF1E-EE5A-4986-A9B3-A8EC77C326C5}.Release|x64.ActiveCfg = Release|Any CPU
		{39E5BF1E-EE5A-4986-A9B3-A8EC77C326C5}.Release|x64.Build.0 = Release|Any CPU
		{39E5BF1E-EE5A-4986-A9B3-A8EC77C326C5}.Release|x86.ActiveCfg = Release|Any CPU
		{39E5BF1E-EE5A-4986-A9B3-A8EC77C326C5}.Release|x86.Build.0 = Release|Any CPU
		{4234384F-5DA4-4EEF-A727-08C67BDB7651}.Debug|Any CPU.ActiveCfg = Debug|Any CPU
		{4234384F-5DA4-4EEF-A727-08C67BDB7651}.Debug|Any CPU.Build.0 = Debug|Any CPU
		{4234384F-5DA4-4EEF-A727-08C67BDB7651}.Debug|x64.ActiveCfg = Debug|Any CPU
		{4234384F-5DA4-4EEF-A727-08C67BDB7651}.Debug|x64.Build.0 = Debug|Any CPU
		{4234384F-5DA4-4EEF-A727-08C67BDB7651}.Debug|x86.ActiveCfg = Debug|Any CPU
		{4234384F-5DA4-4EEF-A727-08C67BDB7651}.Debug|x86.Build.0 = Debug|Any CPU
		{4234384F-5DA4-4EEF-A727-08C67BDB7651}.Release|Any CPU.ActiveCfg = Release|Any CPU
		{4234384F-5DA4-4EEF-A727-08C67BDB7651}.Release|Any CPU.Build.0 = Release|Any CPU
		{4234384F-5DA4-4EEF-A727-08C67BDB7651}.Release|x64.ActiveCfg = Release|Any CPU
		{4234384F-5DA4-4EEF-A727-08C67BDB7651}.Release|x64.Build.0 = Release|Any CPU
		{4234384F-5DA4-4EEF-A727-08C67BDB7651}.Release|x86.ActiveCfg = Release|Any CPU
		{4234384F-5DA4-4EEF-A727-08C67BDB7651}.Release|x86.Build.0 = Release|Any CPU
		{837CDD41-BEA3-4C7D-957F-3B4AFE3B14DB}.Debug|Any CPU.ActiveCfg = Debug|Any CPU
		{837CDD41-BEA3-4C7D-957F-3B4AFE3B14DB}.Debug|Any CPU.Build.0 = Debug|Any CPU
		{837CDD41-BEA3-4C7D-957F-3B4AFE3B14DB}.Debug|x64.ActiveCfg = Debug|Any CPU
		{837CDD41-BEA3-4C7D-957F-3B4AFE3B14DB}.Debug|x64.Build.0 = Debug|Any CPU
		{837CDD41-BEA3-4C7D-957F-3B4AFE3B14DB}.Debug|x86.ActiveCfg = Debug|Any CPU
		{837CDD41-BEA3-4C7D-957F-3B4AFE3B14DB}.Debug|x86.Build.0 = Debug|Any CPU
		{837CDD41-BEA3-4C7D-957F-3B4AFE3B14DB}.Release|Any CPU.ActiveCfg = Release|Any CPU
		{837CDD41-BEA3-4C7D-957F-3B4AFE3B14DB}.Release|Any CPU.Build.0 = Release|Any CPU
		{837CDD41-BEA3-4C7D-957F-3B4AFE3B14DB}.Release|x64.ActiveCfg = Release|Any CPU
		{837CDD41-BEA3-4C7D-957F-3B4AFE3B14DB}.Release|x64.Build.0 = Release|Any CPU
		{837CDD41-BEA3-4C7D-957F-3B4AFE3B14DB}.Release|x86.ActiveCfg = Release|Any CPU
		{837CDD41-BEA3-4C7D-957F-3B4AFE3B14DB}.Release|x86.Build.0 = Release|Any CPU
		{9DE48E83-DF4E-4C5F-9BC8-CB05C646FC43}.Debug|Any CPU.ActiveCfg = Debug|Any CPU
		{9DE48E83-DF4E-4C5F-9BC8-CB05C646FC43}.Debug|Any CPU.Build.0 = Debug|Any CPU
		{9DE48E83-DF4E-4C5F-9BC8-CB05C646FC43}.Debug|x64.ActiveCfg = Debug|Any CPU
		{9DE48E83-DF4E-4C5F-9BC8-CB05C646FC43}.Debug|x64.Build.0 = Debug|Any CPU
		{9DE48E83-DF4E-4C5F-9BC8-CB05C646FC43}.Debug|x86.ActiveCfg = Debug|Any CPU
		{9DE48E83-DF4E-4C5F-9BC8-CB05C646FC43}.Debug|x86.Build.0 = Debug|Any CPU
		{9DE48E83-DF4E-4C5F-9BC8-CB05C646FC43}.Release|Any CPU.ActiveCfg = Release|Any CPU
		{9DE48E83-DF4E-4C5F-9BC8-CB05C646FC43}.Release|Any CPU.Build.0 = Release|Any CPU
		{9DE48E83-DF4E-4C5F-9BC8-CB05C646FC43}.Release|x64.ActiveCfg = Release|Any CPU
		{9DE48E83-DF4E-4C5F-9BC8-CB05C646FC43}.Release|x64.Build.0 = Release|Any CPU
		{9DE48E83-DF4E-4C5F-9BC8-CB05C646FC43}.Release|x86.ActiveCfg = Release|Any CPU
		{9DE48E83-DF4E-4C5F-9BC8-CB05C646FC43}.Release|x86.Build.0 = Release|Any CPU
		{487A5DE1-FAC2-4807-AAF8-412D0E6ABFD6}.Debug|Any CPU.ActiveCfg = Debug|Any CPU
		{487A5DE1-FAC2-4807-AAF8-412D0E6ABFD6}.Debug|Any CPU.Build.0 = Debug|Any CPU
		{487A5DE1-FAC2-4807-AAF8-412D0E6ABFD6}.Debug|x64.ActiveCfg = Debug|Any CPU
		{487A5DE1-FAC2-4807-AAF8-412D0E6ABFD6}.Debug|x64.Build.0 = Debug|Any CPU
		{487A5DE1-FAC2-4807-AAF8-412D0E6ABFD6}.Debug|x86.ActiveCfg = Debug|Any CPU
		{487A5DE1-FAC2-4807-AAF8-412D0E6ABFD6}.Debug|x86.Build.0 = Debug|Any CPU
		{487A5DE1-FAC2-4807-AAF8-412D0E6ABFD6}.Release|Any CPU.ActiveCfg = Release|Any CPU
		{487A5DE1-FAC2-4807-AAF8-412D0E6ABFD6}.Release|Any CPU.Build.0 = Release|Any CPU
		{487A5DE1-FAC2-4807-AAF8-412D0E6ABFD6}.Release|x64.ActiveCfg = Release|Any CPU
		{487A5DE1-FAC2-4807-AAF8-412D0E6ABFD6}.Release|x64.Build.0 = Release|Any CPU
		{487A5DE1-FAC2-4807-AAF8-412D0E6ABFD6}.Release|x86.ActiveCfg = Release|Any CPU
		{487A5DE1-FAC2-4807-AAF8-412D0E6ABFD6}.Release|x86.Build.0 = Release|Any CPU
		{53BE6CA9-250A-46A5-8EEC-0FAEFC45244A}.Debug|Any CPU.ActiveCfg = Debug|Any CPU
		{53BE6CA9-250A-46A5-8EEC-0FAEFC45244A}.Debug|Any CPU.Build.0 = Debug|Any CPU
		{53BE6CA9-250A-46A5-8EEC-0FAEFC45244A}.Debug|x64.ActiveCfg = Debug|Any CPU
		{53BE6CA9-250A-46A5-8EEC-0FAEFC45244A}.Debug|x64.Build.0 = Debug|Any CPU
		{53BE6CA9-250A-46A5-8EEC-0FAEFC45244A}.Debug|x86.ActiveCfg = Debug|Any CPU
		{53BE6CA9-250A-46A5-8EEC-0FAEFC45244A}.Debug|x86.Build.0 = Debug|Any CPU
		{53BE6CA9-250A-46A5-8EEC-0FAEFC45244A}.Release|Any CPU.ActiveCfg = Release|Any CPU
		{53BE6CA9-250A-46A5-8EEC-0FAEFC45244A}.Release|Any CPU.Build.0 = Release|Any CPU
		{53BE6CA9-250A-46A5-8EEC-0FAEFC45244A}.Release|x64.ActiveCfg = Release|Any CPU
		{53BE6CA9-250A-46A5-8EEC-0FAEFC45244A}.Release|x64.Build.0 = Release|Any CPU
		{53BE6CA9-250A-46A5-8EEC-0FAEFC45244A}.Release|x86.ActiveCfg = Release|Any CPU
		{53BE6CA9-250A-46A5-8EEC-0FAEFC45244A}.Release|x86.Build.0 = Release|Any CPU
		{EBB8268F-095A-49C9-807B-8E7D598C54E7}.Debug|Any CPU.ActiveCfg = Debug|Any CPU
		{EBB8268F-095A-49C9-807B-8E7D598C54E7}.Debug|Any CPU.Build.0 = Debug|Any CPU
		{EBB8268F-095A-49C9-807B-8E7D598C54E7}.Debug|x64.ActiveCfg = Debug|Any CPU
		{EBB8268F-095A-49C9-807B-8E7D598C54E7}.Debug|x64.Build.0 = Debug|Any CPU
		{EBB8268F-095A-49C9-807B-8E7D598C54E7}.Debug|x86.ActiveCfg = Debug|Any CPU
		{EBB8268F-095A-49C9-807B-8E7D598C54E7}.Debug|x86.Build.0 = Debug|Any CPU
		{EBB8268F-095A-49C9-807B-8E7D598C54E7}.Release|Any CPU.ActiveCfg = Release|Any CPU
		{EBB8268F-095A-49C9-807B-8E7D598C54E7}.Release|Any CPU.Build.0 = Release|Any CPU
		{EBB8268F-095A-49C9-807B-8E7D598C54E7}.Release|x64.ActiveCfg = Release|Any CPU
		{EBB8268F-095A-49C9-807B-8E7D598C54E7}.Release|x64.Build.0 = Release|Any CPU
		{EBB8268F-095A-49C9-807B-8E7D598C54E7}.Release|x86.ActiveCfg = Release|Any CPU
		{EBB8268F-095A-49C9-807B-8E7D598C54E7}.Release|x86.Build.0 = Release|Any CPU
		{2C6DB234-42A7-4747-B67F-7F8038A139A7}.Debug|Any CPU.ActiveCfg = Debug|Any CPU
		{2C6DB234-42A7-4747-B67F-7F8038A139A7}.Debug|Any CPU.Build.0 = Debug|Any CPU
		{2C6DB234-42A7-4747-B67F-7F8038A139A7}.Debug|x64.ActiveCfg = Debug|Any CPU
		{2C6DB234-42A7-4747-B67F-7F8038A139A7}.Debug|x64.Build.0 = Debug|Any CPU
		{2C6DB234-42A7-4747-B67F-7F8038A139A7}.Debug|x86.ActiveCfg = Debug|Any CPU
		{2C6DB234-42A7-4747-B67F-7F8038A139A7}.Debug|x86.Build.0 = Debug|Any CPU
		{2C6DB234-42A7-4747-B67F-7F8038A139A7}.Release|Any CPU.ActiveCfg = Release|Any CPU
		{2C6DB234-42A7-4747-B67F-7F8038A139A7}.Release|Any CPU.Build.0 = Release|Any CPU
		{2C6DB234-42A7-4747-B67F-7F8038A139A7}.Release|x64.ActiveCfg = Release|Any CPU
		{2C6DB234-42A7-4747-B67F-7F8038A139A7}.Release|x64.Build.0 = Release|Any CPU
		{2C6DB234-42A7-4747-B67F-7F8038A139A7}.Release|x86.ActiveCfg = Release|Any CPU
		{2C6DB234-42A7-4747-B67F-7F8038A139A7}.Release|x86.Build.0 = Release|Any CPU
		{C4673A80-204F-4005-8BA8-84C2D4163EE5}.Debug|Any CPU.ActiveCfg = Debug|Any CPU
		{C4673A80-204F-4005-8BA8-84C2D4163EE5}.Debug|Any CPU.Build.0 = Debug|Any CPU
		{C4673A80-204F-4005-8BA8-84C2D4163EE5}.Debug|x64.ActiveCfg = Debug|Any CPU
		{C4673A80-204F-4005-8BA8-84C2D4163EE5}.Debug|x64.Build.0 = Debug|Any CPU
		{C4673A80-204F-4005-8BA8-84C2D4163EE5}.Debug|x86.ActiveCfg = Debug|Any CPU
		{C4673A80-204F-4005-8BA8-84C2D4163EE5}.Debug|x86.Build.0 = Debug|Any CPU
		{C4673A80-204F-4005-8BA8-84C2D4163EE5}.Release|Any CPU.ActiveCfg = Release|Any CPU
		{C4673A80-204F-4005-8BA8-84C2D4163EE5}.Release|Any CPU.Build.0 = Release|Any CPU
		{C4673A80-204F-4005-8BA8-84C2D4163EE5}.Release|x64.ActiveCfg = Release|Any CPU
		{C4673A80-204F-4005-8BA8-84C2D4163EE5}.Release|x64.Build.0 = Release|Any CPU
		{C4673A80-204F-4005-8BA8-84C2D4163EE5}.Release|x86.ActiveCfg = Release|Any CPU
		{C4673A80-204F-4005-8BA8-84C2D4163EE5}.Release|x86.Build.0 = Release|Any CPU
		{8705E498-3F5C-41DE-9CCD-FE99104FFF2D}.Debug|Any CPU.ActiveCfg = Debug|Any CPU
		{8705E498-3F5C-41DE-9CCD-FE99104FFF2D}.Debug|Any CPU.Build.0 = Debug|Any CPU
		{8705E498-3F5C-41DE-9CCD-FE99104FFF2D}.Debug|x64.ActiveCfg = Debug|Any CPU
		{8705E498-3F5C-41DE-9CCD-FE99104FFF2D}.Debug|x64.Build.0 = Debug|Any CPU
		{8705E498-3F5C-41DE-9CCD-FE99104FFF2D}.Debug|x86.ActiveCfg = Debug|Any CPU
		{8705E498-3F5C-41DE-9CCD-FE99104FFF2D}.Debug|x86.Build.0 = Debug|Any CPU
		{8705E498-3F5C-41DE-9CCD-FE99104FFF2D}.Release|Any CPU.ActiveCfg = Release|Any CPU
		{8705E498-3F5C-41DE-9CCD-FE99104FFF2D}.Release|Any CPU.Build.0 = Release|Any CPU
		{8705E498-3F5C-41DE-9CCD-FE99104FFF2D}.Release|x64.ActiveCfg = Release|Any CPU
		{8705E498-3F5C-41DE-9CCD-FE99104FFF2D}.Release|x64.Build.0 = Release|Any CPU
		{8705E498-3F5C-41DE-9CCD-FE99104FFF2D}.Release|x86.ActiveCfg = Release|Any CPU
		{8705E498-3F5C-41DE-9CCD-FE99104FFF2D}.Release|x86.Build.0 = Release|Any CPU
		{7DDD4504-5CB6-45E1-9BEA-0BEF3AC00FEF}.Debug|Any CPU.ActiveCfg = Debug|Any CPU
		{7DDD4504-5CB6-45E1-9BEA-0BEF3AC00FEF}.Debug|Any CPU.Build.0 = Debug|Any CPU
		{7DDD4504-5CB6-45E1-9BEA-0BEF3AC00FEF}.Debug|x64.ActiveCfg = Debug|Any CPU
		{7DDD4504-5CB6-45E1-9BEA-0BEF3AC00FEF}.Debug|x64.Build.0 = Debug|Any CPU
		{7DDD4504-5CB6-45E1-9BEA-0BEF3AC00FEF}.Debug|x86.ActiveCfg = Debug|Any CPU
		{7DDD4504-5CB6-45E1-9BEA-0BEF3AC00FEF}.Debug|x86.Build.0 = Debug|Any CPU
		{7DDD4504-5CB6-45E1-9BEA-0BEF3AC00FEF}.Release|Any CPU.ActiveCfg = Release|Any CPU
		{7DDD4504-5CB6-45E1-9BEA-0BEF3AC00FEF}.Release|Any CPU.Build.0 = Release|Any CPU
		{7DDD4504-5CB6-45E1-9BEA-0BEF3AC00FEF}.Release|x64.ActiveCfg = Release|Any CPU
		{7DDD4504-5CB6-45E1-9BEA-0BEF3AC00FEF}.Release|x64.Build.0 = Release|Any CPU
		{7DDD4504-5CB6-45E1-9BEA-0BEF3AC00FEF}.Release|x86.ActiveCfg = Release|Any CPU
		{7DDD4504-5CB6-45E1-9BEA-0BEF3AC00FEF}.Release|x86.Build.0 = Release|Any CPU
		{1F55FD60-61D9-4210-904F-6E13947B54BD}.Debug|Any CPU.ActiveCfg = Debug|Any CPU
		{1F55FD60-61D9-4210-904F-6E13947B54BD}.Debug|Any CPU.Build.0 = Debug|Any CPU
		{1F55FD60-61D9-4210-904F-6E13947B54BD}.Debug|x64.ActiveCfg = Debug|Any CPU
		{1F55FD60-61D9-4210-904F-6E13947B54BD}.Debug|x64.Build.0 = Debug|Any CPU
		{1F55FD60-61D9-4210-904F-6E13947B54BD}.Debug|x86.ActiveCfg = Debug|Any CPU
		{1F55FD60-61D9-4210-904F-6E13947B54BD}.Debug|x86.Build.0 = Debug|Any CPU
		{1F55FD60-61D9-4210-904F-6E13947B54BD}.Release|Any CPU.ActiveCfg = Release|Any CPU
		{1F55FD60-61D9-4210-904F-6E13947B54BD}.Release|Any CPU.Build.0 = Release|Any CPU
		{1F55FD60-61D9-4210-904F-6E13947B54BD}.Release|x64.ActiveCfg = Release|Any CPU
		{1F55FD60-61D9-4210-904F-6E13947B54BD}.Release|x64.Build.0 = Release|Any CPU
		{1F55FD60-61D9-4210-904F-6E13947B54BD}.Release|x86.ActiveCfg = Release|Any CPU
		{1F55FD60-61D9-4210-904F-6E13947B54BD}.Release|x86.Build.0 = Release|Any CPU
		{25973551-0EE2-428A-842C-00D5EB8FBF94}.Debug|Any CPU.ActiveCfg = Debug|Any CPU
		{25973551-0EE2-428A-842C-00D5EB8FBF94}.Debug|Any CPU.Build.0 = Debug|Any CPU
		{25973551-0EE2-428A-842C-00D5EB8FBF94}.Debug|x64.ActiveCfg = Debug|Any CPU
		{25973551-0EE2-428A-842C-00D5EB8FBF94}.Debug|x64.Build.0 = Debug|Any CPU
		{25973551-0EE2-428A-842C-00D5EB8FBF94}.Debug|x86.ActiveCfg = Debug|Any CPU
		{25973551-0EE2-428A-842C-00D5EB8FBF94}.Debug|x86.Build.0 = Debug|Any CPU
		{25973551-0EE2-428A-842C-00D5EB8FBF94}.Release|Any CPU.ActiveCfg = Release|Any CPU
		{25973551-0EE2-428A-842C-00D5EB8FBF94}.Release|Any CPU.Build.0 = Release|Any CPU
		{25973551-0EE2-428A-842C-00D5EB8FBF94}.Release|x64.ActiveCfg = Release|Any CPU
		{25973551-0EE2-428A-842C-00D5EB8FBF94}.Release|x64.Build.0 = Release|Any CPU
		{25973551-0EE2-428A-842C-00D5EB8FBF94}.Release|x86.ActiveCfg = Release|Any CPU
		{25973551-0EE2-428A-842C-00D5EB8FBF94}.Release|x86.Build.0 = Release|Any CPU
	EndGlobalSection
	GlobalSection(SolutionProperties) = preSolution
		HideSolutionNode = FALSE
	EndGlobalSection
	GlobalSection(NestedProjects) = preSolution
		{92EB7B8A-7DCC-426A-9386-F58C167D82C3} = {59DCCC96-DDAF-469F-9E8E-9BC733285082}
		{55904739-71E8-478F-8BBD-9A32CAE9E01B} = {92EB7B8A-7DCC-426A-9386-F58C167D82C3}
		{DFEEF3A8-F9EB-43AE-AA73-A5FBF7402DAB} = {92EB7B8A-7DCC-426A-9386-F58C167D82C3}
		{76BA8256-C071-4353-B5A3-FA0E4BC444EF} = {9EA30F02-E35A-4EB2-80D9-1C64ED4613C4}
		{9EA30F02-E35A-4EB2-80D9-1C64ED4613C4} = {59DCCC96-DDAF-469F-9E8E-9BC733285082}
		{7D13CCDD-6B93-45B8-BA88-761744601726} = {771514F1-12AE-4A26-89CB-2646D3EF7034}
		{DF1B4E58-8B85-49F0-A75B-5DC231D0FB8F} = {59DCCC96-DDAF-469F-9E8E-9BC733285082}
		{99C3129A-1DD2-45BE-A6C0-3B7A04CD6D33} = {59DCCC96-DDAF-469F-9E8E-9BC733285082}
		{14B4D6B3-C458-4EEF-8D00-178272E2DE30} = {99C3129A-1DD2-45BE-A6C0-3B7A04CD6D33}
		{AFF0BC22-B7E5-43C2-AB4F-5BBBF688C3F3} = {59DCCC96-DDAF-469F-9E8E-9BC733285082}
		{6A8DB932-5230-4179-A3F0-291407E0419D} = {9AA2BCF0-19AB-4DD9-8D91-7D188E463806}
		{4494E76E-16AC-4A7B-A2B8-A9B2D0568630} = {771514F1-12AE-4A26-89CB-2646D3EF7034}
		{8C10C7BB-5A7B-494A-9428-A3F11AA4B374} = {771514F1-12AE-4A26-89CB-2646D3EF7034}
		{571A1CB9-2819-4FCD-A721-DB9AD63CC444} = {DF1B4E58-8B85-49F0-A75B-5DC231D0FB8F}
		{30AAE00A-7FB9-43AC-8304-B824C0F097F2} = {771514F1-12AE-4A26-89CB-2646D3EF7034}
		{8622758C-75DB-4067-AB13-7D9531A16E9E} = {59DCCC96-DDAF-469F-9E8E-9BC733285082}
		{2F58942D-7C9F-49B3-8560-5AE786A177CA} = {8622758C-75DB-4067-AB13-7D9531A16E9E}
		{43E1097C-A356-4740-B4B1-A5AFC486CA8C} = {8622758C-75DB-4067-AB13-7D9531A16E9E}
		{7AF64900-EA34-4A93-9514-FEBC4648E39E} = {771514F1-12AE-4A26-89CB-2646D3EF7034}
		{89ED6E98-BB85-4B82-907A-D5EC5422C740} = {7AF64900-EA34-4A93-9514-FEBC4648E39E}
		{A003CCAB-BE2A-4A8A-A858-A4FAE08B5F89} = {92EB7B8A-7DCC-426A-9386-F58C167D82C3}
		{768E2FB6-A663-4D6A-A791-B2E1AF7296AF} = {59DCCC96-DDAF-469F-9E8E-9BC733285082}
		{2C02A779-3805-42D3-A8F6-12940E6BDF34} = {768E2FB6-A663-4D6A-A791-B2E1AF7296AF}
		{C78E50DC-8D65-4117-9B3E-BFA3F4A8101E} = {59DCCC96-DDAF-469F-9E8E-9BC733285082}
		{AC11D152-F1FD-4A48-A0DC-0B315D507457} = {C78E50DC-8D65-4117-9B3E-BFA3F4A8101E}
		{7B1E82F7-270F-40F0-AF76-3FA54EF79124} = {771514F1-12AE-4A26-89CB-2646D3EF7034}
		{3378E8AC-72C6-4A19-8061-C22CC390EE09} = {AFF0BC22-B7E5-43C2-AB4F-5BBBF688C3F3}
		{F045416D-2BFA-4048-AB1D-D908F4566F75} = {59DCCC96-DDAF-469F-9E8E-9BC733285082}
		{9DA55746-E70B-4B37-972C-F0745AF151DE} = {F045416D-2BFA-4048-AB1D-D908F4566F75}
		{02D69941-5D89-4F54-9876-D5EC06B214A1} = {59DCCC96-DDAF-469F-9E8E-9BC733285082}
		{84180640-21F6-4EB4-AF37-16481F93933E} = {02D69941-5D89-4F54-9876-D5EC06B214A1}
		{7C1624BB-71C7-4F2F-8A2F-84C1E7B034A4} = {59DCCC96-DDAF-469F-9E8E-9BC733285082}
		{DAFD0819-5CE9-40AF-AFAE-D149B4EFB09F} = {7C1624BB-71C7-4F2F-8A2F-84C1E7B034A4}
		{BB91F8FB-412B-420F-90DA-6DCB970CEA74} = {7C1624BB-71C7-4F2F-8A2F-84C1E7B034A4}
		{08EB688D-2E71-4C78-BB50-797AAC310650} = {7C1624BB-71C7-4F2F-8A2F-84C1E7B034A4}
		{7C0D5FCB-D7B0-42F7-97D5-86A044927503} = {59DCCC96-DDAF-469F-9E8E-9BC733285082}
		{660167A8-008A-45D1-B489-AF49907895ED} = {59DCCC96-DDAF-469F-9E8E-9BC733285082}
		{84C778CD-2290-4011-8E21-312BE9DC7350} = {660167A8-008A-45D1-B489-AF49907895ED}
		{593AD0C1-687B-4D43-AE3C-A7786B718EB5} = {7C0D5FCB-D7B0-42F7-97D5-86A044927503}
		{19311B7A-5B7B-4544-B8A2-0C98D7A7051A} = {9AA2BCF0-19AB-4DD9-8D91-7D188E463806}
		{848E5CE2-D894-4321-8961-3521D3F2233C} = {9AA2BCF0-19AB-4DD9-8D91-7D188E463806}
		{BEAC63DD-5701-4B33-8155-5218B9761A70} = {9AA2BCF0-19AB-4DD9-8D91-7D188E463806}
		{31517A92-5B06-434B-8BA2-597ECD3DEBA5} = {771514F1-12AE-4A26-89CB-2646D3EF7034}
		{3ACE539B-0BE6-4CC3-9016-52F902BF25EC} = {7AF64900-EA34-4A93-9514-FEBC4648E39E}
		{D68E7578-BCB0-49AE-B434-F080F6D334AB} = {7AF64900-EA34-4A93-9514-FEBC4648E39E}
		{AC12A8DF-9992-4B42-B016-62573DB36421} = {59DCCC96-DDAF-469F-9E8E-9BC733285082}
		{B829E4C2-5D3E-4B31-87DD-3498EEEA78A8} = {AC12A8DF-9992-4B42-B016-62573DB36421}
		{8E7D6BB1-BA5C-494E-AA30-0D71B7AA4F28} = {AC12A8DF-9992-4B42-B016-62573DB36421}
		{99941C02-5A9E-43F2-AA7B-42645DBB6907} = {AC12A8DF-9992-4B42-B016-62573DB36421}
		{3A922679-370D-42DC-850B-3F799DE0C803} = {771514F1-12AE-4A26-89CB-2646D3EF7034}
		{95137AC0-8F7B-4CC0-A10B-E985927CCAB7} = {3A922679-370D-42DC-850B-3F799DE0C803}
		{3D0EE7EB-3C1F-4293-A6C1-47AFABCB0D6D} = {9AA2BCF0-19AB-4DD9-8D91-7D188E463806}
		{B8758582-BE0B-42A9-9543-D749D0C15ECE} = {59DCCC96-DDAF-469F-9E8E-9BC733285082}
		{632CC904-A74F-470E-BD50-0F225BE3B2E9} = {7AF64900-EA34-4A93-9514-FEBC4648E39E}
		{52AB5DB0-D8CC-451C-9098-A633588F7A94} = {9AA2BCF0-19AB-4DD9-8D91-7D188E463806}
		{EE21AEE2-C0DC-40B3-961B-B6317022E5C4} = {771514F1-12AE-4A26-89CB-2646D3EF7034}
		{7C991DD1-9793-4AE1-8098-74D521CE999C} = {7AF64900-EA34-4A93-9514-FEBC4648E39E}
		{C9728C04-AD41-435F-9841-2429476C7AB0} = {B8758582-BE0B-42A9-9543-D749D0C15ECE}
		{F2CCA870-6D3E-46F0-921D-D5012507FECA} = {7AF64900-EA34-4A93-9514-FEBC4648E39E}
		{7BF5C7E6-0DE4-45D7-A340-E90272C54E7C} = {EE21AEE2-C0DC-40B3-961B-B6317022E5C4}
		{68867B24-B794-4C28-A9FC-BD6D86B19750} = {9AA2BCF0-19AB-4DD9-8D91-7D188E463806}
		{525C3F5D-0AF1-4346-8760-7CFF1B71F8A0} = {F28FACFE-385A-42DB-81BA-595BDD3A87D4}
		{62D3B49D-F51A-4B80-88C4-76C2CD583DC9} = {9AA2BCF0-19AB-4DD9-8D91-7D188E463806}
		{7A539387-3FFF-426D-9A12-C1B9FFD30CA1} = {59DCCC96-DDAF-469F-9E8E-9BC733285082}
		{F28FACFE-385A-42DB-81BA-595BDD3A87D4} = {771514F1-12AE-4A26-89CB-2646D3EF7034}
		{506C2213-CAF6-443E-88C1-B49374AFEE20} = {7A539387-3FFF-426D-9A12-C1B9FFD30CA1}
		{241E01BD-1766-4CFE-B376-EF9942F40A8B} = {21D5885E-9193-4468-9438-65DE8474A673}
		{74D34B79-3F9F-4498-8597-B056E8DF714F} = {21D5885E-9193-4468-9438-65DE8474A673}
		{21D5885E-9193-4468-9438-65DE8474A673} = {59DCCC96-DDAF-469F-9E8E-9BC733285082}
		{793CC5BC-71B5-441C-A37B-2E7A893C34FF} = {21D5885E-9193-4468-9438-65DE8474A673}
		{E686C93C-5853-44CC-A331-958396DADF64} = {6D996E5A-5A15-4A5D-97F6-C01F619E3177}
		{A59CCE39-ED01-437A-A669-6D07673862B4} = {F28FACFE-385A-42DB-81BA-595BDD3A87D4}
		{55AA9959-F17A-4656-9468-8D6D55230C81} = {59DCCC96-DDAF-469F-9E8E-9BC733285082}
		{CE2F0C04-4255-4027-9985-D193FAEF354D} = {55AA9959-F17A-4656-9468-8D6D55230C81}
		{355E7552-BEDB-44DF-8AA1-68AF4188DC36} = {55AA9959-F17A-4656-9468-8D6D55230C81}
		{39E5BF1E-EE5A-4986-A9B3-A8EC77C326C5} = {55AA9959-F17A-4656-9468-8D6D55230C81}
		{4234384F-5DA4-4EEF-A727-08C67BDB7651} = {7AF64900-EA34-4A93-9514-FEBC4648E39E}
		{837CDD41-BEA3-4C7D-957F-3B4AFE3B14DB} = {660167A8-008A-45D1-B489-AF49907895ED}
		{9DE48E83-DF4E-4C5F-9BC8-CB05C646FC43} = {9AA2BCF0-19AB-4DD9-8D91-7D188E463806}
		{487A5DE1-FAC2-4807-AAF8-412D0E6ABFD6} = {8C82157C-D677-4C6E-A972-614C4C835460}
		{53BE6CA9-250A-46A5-8EEC-0FAEFC45244A} = {8C82157C-D677-4C6E-A972-614C4C835460}
		{8C82157C-D677-4C6E-A972-614C4C835460} = {D63BF256-6D6C-4ECF-A9A6-F5274DDAF834}
		{B58BB158-8053-48B3-B2FE-4C6D168D7354} = {771514F1-12AE-4A26-89CB-2646D3EF7034}
		{EBB8268F-095A-49C9-807B-8E7D598C54E7} = {B58BB158-8053-48B3-B2FE-4C6D168D7354}
		{2C6DB234-42A7-4747-B67F-7F8038A139A7} = {9AA2BCF0-19AB-4DD9-8D91-7D188E463806}
		{C4673A80-204F-4005-8BA8-84C2D4163EE5} = {3A922679-370D-42DC-850B-3F799DE0C803}
		{8705E498-3F5C-41DE-9CCD-FE99104FFF2D} = {6AD72F65-94AF-49DA-BADC-5647ED48D083}
		{6AD72F65-94AF-49DA-BADC-5647ED48D083} = {59DCCC96-DDAF-469F-9E8E-9BC733285082}
		{D742ECD1-3DF1-48D0-85CB-3CC5911438A2} = {771514F1-12AE-4A26-89CB-2646D3EF7034}
		{7DDD4504-5CB6-45E1-9BEA-0BEF3AC00FEF} = {D742ECD1-3DF1-48D0-85CB-3CC5911438A2}
		{1F55FD60-61D9-4210-904F-6E13947B54BD} = {9AA2BCF0-19AB-4DD9-8D91-7D188E463806}
		{1F19AC4F-31B5-40DA-B599-3F8F69731339} = {59DCCC96-DDAF-469F-9E8E-9BC733285082}
		{25973551-0EE2-428A-842C-00D5EB8FBF94} = {1F19AC4F-31B5-40DA-B599-3F8F69731339}
	EndGlobalSection
	GlobalSection(ExtensibilityGlobals) = postSolution
		SolutionGuid = {CD0D1E44-8118-4682-8793-6B20ABFA824C}
	EndGlobalSection
EndGlobal
