
Microsoft Visual Studio Solution File, Format Version 12.00
# Visual Studio Version 16
VisualStudioVersion = 16.0.28803.202
MinimumVisualStudioVersion = 10.0.40219.1
Project("{2150E333-8FDC-42A3-9474-1A3956D46DE8}") = "src", "src", "{771514F1-12AE-4A26-89CB-2646D3EF7034}"
EndProject
Project("{2150E333-8FDC-42A3-9474-1A3956D46DE8}") = "examples", "examples", "{59DCCC96-DDAF-469F-9E8E-9BC733285082}"
EndProject
Project("{2150E333-8FDC-42A3-9474-1A3956D46DE8}") = "RemoteBenchmark", "RemoteBenchmark", "{92EB7B8A-7DCC-426A-9386-F58C167D82C3}"
EndProject
Project("{9A19103F-16F7-4668-BE54-9A1E7A4F7556}") = "Proto.Actor", "src\Proto.Actor\Proto.Actor.csproj", "{7D13CCDD-6B93-45B8-BA88-761744601726}"
EndProject
Project("{2150E333-8FDC-42A3-9474-1A3956D46DE8}") = "tests", "tests", "{9AA2BCF0-19AB-4DD9-8D91-7D188E463806}"
EndProject
Project("{2150E333-8FDC-42A3-9474-1A3956D46DE8}") = "Router", "Router", "{DF1B4E58-8B85-49F0-A75B-5DC231D0FB8F}"
EndProject
Project("{2150E333-8FDC-42A3-9474-1A3956D46DE8}") = "Middleware", "Middleware", "{AFF0BC22-B7E5-43C2-AB4F-5BBBF688C3F3}"
EndProject
Project("{9A19103F-16F7-4668-BE54-9A1E7A4F7556}") = "Proto.Actor.Tests", "tests\Proto.Actor.Tests\Proto.Actor.Tests.csproj", "{6A8DB932-5230-4179-A3F0-291407E0419D}"
EndProject
Project("{9A19103F-16F7-4668-BE54-9A1E7A4F7556}") = "Proto.Remote", "src\Proto.Remote\Proto.Remote.csproj", "{4494E76E-16AC-4A7B-A2B8-A9B2D0568630}"
EndProject
Project("{9A19103F-16F7-4668-BE54-9A1E7A4F7556}") = "Router", "examples\Router\Router.csproj", "{571A1CB9-2819-4FCD-A721-DB9AD63CC444}"
EndProject
Project("{9A19103F-16F7-4668-BE54-9A1E7A4F7556}") = "Proto.Persistence", "src\Proto.Persistence\Proto.Persistence.csproj", "{30AAE00A-7FB9-43AC-8304-B824C0F097F2}"
EndProject
Project("{2150E333-8FDC-42A3-9474-1A3956D46DE8}") = "ReceiveTimeout", "ReceiveTimeout", "{C78E50DC-8D65-4117-9B3E-BFA3F4A8101E}"
EndProject
Project("{9A19103F-16F7-4668-BE54-9A1E7A4F7556}") = "ReceiveTimeout", "examples\ReceiveTimeout\ReceiveTimeout.csproj", "{AC11D152-F1FD-4A48-A0DC-0B315D507457}"
EndProject
Project("{9A19103F-16F7-4668-BE54-9A1E7A4F7556}") = "Middleware", "examples\Middleware\Middleware.csproj", "{3378E8AC-72C6-4A19-8061-C22CC390EE09}"
EndProject
Project("{2150E333-8FDC-42A3-9474-1A3956D46DE8}") = "Futures", "Futures", "{F045416D-2BFA-4048-AB1D-D908F4566F75}"
EndProject
Project("{9A19103F-16F7-4668-BE54-9A1E7A4F7556}") = "Futures", "examples\Futures\Futures.csproj", "{9DA55746-E70B-4B37-972C-F0745AF151DE}"
EndProject
Project("{2150E333-8FDC-42A3-9474-1A3956D46DE8}") = "HelloWorld", "HelloWorld", "{02D69941-5D89-4F54-9876-D5EC06B214A1}"
EndProject
Project("{9A19103F-16F7-4668-BE54-9A1E7A4F7556}") = "HelloWorld", "examples\HelloWorld\HelloWorld.csproj", "{84180640-21F6-4EB4-AF37-16481F93933E}"
EndProject
Project("{2150E333-8FDC-42A3-9474-1A3956D46DE8}") = "Chat", "Chat", "{7C1624BB-71C7-4F2F-8A2F-84C1E7B034A4}"
EndProject
Project("{9A19103F-16F7-4668-BE54-9A1E7A4F7556}") = "Client", "examples\Chat\Client\Client.csproj", "{DAFD0819-5CE9-40AF-AFAE-D149B4EFB09F}"
EndProject
Project("{9A19103F-16F7-4668-BE54-9A1E7A4F7556}") = "Server", "examples\Chat\Server\Server.csproj", "{BB91F8FB-412B-420F-90DA-6DCB970CEA74}"
EndProject
Project("{9A19103F-16F7-4668-BE54-9A1E7A4F7556}") = "Chat.Messages", "examples\Chat\Messages\Chat.Messages.csproj", "{08EB688D-2E71-4C78-BB50-797AAC310650}"
EndProject
Project("{2150E333-8FDC-42A3-9474-1A3956D46DE8}") = "LifecycleEvents", "LifecycleEvents", "{7C0D5FCB-D7B0-42F7-97D5-86A044927503}"
EndProject
Project("{2150E333-8FDC-42A3-9474-1A3956D46DE8}") = "Supervision", "Supervision", "{660167A8-008A-45D1-B489-AF49907895ED}"
EndProject
Project("{9A19103F-16F7-4668-BE54-9A1E7A4F7556}") = "Supervision", "examples\Supervision\Supervision.csproj", "{84C778CD-2290-4011-8E21-312BE9DC7350}"
EndProject
Project("{9A19103F-16F7-4668-BE54-9A1E7A4F7556}") = "LifecycleEvents", "examples\LifecycleEvents\LifecycleEvents.csproj", "{593AD0C1-687B-4D43-AE3C-A7786B718EB5}"
EndProject
Project("{9A19103F-16F7-4668-BE54-9A1E7A4F7556}") = "Proto.Persistence.Tests", "tests\Proto.Persistence.Tests\Proto.Persistence.Tests.csproj", "{848E5CE2-D894-4321-8961-3521D3F2233C}"
EndProject
Project("{9A19103F-16F7-4668-BE54-9A1E7A4F7556}") = "Proto.TestFixtures", "tests\Proto.TestFixtures\Proto.TestFixtures.csproj", "{BEAC63DD-5701-4B33-8155-5218B9761A70}"
EndProject
Project("{9A19103F-16F7-4668-BE54-9A1E7A4F7556}") = "Proto.Cluster", "src\Proto.Cluster\Proto.Cluster.csproj", "{31517A92-5B06-434B-8BA2-597ECD3DEBA5}"
EndProject
Project("{9A19103F-16F7-4668-BE54-9A1E7A4F7556}") = "Proto.Remote.Tests.Messages", "tests\Proto.Remote.Tests.Messages\Proto.Remote.Tests.Messages.csproj", "{68867B24-B794-4C28-A9FC-BD6D86B19750}"
EndProject
Project("{9A19103F-16F7-4668-BE54-9A1E7A4F7556}") = "Proto.Remote.Tests", "tests\Proto.Remote.Tests\Proto.Remote.Tests.csproj", "{62D3B49D-F51A-4B80-88C4-76C2CD583DC9}"
EndProject
Project("{9A19103F-16F7-4668-BE54-9A1E7A4F7556}") = "EscalateSupervision", "examples\EscalateSupervision\EscalateSupervision.csproj", "{837CDD41-BEA3-4C7D-957F-3B4AFE3B14DB}"
EndProject
Project("{9A19103F-16F7-4668-BE54-9A1E7A4F7556}") = "Proto.Cluster.Tests", "tests\Proto.Cluster.Tests\Proto.Cluster.Tests.csproj", "{9DE48E83-DF4E-4C5F-9BC8-CB05C646FC43}"
EndProject
Project("{9A19103F-16F7-4668-BE54-9A1E7A4F7556}") = "ContextDecorators", "examples\ContextDecorators\ContextDecorators.csproj", "{8705E498-3F5C-41DE-9CCD-FE99104FFF2D}"
EndProject
Project("{2150E333-8FDC-42A3-9474-1A3956D46DE8}") = "ContextDecorators", "ContextDecorators", "{6AD72F65-94AF-49DA-BADC-5647ED48D083}"
EndProject
Project("{2150E333-8FDC-42A3-9474-1A3956D46DE8}") = "Patterns", "Patterns", "{3025D606-F487-4A06-A2A3-91AA7503B606}"
EndProject
Project("{9A19103F-16F7-4668-BE54-9A1E7A4F7556}") = "Saga", "examples\Patterns\Saga\Saga.csproj", "{F6E76800-BF17-4D9B-9AD1-2BD2A3138807}"
EndProject
Project("{2150E333-8FDC-42A3-9474-1A3956D46DE8}") = "benchmarks", "benchmarks", "{0F3AB331-C042-4371-A2F0-0AFDFA13DC9F}"
EndProject
Project("{9A19103F-16F7-4668-BE54-9A1E7A4F7556}") = "ProtoActorBenchmarks", "benchmarks\ProtoActorBenchmarks\ProtoActorBenchmarks.csproj", "{DF4464D4-B411-42E2-B4DC-16EBE5ABB0EF}"
EndProject
Project("{9A19103F-16F7-4668-BE54-9A1E7A4F7556}") = "MailboxBenchmark", "benchmarks\MailboxBenchmark\MailboxBenchmark.csproj", "{8849DD9F-CEB4-40D5-9DC0-EC6EDCA09E65}"
EndProject
Project("{9A19103F-16F7-4668-BE54-9A1E7A4F7556}") = "InprocessBenchmark", "benchmarks\InprocessBenchmark\InprocessBenchmark.csproj", "{BD994BD6-9E3D-4221-9287-E8A1468759C5}"
EndProject
Project("{9A19103F-16F7-4668-BE54-9A1E7A4F7556}") = "Messages", "benchmarks\RemoteBenchmark\Messages\Messages.csproj", "{64F8819D-BB7A-4591-BBE6-56B053CAF00D}"
EndProject
Project("{9A19103F-16F7-4668-BE54-9A1E7A4F7556}") = "Node1", "benchmarks\RemoteBenchmark\Node1\Node1.csproj", "{E7C8D4AC-02DA-4724-8FAA-60A6A89D132B}"
EndProject
Project("{9A19103F-16F7-4668-BE54-9A1E7A4F7556}") = "Node2", "benchmarks\RemoteBenchmark\Node2\Node2.csproj", "{69128F90-EE16-4964-A67F-780675833183}"
EndProject
Project("{9A19103F-16F7-4668-BE54-9A1E7A4F7556}") = "SpawnBenchmark", "benchmarks\SpawnBenchmark\SpawnBenchmark.csproj", "{5C578AE6-D511-4D87-8FC1-2B92CEC92543}"
EndProject
Project("{9A19103F-16F7-4668-BE54-9A1E7A4F7556}") = "Proto.Cluster.TestProvider", "src\Proto.Cluster.TestProvider\Proto.Cluster.TestProvider.csproj", "{D7B5C59D-865F-4E2E-8EC3-92AF15D1D4C8}"
EndProject
Project("{9A19103F-16F7-4668-BE54-9A1E7A4F7556}") = "Proto.Cluster.Kubernetes", "src\Proto.Cluster.Kubernetes\Proto.Cluster.Kubernetes.csproj", "{BBA624ED-6244-403E-B5FD-8FF27E568B1C}"
EndProject
Project("{9A19103F-16F7-4668-BE54-9A1E7A4F7556}") = "Proto.Cluster.Consul", "src\Proto.Cluster.Consul\Proto.Cluster.Consul.csproj", "{D9E84C28-FC26-4547-9F16-5BA7147B1B82}"
EndProject
Project("{9A19103F-16F7-4668-BE54-9A1E7A4F7556}") = "ClusterBenchmark", "benchmarks\ClusterBenchmark\ClusterBenchmark.csproj", "{C1B69015-FC27-483E-A65A-A342DC14B7F4}"
EndProject
Project("{9A19103F-16F7-4668-BE54-9A1E7A4F7556}") = "Proto.Cluster.Identity.MongoDb", "src\Proto.Cluster.Identity.MongoDb\Proto.Cluster.Identity.MongoDb.csproj", "{C087B9A2-6790-484B-9C19-C23DDB025CEA}"
EndProject
Project("{9A19103F-16F7-4668-BE54-9A1E7A4F7556}") = "DeadLetterThrottling", "examples\DeadLetterThrottling\DeadLetterThrottling.csproj", "{C912F331-E740-44F7-A573-B1432C5DCF98}"
EndProject
Project("{2150E333-8FDC-42A3-9474-1A3956D46DE8}") = ".meta", ".meta", "{222D5932-627D-406B-9FA5-B60B38FD3019}"
	ProjectSection(SolutionItems) = preProject
		.gitignore = .gitignore
		.github\PULL_REQUEST_TEMPLATE.md = .github\PULL_REQUEST_TEMPLATE.md
		.editorconfig = .editorconfig
	EndProjectSection
EndProject
Project("{FAE04EC0-301F-11D3-BF4B-00C04F79EFBC}") = "Proto.Cluster.Identity.Redis", "src\Proto.Cluster.Identity.Redis\Proto.Cluster.Identity.Redis.csproj", "{B0F9003C-BA53-4948-8FB7-1F7F230F9310}"
EndProject
Project("{FAE04EC0-301F-11D3-BF4B-00C04F79EFBC}") = "Proto.Cluster.Identity.Tests", "tests\Proto.Cluster.Identity.Tests\Proto.Cluster.Identity.Tests.csproj", "{24AA3B6A-54BA-4B87-BBAE-1B5D6FBF207E}"
EndProject
Project("{2150E333-8FDC-42A3-9474-1A3956D46DE8}") = "DependencyInjection", "DependencyInjection", "{C6E9CC73-7BAF-4208-9120-CA83ED0DE6F8}"
EndProject
Project("{FAE04EC0-301F-11D3-BF4B-00C04F79EFBC}") = "DependencyInjection", "examples\DependencyInjection\DependencyInjection.csproj", "{779521AC-8EBB-4E2D-82EE-508A2E95AD1B}"
EndProject
Project("{FAE04EC0-301F-11D3-BF4B-00C04F79EFBC}") = "Proto.Remote.GrpcNet", "src\Proto.Remote.GrpcNet\Proto.Remote.GrpcNet.csproj", "{AE486B56-98CC-4E9A-ADC7-B94358B68D43}"
EndProject
Project("{FAE04EC0-301F-11D3-BF4B-00C04F79EFBC}") = "Proto.Remote.GrpcCore", "src\Proto.Remote.GrpcCore\Proto.Remote.GrpcCore.csproj", "{4C38FFE1-705F-41FC-9411-C4EA878B41DB}"
EndProject
Project("{2150E333-8FDC-42A3-9474-1A3956D46DE8}") = "templates", "templates", "{5C1A4C10-E037-4945-9EDC-DFBFBD501A4A}"
ProjectSection(SolutionItems) = preProject
	.github\ISSUE_TEMPLATE.md = .github\ISSUE_TEMPLATE.md
EndProjectSection
EndProject
Project("{2150E333-8FDC-42A3-9474-1A3956D46DE8}") = "docs", "docs", "{C8C3C2EE-083A-46B4-8F5A-0C0F442C14BE}"
ProjectSection(SolutionItems) = preProject
	Terminology.md = Terminology.md
	README.md = README.md
EndProjectSection
EndProject
Project("{2150E333-8FDC-42A3-9474-1A3956D46DE8}") = "ci", "ci", "{8B241043-F933-4C1F-AB57-BAE8B624F133}"
ProjectSection(SolutionItems) = preProject
	.github\workflows\pull-request.yml = .github\workflows\pull-request.yml
	.github\workflows\build-master.yml = .github\workflows\build-master.yml
EndProjectSection
EndProject
Project("{FAE04EC0-301F-11D3-BF4B-00C04F79EFBC}") = "HostedService", "benchmarks\HostedService\HostedService.csproj", "{7840C651-9352-4CB2-9152-4793EC219DE9}"
EndProject
Project("{2150E333-8FDC-42A3-9474-1A3956D46DE8}") = "Proto.Cluster", "Proto.Cluster", "{86C608E7-AD97-45C9-9EAC-F45466A59DF0}"
EndProject
Project("{2150E333-8FDC-42A3-9474-1A3956D46DE8}") = "Proto.Remote", "Proto.Remote", "{387739A5-FA85-484D-A09A-D0B773FBA4F1}"
EndProject
Project("{2150E333-8FDC-42A3-9474-1A3956D46DE8}") = "DeadLetterThrottling", "DeadLetterThrottling", "{5EA461EF-B08A-4B22-9028-E30EEF4C40AF}"
EndProject
Project("{2150E333-8FDC-42A3-9474-1A3956D46DE8}") = "Proto.Persistence", "Proto.Persistence", "{BD54E34A-A37A-4350-8FE7-233807E114A1}"
EndProject
Project("{FAE04EC0-301F-11D3-BF4B-00C04F79EFBC}") = "Proto.Persistence.SqlServer", "src\Proto.Persistence.SqlServer\Proto.Persistence.SqlServer.csproj", "{44E4A1E5-BBB4-48CE-BB2F-48177B28553D}"
EndProject
Project("{FAE04EC0-301F-11D3-BF4B-00C04F79EFBC}") = "Proto.Persistence.MongoDB", "src\Proto.Persistence.MongoDB\Proto.Persistence.MongoDB.csproj", "{D773F1BE-6111-466E-B1BA-93C560F9D4F5}"
EndProject
Project("{FAE04EC0-301F-11D3-BF4B-00C04F79EFBC}") = "Proto.Persistence.Sqlite", "src\Proto.Persistence.Sqlite\Proto.Persistence.Sqlite.csproj", "{2528AA49-7E9D-497B-966F-5CCC5B5F320C}"
EndProject
Project("{FAE04EC0-301F-11D3-BF4B-00C04F79EFBC}") = "Proto.Persistence.Marten", "src\Proto.Persistence.Marten\Proto.Persistence.Marten.csproj", "{3CDCCA06-625F-4160-B589-E24E70C6557D}"
EndProject
Project("{FAE04EC0-301F-11D3-BF4B-00C04F79EFBC}") = "Proto.Persistence.DynamoDB", "src\Proto.Persistence.DynamoDB\Proto.Persistence.DynamoDB.csproj", "{946C45C1-83ED-4036-B830-606F730C6960}"
EndProject
Project("{FAE04EC0-301F-11D3-BF4B-00C04F79EFBC}") = "Proto.Persistence.RavenDB", "src\Proto.Persistence.RavenDB\Proto.Persistence.RavenDB.csproj", "{D3421016-0730-42C6-A8CD-6DD77CCD124D}"
EndProject
Project("{FAE04EC0-301F-11D3-BF4B-00C04F79EFBC}") = "Proto.Persistence.Couchbase", "src\Proto.Persistence.Couchbase\Proto.Persistence.Couchbase.csproj", "{730DE8BC-8E50-4834-A95B-AE098BACD042}"
EndProject
Project("{FAE04EC0-301F-11D3-BF4B-00C04F79EFBC}") = "Proto.OpenTracing", "src\Proto.OpenTracing\Proto.OpenTracing.csproj", "{75B4CA82-8C92-4363-BDDA-BFBD51C0646D}"
EndProject
Project("{2150E333-8FDC-42A3-9474-1A3956D46DE8}") = "Persistence", "Persistence", "{4E7AA00C-446F-454B-BC8E-8C3622D81DB5}"
EndProject
Project("{FAE04EC0-301F-11D3-BF4B-00C04F79EFBC}") = "Persistence", "examples\Persistence\Persistence\Persistence.csproj", "{E8659EB8-991D-4FD1-B5AA-CC8158D67F1B}"
EndProject
Project("{FAE04EC0-301F-11D3-BF4B-00C04F79EFBC}") = "Messages", "examples\Persistence\Messages\Messages.csproj", "{729A1C5C-9F9B-49C9-AABE-75C56F9E4509}"
EndProject
Project("{2150E333-8FDC-42A3-9474-1A3956D46DE8}") = "EventStream", "EventStream", "{B7382494-D73E-4A0C-8B6B-3AC3D5980631}"
EndProject
Project("{FAE04EC0-301F-11D3-BF4B-00C04F79EFBC}") = "EventStream", "examples\EventStream\EventStream.csproj", "{1F2B8F3C-7558-4BF8-8BB3-530BE2259F76}"
EndProject
Project("{FAE04EC0-301F-11D3-BF4B-00C04F79EFBC}") = "EventStreamTopics", "examples\EventStreamTopics\EventStreamTopics.csproj", "{26BEA731-FE01-40D7-96AC-742657D842BE}"
EndProject
Project("{FAE04EC0-301F-11D3-BF4B-00C04F79EFBC}") = "EventStreamTopicsCluster", "examples\EventStreamTopicsCluster\EventStreamTopicsCluster.csproj", "{48C792A0-D32D-48B7-AA18-A961074DC490}"
EndProject
Project("{2150E333-8FDC-42A3-9474-1A3956D46DE8}") = "EventStreamTopics", "EventStreamTopics", "{8179B44D-A2DD-496F-B554-3AE9E0B2A6DC}"
EndProject
Project("{2150E333-8FDC-42A3-9474-1A3956D46DE8}") = "EventStreamTopicsCluster", "EventStreamTopicsCluster", "{1A2E42A8-313F-475C-8172-7D572399D138}"
EndProject
Project("{FAE04EC0-301F-11D3-BF4B-00C04F79EFBC}") = "ActorMetrics", "examples\ActorMetrics\ActorMetrics.csproj", "{DB15D947-FD4A-4AAF-8195-74A94F34EE4A}"
EndProject
Project("{2150E333-8FDC-42A3-9474-1A3956D46DE8}") = "ActorMetrics", "ActorMetrics", "{525F60E8-DE81-45BF-A284-84CAB6DF5F8F}"
EndProject
Project("{FAE04EC0-301F-11D3-BF4B-00C04F79EFBC}") = "KubernetesDiagnostics", "benchmarks\KubernetesDiagnostics\KubernetesDiagnostics.csproj", "{4606AEFA-17B9-4036-AD9B-C279E56F1080}"
EndProject
Project("{FAE04EC0-301F-11D3-BF4B-00C04F79EFBC}") = "LocalPingPong", "benchmarks\PingPongBenchmark\LocalPingPong.csproj", "{13CEC7D8-7AEF-44C6-8F37-E21D915FBAE1}"
EndProject
Project("{2150E333-8FDC-42A3-9474-1A3956D46DE8}") = "KafkaVirtualActorIngress", "KafkaVirtualActorIngress", "{0F605F4E-8976-4444-81B9-17BFF028DC7E}"
EndProject
Project("{FAE04EC0-301F-11D3-BF4B-00C04F79EFBC}") = "KafkaVirtualActorIngress", "examples\KafkaVirtualActorIngress\KafkaVirtualActorIngress.csproj", "{C0D710AE-6F79-40A8-8565-3D971E4F067C}"
EndProject
Project("{FAE04EC0-301F-11D3-BF4B-00C04F79EFBC}") = "ClusterPubSub", "examples\ClusterPubSub\ClusterPubSub.csproj", "{F94EA250-F52C-4FF6-A2ED-5B6B390C4A57}"
EndProject
Project("{2150E333-8FDC-42A3-9474-1A3956D46DE8}") = "ClusterPubSub", "ClusterPubSub", "{8368C8CC-7418-4B9B-B9B3-2011C612CE42}"
EndProject
Project("{FAE04EC0-301F-11D3-BF4B-00C04F79EFBC}") = "ClusterMicroBenchmarks", "benchmarks\ClusterMicroBenchmarks\ClusterMicroBenchmarks.csproj", "{94C40B92-893D-4013-9FA7-5FFA24F24714}"
EndProject
Project("{2150E333-8FDC-42A3-9474-1A3956D46DE8}") = "MessageHeaders", "MessageHeaders", "{86AE9D56-DCCE-4AA0-814A-D411FBB2A241}"
EndProject
Project("{FAE04EC0-301F-11D3-BF4B-00C04F79EFBC}") = "MessageHeaders", "examples\MessageHeaders\MessageHeaders.csproj", "{4560E580-B22B-4435-A483-EB0D2C1668CC}"
EndProject
Project("{FAE04EC0-301F-11D3-BF4B-00C04F79EFBC}") = "Proto.Cluster.CodeGen", "src\Proto.Cluster.CodeGen\Proto.Cluster.CodeGen.csproj", "{0EFA46FD-6762-4C4B-B821-434C1FB86ECE}"
EndProject
Project("{FAE04EC0-301F-11D3-BF4B-00C04F79EFBC}") = "Proto.TestKit", "src\Proto.TestKit\Proto.TestKit.csproj", "{B5C06C32-D9B9-4DD8-8974-11A8622C8736}"
EndProject
Project("{FAE04EC0-301F-11D3-BF4B-00C04F79EFBC}") = "Proto.Cluster.AmazonECS", "src\Proto.Cluster.AmazonECS\Proto.Cluster.AmazonECS.csproj", "{F4BA6863-3D17-48A1-8076-DF48E9B7DF03}"
EndProject
Project("{FAE04EC0-301F-11D3-BF4B-00C04F79EFBC}") = "EcsDiagnostics", "benchmarks\AmazonEcsDiagnostics\EcsDiagnostics.csproj", "{F787F9DE-0B2C-423B-B1EC-BA763C8C4296}"
EndProject
Project("{FAE04EC0-301F-11D3-BF4B-00C04F79EFBC}") = "Proto.Cluster.CodeGen.Tests", "tests\Proto.Cluster.CodeGen.Tests\Proto.Cluster.CodeGen.Tests.csproj", "{04C4B2CB-2F97-43B4-BDAE-C6E82160642A}"
EndProject
Global
	GlobalSection(SolutionConfigurationPlatforms) = preSolution
		Debug|Any CPU = Debug|Any CPU
		Debug|x64 = Debug|x64
		Debug|x86 = Debug|x86
		Release|Any CPU = Release|Any CPU
		Release|x64 = Release|x64
		Release|x86 = Release|x86
	EndGlobalSection
	GlobalSection(ProjectConfigurationPlatforms) = postSolution
		{7D13CCDD-6B93-45B8-BA88-761744601726}.Debug|Any CPU.ActiveCfg = Debug|Any CPU
		{7D13CCDD-6B93-45B8-BA88-761744601726}.Debug|Any CPU.Build.0 = Debug|Any CPU
		{7D13CCDD-6B93-45B8-BA88-761744601726}.Debug|x64.ActiveCfg = Debug|Any CPU
		{7D13CCDD-6B93-45B8-BA88-761744601726}.Debug|x64.Build.0 = Debug|Any CPU
		{7D13CCDD-6B93-45B8-BA88-761744601726}.Debug|x86.ActiveCfg = Debug|Any CPU
		{7D13CCDD-6B93-45B8-BA88-761744601726}.Debug|x86.Build.0 = Debug|Any CPU
		{7D13CCDD-6B93-45B8-BA88-761744601726}.Release|Any CPU.ActiveCfg = Release|Any CPU
		{7D13CCDD-6B93-45B8-BA88-761744601726}.Release|Any CPU.Build.0 = Release|Any CPU
		{7D13CCDD-6B93-45B8-BA88-761744601726}.Release|x64.ActiveCfg = Release|Any CPU
		{7D13CCDD-6B93-45B8-BA88-761744601726}.Release|x64.Build.0 = Release|Any CPU
		{7D13CCDD-6B93-45B8-BA88-761744601726}.Release|x86.ActiveCfg = Release|Any CPU
		{7D13CCDD-6B93-45B8-BA88-761744601726}.Release|x86.Build.0 = Release|Any CPU
		{6A8DB932-5230-4179-A3F0-291407E0419D}.Debug|Any CPU.ActiveCfg = Debug|Any CPU
		{6A8DB932-5230-4179-A3F0-291407E0419D}.Debug|Any CPU.Build.0 = Debug|Any CPU
		{6A8DB932-5230-4179-A3F0-291407E0419D}.Debug|x64.ActiveCfg = Debug|Any CPU
		{6A8DB932-5230-4179-A3F0-291407E0419D}.Debug|x64.Build.0 = Debug|Any CPU
		{6A8DB932-5230-4179-A3F0-291407E0419D}.Debug|x86.ActiveCfg = Debug|Any CPU
		{6A8DB932-5230-4179-A3F0-291407E0419D}.Debug|x86.Build.0 = Debug|Any CPU
		{6A8DB932-5230-4179-A3F0-291407E0419D}.Release|Any CPU.ActiveCfg = Release|Any CPU
		{6A8DB932-5230-4179-A3F0-291407E0419D}.Release|Any CPU.Build.0 = Release|Any CPU
		{6A8DB932-5230-4179-A3F0-291407E0419D}.Release|x64.ActiveCfg = Release|Any CPU
		{6A8DB932-5230-4179-A3F0-291407E0419D}.Release|x64.Build.0 = Release|Any CPU
		{6A8DB932-5230-4179-A3F0-291407E0419D}.Release|x86.ActiveCfg = Release|Any CPU
		{6A8DB932-5230-4179-A3F0-291407E0419D}.Release|x86.Build.0 = Release|Any CPU
		{4494E76E-16AC-4A7B-A2B8-A9B2D0568630}.Debug|Any CPU.ActiveCfg = Debug|Any CPU
		{4494E76E-16AC-4A7B-A2B8-A9B2D0568630}.Debug|Any CPU.Build.0 = Debug|Any CPU
		{4494E76E-16AC-4A7B-A2B8-A9B2D0568630}.Debug|x64.ActiveCfg = Debug|Any CPU
		{4494E76E-16AC-4A7B-A2B8-A9B2D0568630}.Debug|x64.Build.0 = Debug|Any CPU
		{4494E76E-16AC-4A7B-A2B8-A9B2D0568630}.Debug|x86.ActiveCfg = Debug|Any CPU
		{4494E76E-16AC-4A7B-A2B8-A9B2D0568630}.Debug|x86.Build.0 = Debug|Any CPU
		{4494E76E-16AC-4A7B-A2B8-A9B2D0568630}.Release|Any CPU.ActiveCfg = Release|Any CPU
		{4494E76E-16AC-4A7B-A2B8-A9B2D0568630}.Release|Any CPU.Build.0 = Release|Any CPU
		{4494E76E-16AC-4A7B-A2B8-A9B2D0568630}.Release|x64.ActiveCfg = Release|Any CPU
		{4494E76E-16AC-4A7B-A2B8-A9B2D0568630}.Release|x64.Build.0 = Release|Any CPU
		{4494E76E-16AC-4A7B-A2B8-A9B2D0568630}.Release|x86.ActiveCfg = Release|Any CPU
		{4494E76E-16AC-4A7B-A2B8-A9B2D0568630}.Release|x86.Build.0 = Release|Any CPU
		{571A1CB9-2819-4FCD-A721-DB9AD63CC444}.Debug|Any CPU.ActiveCfg = Debug|Any CPU
		{571A1CB9-2819-4FCD-A721-DB9AD63CC444}.Debug|Any CPU.Build.0 = Debug|Any CPU
		{571A1CB9-2819-4FCD-A721-DB9AD63CC444}.Debug|x64.ActiveCfg = Debug|Any CPU
		{571A1CB9-2819-4FCD-A721-DB9AD63CC444}.Debug|x64.Build.0 = Debug|Any CPU
		{571A1CB9-2819-4FCD-A721-DB9AD63CC444}.Debug|x86.ActiveCfg = Debug|Any CPU
		{571A1CB9-2819-4FCD-A721-DB9AD63CC444}.Debug|x86.Build.0 = Debug|Any CPU
		{571A1CB9-2819-4FCD-A721-DB9AD63CC444}.Release|Any CPU.ActiveCfg = Release|Any CPU
		{571A1CB9-2819-4FCD-A721-DB9AD63CC444}.Release|x64.ActiveCfg = Release|Any CPU
		{571A1CB9-2819-4FCD-A721-DB9AD63CC444}.Release|x64.Build.0 = Release|Any CPU
		{571A1CB9-2819-4FCD-A721-DB9AD63CC444}.Release|x86.ActiveCfg = Release|Any CPU
		{571A1CB9-2819-4FCD-A721-DB9AD63CC444}.Release|x86.Build.0 = Release|Any CPU
		{571A1CB9-2819-4FCD-A721-DB9AD63CC444}.Release|Any CPU.Build.0 = Release|Any CPU
		{30AAE00A-7FB9-43AC-8304-B824C0F097F2}.Debug|Any CPU.ActiveCfg = Debug|Any CPU
		{30AAE00A-7FB9-43AC-8304-B824C0F097F2}.Debug|Any CPU.Build.0 = Debug|Any CPU
		{30AAE00A-7FB9-43AC-8304-B824C0F097F2}.Debug|x64.ActiveCfg = Debug|Any CPU
		{30AAE00A-7FB9-43AC-8304-B824C0F097F2}.Debug|x64.Build.0 = Debug|Any CPU
		{30AAE00A-7FB9-43AC-8304-B824C0F097F2}.Debug|x86.ActiveCfg = Debug|Any CPU
		{30AAE00A-7FB9-43AC-8304-B824C0F097F2}.Debug|x86.Build.0 = Debug|Any CPU
		{30AAE00A-7FB9-43AC-8304-B824C0F097F2}.Release|Any CPU.ActiveCfg = Release|Any CPU
		{30AAE00A-7FB9-43AC-8304-B824C0F097F2}.Release|Any CPU.Build.0 = Release|Any CPU
		{30AAE00A-7FB9-43AC-8304-B824C0F097F2}.Release|x64.ActiveCfg = Release|Any CPU
		{30AAE00A-7FB9-43AC-8304-B824C0F097F2}.Release|x64.Build.0 = Release|Any CPU
		{30AAE00A-7FB9-43AC-8304-B824C0F097F2}.Release|x86.ActiveCfg = Release|Any CPU
		{30AAE00A-7FB9-43AC-8304-B824C0F097F2}.Release|x86.Build.0 = Release|Any CPU
		{AC11D152-F1FD-4A48-A0DC-0B315D507457}.Debug|Any CPU.ActiveCfg = Debug|Any CPU
		{AC11D152-F1FD-4A48-A0DC-0B315D507457}.Debug|Any CPU.Build.0 = Debug|Any CPU
		{AC11D152-F1FD-4A48-A0DC-0B315D507457}.Debug|x64.ActiveCfg = Debug|Any CPU
		{AC11D152-F1FD-4A48-A0DC-0B315D507457}.Debug|x64.Build.0 = Debug|Any CPU
		{AC11D152-F1FD-4A48-A0DC-0B315D507457}.Debug|x86.ActiveCfg = Debug|Any CPU
		{AC11D152-F1FD-4A48-A0DC-0B315D507457}.Debug|x86.Build.0 = Debug|Any CPU
		{AC11D152-F1FD-4A48-A0DC-0B315D507457}.Release|Any CPU.ActiveCfg = Release|Any CPU
		{AC11D152-F1FD-4A48-A0DC-0B315D507457}.Release|Any CPU.Build.0 = Release|Any CPU
		{AC11D152-F1FD-4A48-A0DC-0B315D507457}.Release|x64.ActiveCfg = Release|Any CPU
		{AC11D152-F1FD-4A48-A0DC-0B315D507457}.Release|x64.Build.0 = Release|Any CPU
		{AC11D152-F1FD-4A48-A0DC-0B315D507457}.Release|x86.ActiveCfg = Release|Any CPU
		{AC11D152-F1FD-4A48-A0DC-0B315D507457}.Release|x86.Build.0 = Release|Any CPU
		{3378E8AC-72C6-4A19-8061-C22CC390EE09}.Debug|Any CPU.ActiveCfg = Debug|Any CPU
		{3378E8AC-72C6-4A19-8061-C22CC390EE09}.Debug|Any CPU.Build.0 = Debug|Any CPU
		{3378E8AC-72C6-4A19-8061-C22CC390EE09}.Debug|x64.ActiveCfg = Debug|Any CPU
		{3378E8AC-72C6-4A19-8061-C22CC390EE09}.Debug|x64.Build.0 = Debug|Any CPU
		{3378E8AC-72C6-4A19-8061-C22CC390EE09}.Debug|x86.ActiveCfg = Debug|Any CPU
		{3378E8AC-72C6-4A19-8061-C22CC390EE09}.Debug|x86.Build.0 = Debug|Any CPU
		{3378E8AC-72C6-4A19-8061-C22CC390EE09}.Release|Any CPU.ActiveCfg = Release|Any CPU
		{3378E8AC-72C6-4A19-8061-C22CC390EE09}.Release|Any CPU.Build.0 = Release|Any CPU
		{3378E8AC-72C6-4A19-8061-C22CC390EE09}.Release|x64.ActiveCfg = Release|Any CPU
		{3378E8AC-72C6-4A19-8061-C22CC390EE09}.Release|x64.Build.0 = Release|Any CPU
		{3378E8AC-72C6-4A19-8061-C22CC390EE09}.Release|x86.ActiveCfg = Release|Any CPU
		{3378E8AC-72C6-4A19-8061-C22CC390EE09}.Release|x86.Build.0 = Release|Any CPU
		{9DA55746-E70B-4B37-972C-F0745AF151DE}.Debug|Any CPU.ActiveCfg = Debug|Any CPU
		{9DA55746-E70B-4B37-972C-F0745AF151DE}.Debug|Any CPU.Build.0 = Debug|Any CPU
		{9DA55746-E70B-4B37-972C-F0745AF151DE}.Debug|x64.ActiveCfg = Debug|Any CPU
		{9DA55746-E70B-4B37-972C-F0745AF151DE}.Debug|x64.Build.0 = Debug|Any CPU
		{9DA55746-E70B-4B37-972C-F0745AF151DE}.Debug|x86.ActiveCfg = Debug|Any CPU
		{9DA55746-E70B-4B37-972C-F0745AF151DE}.Debug|x86.Build.0 = Debug|Any CPU
		{9DA55746-E70B-4B37-972C-F0745AF151DE}.Release|Any CPU.ActiveCfg = Release|Any CPU
		{9DA55746-E70B-4B37-972C-F0745AF151DE}.Release|Any CPU.Build.0 = Release|Any CPU
		{9DA55746-E70B-4B37-972C-F0745AF151DE}.Release|x64.ActiveCfg = Release|Any CPU
		{9DA55746-E70B-4B37-972C-F0745AF151DE}.Release|x64.Build.0 = Release|Any CPU
		{9DA55746-E70B-4B37-972C-F0745AF151DE}.Release|x86.ActiveCfg = Release|Any CPU
		{9DA55746-E70B-4B37-972C-F0745AF151DE}.Release|x86.Build.0 = Release|Any CPU
		{84180640-21F6-4EB4-AF37-16481F93933E}.Debug|Any CPU.ActiveCfg = Debug|Any CPU
		{84180640-21F6-4EB4-AF37-16481F93933E}.Debug|Any CPU.Build.0 = Debug|Any CPU
		{84180640-21F6-4EB4-AF37-16481F93933E}.Debug|x64.ActiveCfg = Debug|Any CPU
		{84180640-21F6-4EB4-AF37-16481F93933E}.Debug|x64.Build.0 = Debug|Any CPU
		{84180640-21F6-4EB4-AF37-16481F93933E}.Debug|x86.ActiveCfg = Debug|Any CPU
		{84180640-21F6-4EB4-AF37-16481F93933E}.Debug|x86.Build.0 = Debug|Any CPU
		{84180640-21F6-4EB4-AF37-16481F93933E}.Release|Any CPU.ActiveCfg = Release|Any CPU
		{84180640-21F6-4EB4-AF37-16481F93933E}.Release|Any CPU.Build.0 = Release|Any CPU
		{84180640-21F6-4EB4-AF37-16481F93933E}.Release|x64.ActiveCfg = Release|Any CPU
		{84180640-21F6-4EB4-AF37-16481F93933E}.Release|x64.Build.0 = Release|Any CPU
		{84180640-21F6-4EB4-AF37-16481F93933E}.Release|x86.ActiveCfg = Release|Any CPU
		{84180640-21F6-4EB4-AF37-16481F93933E}.Release|x86.Build.0 = Release|Any CPU
		{DAFD0819-5CE9-40AF-AFAE-D149B4EFB09F}.Debug|Any CPU.ActiveCfg = Debug|Any CPU
		{DAFD0819-5CE9-40AF-AFAE-D149B4EFB09F}.Debug|Any CPU.Build.0 = Debug|Any CPU
		{DAFD0819-5CE9-40AF-AFAE-D149B4EFB09F}.Debug|x64.ActiveCfg = Debug|Any CPU
		{DAFD0819-5CE9-40AF-AFAE-D149B4EFB09F}.Debug|x64.Build.0 = Debug|Any CPU
		{DAFD0819-5CE9-40AF-AFAE-D149B4EFB09F}.Debug|x86.ActiveCfg = Debug|Any CPU
		{DAFD0819-5CE9-40AF-AFAE-D149B4EFB09F}.Debug|x86.Build.0 = Debug|Any CPU
		{DAFD0819-5CE9-40AF-AFAE-D149B4EFB09F}.Release|Any CPU.ActiveCfg = Release|Any CPU
		{DAFD0819-5CE9-40AF-AFAE-D149B4EFB09F}.Release|Any CPU.Build.0 = Release|Any CPU
		{DAFD0819-5CE9-40AF-AFAE-D149B4EFB09F}.Release|x64.ActiveCfg = Release|Any CPU
		{DAFD0819-5CE9-40AF-AFAE-D149B4EFB09F}.Release|x64.Build.0 = Release|Any CPU
		{DAFD0819-5CE9-40AF-AFAE-D149B4EFB09F}.Release|x86.ActiveCfg = Release|Any CPU
		{DAFD0819-5CE9-40AF-AFAE-D149B4EFB09F}.Release|x86.Build.0 = Release|Any CPU
		{BB91F8FB-412B-420F-90DA-6DCB970CEA74}.Debug|Any CPU.ActiveCfg = Debug|Any CPU
		{BB91F8FB-412B-420F-90DA-6DCB970CEA74}.Debug|Any CPU.Build.0 = Debug|Any CPU
		{BB91F8FB-412B-420F-90DA-6DCB970CEA74}.Debug|x64.ActiveCfg = Debug|Any CPU
		{BB91F8FB-412B-420F-90DA-6DCB970CEA74}.Debug|x64.Build.0 = Debug|Any CPU
		{BB91F8FB-412B-420F-90DA-6DCB970CEA74}.Debug|x86.ActiveCfg = Debug|Any CPU
		{BB91F8FB-412B-420F-90DA-6DCB970CEA74}.Debug|x86.Build.0 = Debug|Any CPU
		{BB91F8FB-412B-420F-90DA-6DCB970CEA74}.Release|Any CPU.ActiveCfg = Release|Any CPU
		{BB91F8FB-412B-420F-90DA-6DCB970CEA74}.Release|Any CPU.Build.0 = Release|Any CPU
		{BB91F8FB-412B-420F-90DA-6DCB970CEA74}.Release|x64.ActiveCfg = Release|Any CPU
		{BB91F8FB-412B-420F-90DA-6DCB970CEA74}.Release|x64.Build.0 = Release|Any CPU
		{BB91F8FB-412B-420F-90DA-6DCB970CEA74}.Release|x86.ActiveCfg = Release|Any CPU
		{BB91F8FB-412B-420F-90DA-6DCB970CEA74}.Release|x86.Build.0 = Release|Any CPU
		{08EB688D-2E71-4C78-BB50-797AAC310650}.Debug|Any CPU.ActiveCfg = Debug|Any CPU
		{08EB688D-2E71-4C78-BB50-797AAC310650}.Debug|Any CPU.Build.0 = Debug|Any CPU
		{08EB688D-2E71-4C78-BB50-797AAC310650}.Debug|x64.ActiveCfg = Debug|Any CPU
		{08EB688D-2E71-4C78-BB50-797AAC310650}.Debug|x64.Build.0 = Debug|Any CPU
		{08EB688D-2E71-4C78-BB50-797AAC310650}.Debug|x86.ActiveCfg = Debug|Any CPU
		{08EB688D-2E71-4C78-BB50-797AAC310650}.Debug|x86.Build.0 = Debug|Any CPU
		{08EB688D-2E71-4C78-BB50-797AAC310650}.Release|Any CPU.ActiveCfg = Release|Any CPU
		{08EB688D-2E71-4C78-BB50-797AAC310650}.Release|Any CPU.Build.0 = Release|Any CPU
		{08EB688D-2E71-4C78-BB50-797AAC310650}.Release|x64.ActiveCfg = Release|Any CPU
		{08EB688D-2E71-4C78-BB50-797AAC310650}.Release|x64.Build.0 = Release|Any CPU
		{08EB688D-2E71-4C78-BB50-797AAC310650}.Release|x86.ActiveCfg = Release|Any CPU
		{08EB688D-2E71-4C78-BB50-797AAC310650}.Release|x86.Build.0 = Release|Any CPU
		{84C778CD-2290-4011-8E21-312BE9DC7350}.Debug|Any CPU.ActiveCfg = Debug|Any CPU
		{84C778CD-2290-4011-8E21-312BE9DC7350}.Debug|Any CPU.Build.0 = Debug|Any CPU
		{84C778CD-2290-4011-8E21-312BE9DC7350}.Debug|x64.ActiveCfg = Debug|Any CPU
		{84C778CD-2290-4011-8E21-312BE9DC7350}.Debug|x64.Build.0 = Debug|Any CPU
		{84C778CD-2290-4011-8E21-312BE9DC7350}.Debug|x86.ActiveCfg = Debug|Any CPU
		{84C778CD-2290-4011-8E21-312BE9DC7350}.Debug|x86.Build.0 = Debug|Any CPU
		{84C778CD-2290-4011-8E21-312BE9DC7350}.Release|Any CPU.ActiveCfg = Release|Any CPU
		{84C778CD-2290-4011-8E21-312BE9DC7350}.Release|Any CPU.Build.0 = Release|Any CPU
		{84C778CD-2290-4011-8E21-312BE9DC7350}.Release|x64.ActiveCfg = Release|Any CPU
		{84C778CD-2290-4011-8E21-312BE9DC7350}.Release|x64.Build.0 = Release|Any CPU
		{84C778CD-2290-4011-8E21-312BE9DC7350}.Release|x86.ActiveCfg = Release|Any CPU
		{84C778CD-2290-4011-8E21-312BE9DC7350}.Release|x86.Build.0 = Release|Any CPU
		{593AD0C1-687B-4D43-AE3C-A7786B718EB5}.Debug|Any CPU.ActiveCfg = Debug|Any CPU
		{593AD0C1-687B-4D43-AE3C-A7786B718EB5}.Debug|Any CPU.Build.0 = Debug|Any CPU
		{593AD0C1-687B-4D43-AE3C-A7786B718EB5}.Debug|x64.ActiveCfg = Debug|Any CPU
		{593AD0C1-687B-4D43-AE3C-A7786B718EB5}.Debug|x64.Build.0 = Debug|Any CPU
		{593AD0C1-687B-4D43-AE3C-A7786B718EB5}.Debug|x86.ActiveCfg = Debug|Any CPU
		{593AD0C1-687B-4D43-AE3C-A7786B718EB5}.Debug|x86.Build.0 = Debug|Any CPU
		{593AD0C1-687B-4D43-AE3C-A7786B718EB5}.Release|Any CPU.ActiveCfg = Release|Any CPU
		{593AD0C1-687B-4D43-AE3C-A7786B718EB5}.Release|Any CPU.Build.0 = Release|Any CPU
		{593AD0C1-687B-4D43-AE3C-A7786B718EB5}.Release|x64.ActiveCfg = Release|Any CPU
		{593AD0C1-687B-4D43-AE3C-A7786B718EB5}.Release|x64.Build.0 = Release|Any CPU
		{593AD0C1-687B-4D43-AE3C-A7786B718EB5}.Release|x86.ActiveCfg = Release|Any CPU
		{593AD0C1-687B-4D43-AE3C-A7786B718EB5}.Release|x86.Build.0 = Release|Any CPU
		{848E5CE2-D894-4321-8961-3521D3F2233C}.Debug|Any CPU.ActiveCfg = Debug|Any CPU
		{848E5CE2-D894-4321-8961-3521D3F2233C}.Debug|Any CPU.Build.0 = Debug|Any CPU
		{848E5CE2-D894-4321-8961-3521D3F2233C}.Debug|x64.ActiveCfg = Debug|Any CPU
		{848E5CE2-D894-4321-8961-3521D3F2233C}.Debug|x64.Build.0 = Debug|Any CPU
		{848E5CE2-D894-4321-8961-3521D3F2233C}.Debug|x86.ActiveCfg = Debug|Any CPU
		{848E5CE2-D894-4321-8961-3521D3F2233C}.Debug|x86.Build.0 = Debug|Any CPU
		{848E5CE2-D894-4321-8961-3521D3F2233C}.Release|Any CPU.ActiveCfg = Release|Any CPU
		{848E5CE2-D894-4321-8961-3521D3F2233C}.Release|Any CPU.Build.0 = Release|Any CPU
		{848E5CE2-D894-4321-8961-3521D3F2233C}.Release|x64.ActiveCfg = Release|Any CPU
		{848E5CE2-D894-4321-8961-3521D3F2233C}.Release|x64.Build.0 = Release|Any CPU
		{848E5CE2-D894-4321-8961-3521D3F2233C}.Release|x86.ActiveCfg = Release|Any CPU
		{848E5CE2-D894-4321-8961-3521D3F2233C}.Release|x86.Build.0 = Release|Any CPU
		{BEAC63DD-5701-4B33-8155-5218B9761A70}.Debug|Any CPU.ActiveCfg = Debug|Any CPU
		{BEAC63DD-5701-4B33-8155-5218B9761A70}.Debug|Any CPU.Build.0 = Debug|Any CPU
		{BEAC63DD-5701-4B33-8155-5218B9761A70}.Debug|x64.ActiveCfg = Debug|Any CPU
		{BEAC63DD-5701-4B33-8155-5218B9761A70}.Debug|x64.Build.0 = Debug|Any CPU
		{BEAC63DD-5701-4B33-8155-5218B9761A70}.Debug|x86.ActiveCfg = Debug|Any CPU
		{BEAC63DD-5701-4B33-8155-5218B9761A70}.Debug|x86.Build.0 = Debug|Any CPU
		{BEAC63DD-5701-4B33-8155-5218B9761A70}.Release|Any CPU.ActiveCfg = Release|Any CPU
		{BEAC63DD-5701-4B33-8155-5218B9761A70}.Release|Any CPU.Build.0 = Release|Any CPU
		{BEAC63DD-5701-4B33-8155-5218B9761A70}.Release|x64.ActiveCfg = Release|Any CPU
		{BEAC63DD-5701-4B33-8155-5218B9761A70}.Release|x64.Build.0 = Release|Any CPU
		{BEAC63DD-5701-4B33-8155-5218B9761A70}.Release|x86.ActiveCfg = Release|Any CPU
		{BEAC63DD-5701-4B33-8155-5218B9761A70}.Release|x86.Build.0 = Release|Any CPU
		{31517A92-5B06-434B-8BA2-597ECD3DEBA5}.Debug|Any CPU.ActiveCfg = Debug|Any CPU
		{31517A92-5B06-434B-8BA2-597ECD3DEBA5}.Debug|Any CPU.Build.0 = Debug|Any CPU
		{31517A92-5B06-434B-8BA2-597ECD3DEBA5}.Debug|x64.ActiveCfg = Debug|Any CPU
		{31517A92-5B06-434B-8BA2-597ECD3DEBA5}.Debug|x64.Build.0 = Debug|Any CPU
		{31517A92-5B06-434B-8BA2-597ECD3DEBA5}.Debug|x86.ActiveCfg = Debug|Any CPU
		{31517A92-5B06-434B-8BA2-597ECD3DEBA5}.Debug|x86.Build.0 = Debug|Any CPU
		{31517A92-5B06-434B-8BA2-597ECD3DEBA5}.Release|Any CPU.ActiveCfg = Release|Any CPU
		{31517A92-5B06-434B-8BA2-597ECD3DEBA5}.Release|Any CPU.Build.0 = Release|Any CPU
		{31517A92-5B06-434B-8BA2-597ECD3DEBA5}.Release|x64.ActiveCfg = Release|Any CPU
		{31517A92-5B06-434B-8BA2-597ECD3DEBA5}.Release|x64.Build.0 = Release|Any CPU
		{31517A92-5B06-434B-8BA2-597ECD3DEBA5}.Release|x86.ActiveCfg = Release|Any CPU
		{31517A92-5B06-434B-8BA2-597ECD3DEBA5}.Release|x86.Build.0 = Release|Any CPU
		{68867B24-B794-4C28-A9FC-BD6D86B19750}.Debug|Any CPU.ActiveCfg = Debug|Any CPU
		{68867B24-B794-4C28-A9FC-BD6D86B19750}.Debug|Any CPU.Build.0 = Debug|Any CPU
		{68867B24-B794-4C28-A9FC-BD6D86B19750}.Debug|x64.ActiveCfg = Debug|Any CPU
		{68867B24-B794-4C28-A9FC-BD6D86B19750}.Debug|x64.Build.0 = Debug|Any CPU
		{68867B24-B794-4C28-A9FC-BD6D86B19750}.Debug|x86.ActiveCfg = Debug|Any CPU
		{68867B24-B794-4C28-A9FC-BD6D86B19750}.Debug|x86.Build.0 = Debug|Any CPU
		{68867B24-B794-4C28-A9FC-BD6D86B19750}.Release|Any CPU.ActiveCfg = Release|Any CPU
		{68867B24-B794-4C28-A9FC-BD6D86B19750}.Release|Any CPU.Build.0 = Release|Any CPU
		{68867B24-B794-4C28-A9FC-BD6D86B19750}.Release|x64.ActiveCfg = Release|Any CPU
		{68867B24-B794-4C28-A9FC-BD6D86B19750}.Release|x64.Build.0 = Release|Any CPU
		{68867B24-B794-4C28-A9FC-BD6D86B19750}.Release|x86.ActiveCfg = Release|Any CPU
		{68867B24-B794-4C28-A9FC-BD6D86B19750}.Release|x86.Build.0 = Release|Any CPU
		{62D3B49D-F51A-4B80-88C4-76C2CD583DC9}.Debug|Any CPU.ActiveCfg = Debug|Any CPU
		{62D3B49D-F51A-4B80-88C4-76C2CD583DC9}.Debug|Any CPU.Build.0 = Debug|Any CPU
		{62D3B49D-F51A-4B80-88C4-76C2CD583DC9}.Debug|x64.ActiveCfg = Debug|Any CPU
		{62D3B49D-F51A-4B80-88C4-76C2CD583DC9}.Debug|x64.Build.0 = Debug|Any CPU
		{62D3B49D-F51A-4B80-88C4-76C2CD583DC9}.Debug|x86.ActiveCfg = Debug|Any CPU
		{62D3B49D-F51A-4B80-88C4-76C2CD583DC9}.Debug|x86.Build.0 = Debug|Any CPU
		{62D3B49D-F51A-4B80-88C4-76C2CD583DC9}.Release|Any CPU.ActiveCfg = Release|Any CPU
		{62D3B49D-F51A-4B80-88C4-76C2CD583DC9}.Release|Any CPU.Build.0 = Release|Any CPU
		{62D3B49D-F51A-4B80-88C4-76C2CD583DC9}.Release|x64.ActiveCfg = Release|Any CPU
		{62D3B49D-F51A-4B80-88C4-76C2CD583DC9}.Release|x64.Build.0 = Release|Any CPU
		{62D3B49D-F51A-4B80-88C4-76C2CD583DC9}.Release|x86.ActiveCfg = Release|Any CPU
		{62D3B49D-F51A-4B80-88C4-76C2CD583DC9}.Release|x86.Build.0 = Release|Any CPU
		{837CDD41-BEA3-4C7D-957F-3B4AFE3B14DB}.Debug|Any CPU.ActiveCfg = Debug|Any CPU
		{837CDD41-BEA3-4C7D-957F-3B4AFE3B14DB}.Debug|Any CPU.Build.0 = Debug|Any CPU
		{837CDD41-BEA3-4C7D-957F-3B4AFE3B14DB}.Debug|x64.ActiveCfg = Debug|Any CPU
		{837CDD41-BEA3-4C7D-957F-3B4AFE3B14DB}.Debug|x64.Build.0 = Debug|Any CPU
		{837CDD41-BEA3-4C7D-957F-3B4AFE3B14DB}.Debug|x86.ActiveCfg = Debug|Any CPU
		{837CDD41-BEA3-4C7D-957F-3B4AFE3B14DB}.Debug|x86.Build.0 = Debug|Any CPU
		{837CDD41-BEA3-4C7D-957F-3B4AFE3B14DB}.Release|Any CPU.ActiveCfg = Release|Any CPU
		{837CDD41-BEA3-4C7D-957F-3B4AFE3B14DB}.Release|Any CPU.Build.0 = Release|Any CPU
		{837CDD41-BEA3-4C7D-957F-3B4AFE3B14DB}.Release|x64.ActiveCfg = Release|Any CPU
		{837CDD41-BEA3-4C7D-957F-3B4AFE3B14DB}.Release|x64.Build.0 = Release|Any CPU
		{837CDD41-BEA3-4C7D-957F-3B4AFE3B14DB}.Release|x86.ActiveCfg = Release|Any CPU
		{837CDD41-BEA3-4C7D-957F-3B4AFE3B14DB}.Release|x86.Build.0 = Release|Any CPU
		{9DE48E83-DF4E-4C5F-9BC8-CB05C646FC43}.Debug|Any CPU.ActiveCfg = Debug|Any CPU
		{9DE48E83-DF4E-4C5F-9BC8-CB05C646FC43}.Debug|Any CPU.Build.0 = Debug|Any CPU
		{9DE48E83-DF4E-4C5F-9BC8-CB05C646FC43}.Debug|x64.ActiveCfg = Debug|Any CPU
		{9DE48E83-DF4E-4C5F-9BC8-CB05C646FC43}.Debug|x64.Build.0 = Debug|Any CPU
		{9DE48E83-DF4E-4C5F-9BC8-CB05C646FC43}.Debug|x86.ActiveCfg = Debug|Any CPU
		{9DE48E83-DF4E-4C5F-9BC8-CB05C646FC43}.Debug|x86.Build.0 = Debug|Any CPU
		{9DE48E83-DF4E-4C5F-9BC8-CB05C646FC43}.Release|Any CPU.ActiveCfg = Release|Any CPU
		{9DE48E83-DF4E-4C5F-9BC8-CB05C646FC43}.Release|Any CPU.Build.0 = Release|Any CPU
		{9DE48E83-DF4E-4C5F-9BC8-CB05C646FC43}.Release|x64.ActiveCfg = Release|Any CPU
		{9DE48E83-DF4E-4C5F-9BC8-CB05C646FC43}.Release|x64.Build.0 = Release|Any CPU
		{9DE48E83-DF4E-4C5F-9BC8-CB05C646FC43}.Release|x86.ActiveCfg = Release|Any CPU
		{9DE48E83-DF4E-4C5F-9BC8-CB05C646FC43}.Release|x86.Build.0 = Release|Any CPU
		{8705E498-3F5C-41DE-9CCD-FE99104FFF2D}.Debug|Any CPU.ActiveCfg = Debug|Any CPU
		{8705E498-3F5C-41DE-9CCD-FE99104FFF2D}.Debug|Any CPU.Build.0 = Debug|Any CPU
		{8705E498-3F5C-41DE-9CCD-FE99104FFF2D}.Debug|x64.ActiveCfg = Debug|Any CPU
		{8705E498-3F5C-41DE-9CCD-FE99104FFF2D}.Debug|x64.Build.0 = Debug|Any CPU
		{8705E498-3F5C-41DE-9CCD-FE99104FFF2D}.Debug|x86.ActiveCfg = Debug|Any CPU
		{8705E498-3F5C-41DE-9CCD-FE99104FFF2D}.Debug|x86.Build.0 = Debug|Any CPU
		{8705E498-3F5C-41DE-9CCD-FE99104FFF2D}.Release|Any CPU.ActiveCfg = Release|Any CPU
		{8705E498-3F5C-41DE-9CCD-FE99104FFF2D}.Release|Any CPU.Build.0 = Release|Any CPU
		{8705E498-3F5C-41DE-9CCD-FE99104FFF2D}.Release|x64.ActiveCfg = Release|Any CPU
		{8705E498-3F5C-41DE-9CCD-FE99104FFF2D}.Release|x64.Build.0 = Release|Any CPU
		{8705E498-3F5C-41DE-9CCD-FE99104FFF2D}.Release|x86.ActiveCfg = Release|Any CPU
		{8705E498-3F5C-41DE-9CCD-FE99104FFF2D}.Release|x86.Build.0 = Release|Any CPU
		{F6E76800-BF17-4D9B-9AD1-2BD2A3138807}.Debug|Any CPU.ActiveCfg = Debug|Any CPU
		{F6E76800-BF17-4D9B-9AD1-2BD2A3138807}.Debug|Any CPU.Build.0 = Debug|Any CPU
		{F6E76800-BF17-4D9B-9AD1-2BD2A3138807}.Debug|x64.ActiveCfg = Debug|Any CPU
		{F6E76800-BF17-4D9B-9AD1-2BD2A3138807}.Debug|x64.Build.0 = Debug|Any CPU
		{F6E76800-BF17-4D9B-9AD1-2BD2A3138807}.Debug|x86.ActiveCfg = Debug|Any CPU
		{F6E76800-BF17-4D9B-9AD1-2BD2A3138807}.Debug|x86.Build.0 = Debug|Any CPU
		{F6E76800-BF17-4D9B-9AD1-2BD2A3138807}.Release|Any CPU.ActiveCfg = Release|Any CPU
		{F6E76800-BF17-4D9B-9AD1-2BD2A3138807}.Release|Any CPU.Build.0 = Release|Any CPU
		{F6E76800-BF17-4D9B-9AD1-2BD2A3138807}.Release|x64.ActiveCfg = Release|Any CPU
		{F6E76800-BF17-4D9B-9AD1-2BD2A3138807}.Release|x64.Build.0 = Release|Any CPU
		{F6E76800-BF17-4D9B-9AD1-2BD2A3138807}.Release|x86.ActiveCfg = Release|Any CPU
		{F6E76800-BF17-4D9B-9AD1-2BD2A3138807}.Release|x86.Build.0 = Release|Any CPU
		{DF4464D4-B411-42E2-B4DC-16EBE5ABB0EF}.Debug|Any CPU.ActiveCfg = Debug|Any CPU
		{DF4464D4-B411-42E2-B4DC-16EBE5ABB0EF}.Debug|Any CPU.Build.0 = Debug|Any CPU
		{DF4464D4-B411-42E2-B4DC-16EBE5ABB0EF}.Debug|x64.ActiveCfg = Debug|Any CPU
		{DF4464D4-B411-42E2-B4DC-16EBE5ABB0EF}.Debug|x64.Build.0 = Debug|Any CPU
		{DF4464D4-B411-42E2-B4DC-16EBE5ABB0EF}.Debug|x86.ActiveCfg = Debug|Any CPU
		{DF4464D4-B411-42E2-B4DC-16EBE5ABB0EF}.Debug|x86.Build.0 = Debug|Any CPU
		{DF4464D4-B411-42E2-B4DC-16EBE5ABB0EF}.Release|Any CPU.ActiveCfg = Release|Any CPU
		{DF4464D4-B411-42E2-B4DC-16EBE5ABB0EF}.Release|Any CPU.Build.0 = Release|Any CPU
		{DF4464D4-B411-42E2-B4DC-16EBE5ABB0EF}.Release|x64.ActiveCfg = Release|Any CPU
		{DF4464D4-B411-42E2-B4DC-16EBE5ABB0EF}.Release|x86.ActiveCfg = Release|Any CPU
		{DF4464D4-B411-42E2-B4DC-16EBE5ABB0EF}.Release|x86.Build.0 = Release|Any CPU
		{DF4464D4-B411-42E2-B4DC-16EBE5ABB0EF}.Release|x64.Build.0 = Release|Any CPU
		{8849DD9F-CEB4-40D5-9DC0-EC6EDCA09E65}.Debug|Any CPU.ActiveCfg = Debug|Any CPU
		{8849DD9F-CEB4-40D5-9DC0-EC6EDCA09E65}.Debug|Any CPU.Build.0 = Debug|Any CPU
		{8849DD9F-CEB4-40D5-9DC0-EC6EDCA09E65}.Debug|x64.ActiveCfg = Debug|Any CPU
		{8849DD9F-CEB4-40D5-9DC0-EC6EDCA09E65}.Debug|x64.Build.0 = Debug|Any CPU
		{8849DD9F-CEB4-40D5-9DC0-EC6EDCA09E65}.Debug|x86.ActiveCfg = Debug|Any CPU
		{8849DD9F-CEB4-40D5-9DC0-EC6EDCA09E65}.Debug|x86.Build.0 = Debug|Any CPU
		{8849DD9F-CEB4-40D5-9DC0-EC6EDCA09E65}.Release|Any CPU.ActiveCfg = Release|Any CPU
		{8849DD9F-CEB4-40D5-9DC0-EC6EDCA09E65}.Release|Any CPU.Build.0 = Release|Any CPU
		{8849DD9F-CEB4-40D5-9DC0-EC6EDCA09E65}.Release|x64.ActiveCfg = Release|Any CPU
		{8849DD9F-CEB4-40D5-9DC0-EC6EDCA09E65}.Release|x64.Build.0 = Release|Any CPU
		{8849DD9F-CEB4-40D5-9DC0-EC6EDCA09E65}.Release|x86.ActiveCfg = Release|Any CPU
		{8849DD9F-CEB4-40D5-9DC0-EC6EDCA09E65}.Release|x86.Build.0 = Release|Any CPU
		{BD994BD6-9E3D-4221-9287-E8A1468759C5}.Debug|Any CPU.ActiveCfg = Debug|Any CPU
		{BD994BD6-9E3D-4221-9287-E8A1468759C5}.Debug|Any CPU.Build.0 = Debug|Any CPU
		{BD994BD6-9E3D-4221-9287-E8A1468759C5}.Debug|x64.ActiveCfg = Debug|Any CPU
		{BD994BD6-9E3D-4221-9287-E8A1468759C5}.Debug|x64.Build.0 = Debug|Any CPU
		{BD994BD6-9E3D-4221-9287-E8A1468759C5}.Debug|x86.ActiveCfg = Debug|Any CPU
		{BD994BD6-9E3D-4221-9287-E8A1468759C5}.Debug|x86.Build.0 = Debug|Any CPU
		{BD994BD6-9E3D-4221-9287-E8A1468759C5}.Release|Any CPU.ActiveCfg = Release|Any CPU
		{BD994BD6-9E3D-4221-9287-E8A1468759C5}.Release|Any CPU.Build.0 = Release|Any CPU
		{BD994BD6-9E3D-4221-9287-E8A1468759C5}.Release|x64.ActiveCfg = Release|Any CPU
		{BD994BD6-9E3D-4221-9287-E8A1468759C5}.Release|x64.Build.0 = Release|Any CPU
		{BD994BD6-9E3D-4221-9287-E8A1468759C5}.Release|x86.ActiveCfg = Release|Any CPU
		{BD994BD6-9E3D-4221-9287-E8A1468759C5}.Release|x86.Build.0 = Release|Any CPU
		{64F8819D-BB7A-4591-BBE6-56B053CAF00D}.Debug|Any CPU.ActiveCfg = Debug|Any CPU
		{64F8819D-BB7A-4591-BBE6-56B053CAF00D}.Debug|Any CPU.Build.0 = Debug|Any CPU
		{64F8819D-BB7A-4591-BBE6-56B053CAF00D}.Debug|x64.ActiveCfg = Debug|Any CPU
		{64F8819D-BB7A-4591-BBE6-56B053CAF00D}.Debug|x64.Build.0 = Debug|Any CPU
		{64F8819D-BB7A-4591-BBE6-56B053CAF00D}.Debug|x86.ActiveCfg = Debug|Any CPU
		{64F8819D-BB7A-4591-BBE6-56B053CAF00D}.Debug|x86.Build.0 = Debug|Any CPU
		{64F8819D-BB7A-4591-BBE6-56B053CAF00D}.Release|Any CPU.ActiveCfg = Release|Any CPU
		{64F8819D-BB7A-4591-BBE6-56B053CAF00D}.Release|Any CPU.Build.0 = Release|Any CPU
		{64F8819D-BB7A-4591-BBE6-56B053CAF00D}.Release|x64.ActiveCfg = Release|Any CPU
		{64F8819D-BB7A-4591-BBE6-56B053CAF00D}.Release|x64.Build.0 = Release|Any CPU
		{64F8819D-BB7A-4591-BBE6-56B053CAF00D}.Release|x86.ActiveCfg = Release|Any CPU
		{64F8819D-BB7A-4591-BBE6-56B053CAF00D}.Release|x86.Build.0 = Release|Any CPU
		{E7C8D4AC-02DA-4724-8FAA-60A6A89D132B}.Debug|Any CPU.ActiveCfg = Debug|Any CPU
		{E7C8D4AC-02DA-4724-8FAA-60A6A89D132B}.Debug|Any CPU.Build.0 = Debug|Any CPU
		{E7C8D4AC-02DA-4724-8FAA-60A6A89D132B}.Debug|x64.ActiveCfg = Debug|Any CPU
		{E7C8D4AC-02DA-4724-8FAA-60A6A89D132B}.Debug|x64.Build.0 = Debug|Any CPU
		{E7C8D4AC-02DA-4724-8FAA-60A6A89D132B}.Debug|x86.ActiveCfg = Debug|Any CPU
		{E7C8D4AC-02DA-4724-8FAA-60A6A89D132B}.Debug|x86.Build.0 = Debug|Any CPU
		{E7C8D4AC-02DA-4724-8FAA-60A6A89D132B}.Release|Any CPU.ActiveCfg = Release|Any CPU
		{E7C8D4AC-02DA-4724-8FAA-60A6A89D132B}.Release|Any CPU.Build.0 = Release|Any CPU
		{E7C8D4AC-02DA-4724-8FAA-60A6A89D132B}.Release|x64.ActiveCfg = Release|Any CPU
		{E7C8D4AC-02DA-4724-8FAA-60A6A89D132B}.Release|x64.Build.0 = Release|Any CPU
		{E7C8D4AC-02DA-4724-8FAA-60A6A89D132B}.Release|x86.ActiveCfg = Release|Any CPU
		{E7C8D4AC-02DA-4724-8FAA-60A6A89D132B}.Release|x86.Build.0 = Release|Any CPU
		{69128F90-EE16-4964-A67F-780675833183}.Debug|Any CPU.ActiveCfg = Debug|Any CPU
		{69128F90-EE16-4964-A67F-780675833183}.Debug|Any CPU.Build.0 = Debug|Any CPU
		{69128F90-EE16-4964-A67F-780675833183}.Debug|x64.ActiveCfg = Debug|Any CPU
		{69128F90-EE16-4964-A67F-780675833183}.Debug|x64.Build.0 = Debug|Any CPU
		{69128F90-EE16-4964-A67F-780675833183}.Debug|x86.ActiveCfg = Debug|Any CPU
		{69128F90-EE16-4964-A67F-780675833183}.Debug|x86.Build.0 = Debug|Any CPU
		{69128F90-EE16-4964-A67F-780675833183}.Release|Any CPU.ActiveCfg = Release|Any CPU
		{69128F90-EE16-4964-A67F-780675833183}.Release|Any CPU.Build.0 = Release|Any CPU
		{69128F90-EE16-4964-A67F-780675833183}.Release|x64.ActiveCfg = Release|Any CPU
		{69128F90-EE16-4964-A67F-780675833183}.Release|x64.Build.0 = Release|Any CPU
		{69128F90-EE16-4964-A67F-780675833183}.Release|x86.ActiveCfg = Release|Any CPU
		{69128F90-EE16-4964-A67F-780675833183}.Release|x86.Build.0 = Release|Any CPU
		{5C578AE6-D511-4D87-8FC1-2B92CEC92543}.Debug|Any CPU.ActiveCfg = Debug|Any CPU
		{5C578AE6-D511-4D87-8FC1-2B92CEC92543}.Debug|Any CPU.Build.0 = Debug|Any CPU
		{5C578AE6-D511-4D87-8FC1-2B92CEC92543}.Debug|x64.ActiveCfg = Debug|Any CPU
		{5C578AE6-D511-4D87-8FC1-2B92CEC92543}.Debug|x64.Build.0 = Debug|Any CPU
		{5C578AE6-D511-4D87-8FC1-2B92CEC92543}.Debug|x86.ActiveCfg = Debug|Any CPU
		{5C578AE6-D511-4D87-8FC1-2B92CEC92543}.Debug|x86.Build.0 = Debug|Any CPU
		{5C578AE6-D511-4D87-8FC1-2B92CEC92543}.Release|Any CPU.ActiveCfg = Release|Any CPU
		{5C578AE6-D511-4D87-8FC1-2B92CEC92543}.Release|Any CPU.Build.0 = Release|Any CPU
		{5C578AE6-D511-4D87-8FC1-2B92CEC92543}.Release|x64.ActiveCfg = Release|Any CPU
		{5C578AE6-D511-4D87-8FC1-2B92CEC92543}.Release|x64.Build.0 = Release|Any CPU
		{5C578AE6-D511-4D87-8FC1-2B92CEC92543}.Release|x86.ActiveCfg = Release|Any CPU
		{5C578AE6-D511-4D87-8FC1-2B92CEC92543}.Release|x86.Build.0 = Release|Any CPU
		{D7B5C59D-865F-4E2E-8EC3-92AF15D1D4C8}.Debug|Any CPU.ActiveCfg = Debug|Any CPU
		{D7B5C59D-865F-4E2E-8EC3-92AF15D1D4C8}.Debug|Any CPU.Build.0 = Debug|Any CPU
		{D7B5C59D-865F-4E2E-8EC3-92AF15D1D4C8}.Debug|x64.ActiveCfg = Debug|Any CPU
		{D7B5C59D-865F-4E2E-8EC3-92AF15D1D4C8}.Debug|x64.Build.0 = Debug|Any CPU
		{D7B5C59D-865F-4E2E-8EC3-92AF15D1D4C8}.Debug|x86.ActiveCfg = Debug|Any CPU
		{D7B5C59D-865F-4E2E-8EC3-92AF15D1D4C8}.Debug|x86.Build.0 = Debug|Any CPU
		{D7B5C59D-865F-4E2E-8EC3-92AF15D1D4C8}.Release|Any CPU.ActiveCfg = Release|Any CPU
		{D7B5C59D-865F-4E2E-8EC3-92AF15D1D4C8}.Release|Any CPU.Build.0 = Release|Any CPU
		{D7B5C59D-865F-4E2E-8EC3-92AF15D1D4C8}.Release|x64.ActiveCfg = Release|Any CPU
		{D7B5C59D-865F-4E2E-8EC3-92AF15D1D4C8}.Release|x64.Build.0 = Release|Any CPU
		{D7B5C59D-865F-4E2E-8EC3-92AF15D1D4C8}.Release|x86.ActiveCfg = Release|Any CPU
		{D7B5C59D-865F-4E2E-8EC3-92AF15D1D4C8}.Release|x86.Build.0 = Release|Any CPU
		{BBA624ED-6244-403E-B5FD-8FF27E568B1C}.Debug|Any CPU.ActiveCfg = Debug|Any CPU
		{BBA624ED-6244-403E-B5FD-8FF27E568B1C}.Debug|Any CPU.Build.0 = Debug|Any CPU
		{BBA624ED-6244-403E-B5FD-8FF27E568B1C}.Debug|x64.ActiveCfg = Debug|Any CPU
		{BBA624ED-6244-403E-B5FD-8FF27E568B1C}.Debug|x64.Build.0 = Debug|Any CPU
		{BBA624ED-6244-403E-B5FD-8FF27E568B1C}.Debug|x86.ActiveCfg = Debug|Any CPU
		{BBA624ED-6244-403E-B5FD-8FF27E568B1C}.Debug|x86.Build.0 = Debug|Any CPU
		{BBA624ED-6244-403E-B5FD-8FF27E568B1C}.Release|Any CPU.ActiveCfg = Release|Any CPU
		{BBA624ED-6244-403E-B5FD-8FF27E568B1C}.Release|Any CPU.Build.0 = Release|Any CPU
		{BBA624ED-6244-403E-B5FD-8FF27E568B1C}.Release|x64.ActiveCfg = Release|Any CPU
		{BBA624ED-6244-403E-B5FD-8FF27E568B1C}.Release|x64.Build.0 = Release|Any CPU
		{BBA624ED-6244-403E-B5FD-8FF27E568B1C}.Release|x86.ActiveCfg = Release|Any CPU
		{BBA624ED-6244-403E-B5FD-8FF27E568B1C}.Release|x86.Build.0 = Release|Any CPU
		{D9E84C28-FC26-4547-9F16-5BA7147B1B82}.Debug|Any CPU.ActiveCfg = Debug|Any CPU
		{D9E84C28-FC26-4547-9F16-5BA7147B1B82}.Debug|Any CPU.Build.0 = Debug|Any CPU
		{D9E84C28-FC26-4547-9F16-5BA7147B1B82}.Debug|x64.ActiveCfg = Debug|Any CPU
		{D9E84C28-FC26-4547-9F16-5BA7147B1B82}.Debug|x64.Build.0 = Debug|Any CPU
		{D9E84C28-FC26-4547-9F16-5BA7147B1B82}.Debug|x86.ActiveCfg = Debug|Any CPU
		{D9E84C28-FC26-4547-9F16-5BA7147B1B82}.Debug|x86.Build.0 = Debug|Any CPU
		{D9E84C28-FC26-4547-9F16-5BA7147B1B82}.Release|Any CPU.ActiveCfg = Release|Any CPU
		{D9E84C28-FC26-4547-9F16-5BA7147B1B82}.Release|Any CPU.Build.0 = Release|Any CPU
		{D9E84C28-FC26-4547-9F16-5BA7147B1B82}.Release|x64.ActiveCfg = Release|Any CPU
		{D9E84C28-FC26-4547-9F16-5BA7147B1B82}.Release|x64.Build.0 = Release|Any CPU
		{D9E84C28-FC26-4547-9F16-5BA7147B1B82}.Release|x86.ActiveCfg = Release|Any CPU
		{D9E84C28-FC26-4547-9F16-5BA7147B1B82}.Release|x86.Build.0 = Release|Any CPU
		{C1B69015-FC27-483E-A65A-A342DC14B7F4}.Debug|Any CPU.ActiveCfg = Debug|Any CPU
		{C1B69015-FC27-483E-A65A-A342DC14B7F4}.Debug|Any CPU.Build.0 = Debug|Any CPU
		{C1B69015-FC27-483E-A65A-A342DC14B7F4}.Debug|x64.ActiveCfg = Debug|Any CPU
		{C1B69015-FC27-483E-A65A-A342DC14B7F4}.Debug|x64.Build.0 = Debug|Any CPU
		{C1B69015-FC27-483E-A65A-A342DC14B7F4}.Debug|x86.ActiveCfg = Debug|Any CPU
		{C1B69015-FC27-483E-A65A-A342DC14B7F4}.Debug|x86.Build.0 = Debug|Any CPU
		{C1B69015-FC27-483E-A65A-A342DC14B7F4}.Release|Any CPU.ActiveCfg = Release|Any CPU
		{C1B69015-FC27-483E-A65A-A342DC14B7F4}.Release|Any CPU.Build.0 = Release|Any CPU
		{C1B69015-FC27-483E-A65A-A342DC14B7F4}.Release|x64.ActiveCfg = Release|Any CPU
		{C1B69015-FC27-483E-A65A-A342DC14B7F4}.Release|x64.Build.0 = Release|Any CPU
		{C1B69015-FC27-483E-A65A-A342DC14B7F4}.Release|x86.ActiveCfg = Release|Any CPU
		{C1B69015-FC27-483E-A65A-A342DC14B7F4}.Release|x86.Build.0 = Release|Any CPU
		{C087B9A2-6790-484B-9C19-C23DDB025CEA}.Debug|Any CPU.ActiveCfg = Debug|Any CPU
		{C087B9A2-6790-484B-9C19-C23DDB025CEA}.Debug|Any CPU.Build.0 = Debug|Any CPU
		{C087B9A2-6790-484B-9C19-C23DDB025CEA}.Debug|x64.ActiveCfg = Debug|Any CPU
		{C087B9A2-6790-484B-9C19-C23DDB025CEA}.Debug|x64.Build.0 = Debug|Any CPU
		{C087B9A2-6790-484B-9C19-C23DDB025CEA}.Debug|x86.ActiveCfg = Debug|Any CPU
		{C087B9A2-6790-484B-9C19-C23DDB025CEA}.Debug|x86.Build.0 = Debug|Any CPU
		{C087B9A2-6790-484B-9C19-C23DDB025CEA}.Release|Any CPU.ActiveCfg = Release|Any CPU
		{C087B9A2-6790-484B-9C19-C23DDB025CEA}.Release|Any CPU.Build.0 = Release|Any CPU
		{C087B9A2-6790-484B-9C19-C23DDB025CEA}.Release|x64.ActiveCfg = Release|Any CPU
		{C087B9A2-6790-484B-9C19-C23DDB025CEA}.Release|x64.Build.0 = Release|Any CPU
		{C087B9A2-6790-484B-9C19-C23DDB025CEA}.Release|x86.ActiveCfg = Release|Any CPU
		{C087B9A2-6790-484B-9C19-C23DDB025CEA}.Release|x86.Build.0 = Release|Any CPU
		{C912F331-E740-44F7-A573-B1432C5DCF98}.Debug|Any CPU.ActiveCfg = Debug|Any CPU
		{C912F331-E740-44F7-A573-B1432C5DCF98}.Debug|Any CPU.Build.0 = Debug|Any CPU
		{C912F331-E740-44F7-A573-B1432C5DCF98}.Debug|x64.ActiveCfg = Debug|Any CPU
		{C912F331-E740-44F7-A573-B1432C5DCF98}.Debug|x64.Build.0 = Debug|Any CPU
		{C912F331-E740-44F7-A573-B1432C5DCF98}.Debug|x86.ActiveCfg = Debug|Any CPU
		{C912F331-E740-44F7-A573-B1432C5DCF98}.Debug|x86.Build.0 = Debug|Any CPU
		{C912F331-E740-44F7-A573-B1432C5DCF98}.Release|Any CPU.ActiveCfg = Release|Any CPU
		{C912F331-E740-44F7-A573-B1432C5DCF98}.Release|Any CPU.Build.0 = Release|Any CPU
		{C912F331-E740-44F7-A573-B1432C5DCF98}.Release|x64.ActiveCfg = Release|Any CPU
		{C912F331-E740-44F7-A573-B1432C5DCF98}.Release|x64.Build.0 = Release|Any CPU
		{C912F331-E740-44F7-A573-B1432C5DCF98}.Release|x86.ActiveCfg = Release|Any CPU
		{C912F331-E740-44F7-A573-B1432C5DCF98}.Release|x86.Build.0 = Release|Any CPU
		{B0F9003C-BA53-4948-8FB7-1F7F230F9310}.Debug|Any CPU.ActiveCfg = Debug|Any CPU
		{B0F9003C-BA53-4948-8FB7-1F7F230F9310}.Debug|Any CPU.Build.0 = Debug|Any CPU
		{B0F9003C-BA53-4948-8FB7-1F7F230F9310}.Debug|x64.ActiveCfg = Debug|Any CPU
		{B0F9003C-BA53-4948-8FB7-1F7F230F9310}.Debug|x64.Build.0 = Debug|Any CPU
		{B0F9003C-BA53-4948-8FB7-1F7F230F9310}.Debug|x86.ActiveCfg = Debug|Any CPU
		{B0F9003C-BA53-4948-8FB7-1F7F230F9310}.Debug|x86.Build.0 = Debug|Any CPU
		{B0F9003C-BA53-4948-8FB7-1F7F230F9310}.Release|Any CPU.ActiveCfg = Release|Any CPU
		{B0F9003C-BA53-4948-8FB7-1F7F230F9310}.Release|Any CPU.Build.0 = Release|Any CPU
		{B0F9003C-BA53-4948-8FB7-1F7F230F9310}.Release|x64.ActiveCfg = Release|Any CPU
		{B0F9003C-BA53-4948-8FB7-1F7F230F9310}.Release|x64.Build.0 = Release|Any CPU
		{B0F9003C-BA53-4948-8FB7-1F7F230F9310}.Release|x86.ActiveCfg = Release|Any CPU
		{B0F9003C-BA53-4948-8FB7-1F7F230F9310}.Release|x86.Build.0 = Release|Any CPU
		{24AA3B6A-54BA-4B87-BBAE-1B5D6FBF207E}.Debug|Any CPU.ActiveCfg = Debug|Any CPU
		{24AA3B6A-54BA-4B87-BBAE-1B5D6FBF207E}.Debug|Any CPU.Build.0 = Debug|Any CPU
		{24AA3B6A-54BA-4B87-BBAE-1B5D6FBF207E}.Debug|x64.ActiveCfg = Debug|Any CPU
		{24AA3B6A-54BA-4B87-BBAE-1B5D6FBF207E}.Debug|x64.Build.0 = Debug|Any CPU
		{24AA3B6A-54BA-4B87-BBAE-1B5D6FBF207E}.Debug|x86.ActiveCfg = Debug|Any CPU
		{24AA3B6A-54BA-4B87-BBAE-1B5D6FBF207E}.Debug|x86.Build.0 = Debug|Any CPU
		{24AA3B6A-54BA-4B87-BBAE-1B5D6FBF207E}.Release|Any CPU.ActiveCfg = Release|Any CPU
		{24AA3B6A-54BA-4B87-BBAE-1B5D6FBF207E}.Release|Any CPU.Build.0 = Release|Any CPU
		{24AA3B6A-54BA-4B87-BBAE-1B5D6FBF207E}.Release|x64.ActiveCfg = Release|Any CPU
		{24AA3B6A-54BA-4B87-BBAE-1B5D6FBF207E}.Release|x64.Build.0 = Release|Any CPU
		{24AA3B6A-54BA-4B87-BBAE-1B5D6FBF207E}.Release|x86.ActiveCfg = Release|Any CPU
		{24AA3B6A-54BA-4B87-BBAE-1B5D6FBF207E}.Release|x86.Build.0 = Release|Any CPU
		{779521AC-8EBB-4E2D-82EE-508A2E95AD1B}.Debug|Any CPU.ActiveCfg = Debug|Any CPU
		{779521AC-8EBB-4E2D-82EE-508A2E95AD1B}.Debug|Any CPU.Build.0 = Debug|Any CPU
		{779521AC-8EBB-4E2D-82EE-508A2E95AD1B}.Debug|x64.ActiveCfg = Debug|Any CPU
		{779521AC-8EBB-4E2D-82EE-508A2E95AD1B}.Debug|x64.Build.0 = Debug|Any CPU
		{779521AC-8EBB-4E2D-82EE-508A2E95AD1B}.Debug|x86.ActiveCfg = Debug|Any CPU
		{779521AC-8EBB-4E2D-82EE-508A2E95AD1B}.Debug|x86.Build.0 = Debug|Any CPU
		{779521AC-8EBB-4E2D-82EE-508A2E95AD1B}.Release|Any CPU.ActiveCfg = Release|Any CPU
		{779521AC-8EBB-4E2D-82EE-508A2E95AD1B}.Release|Any CPU.Build.0 = Release|Any CPU
		{779521AC-8EBB-4E2D-82EE-508A2E95AD1B}.Release|x64.ActiveCfg = Release|Any CPU
		{779521AC-8EBB-4E2D-82EE-508A2E95AD1B}.Release|x64.Build.0 = Release|Any CPU
		{779521AC-8EBB-4E2D-82EE-508A2E95AD1B}.Release|x86.ActiveCfg = Release|Any CPU
		{779521AC-8EBB-4E2D-82EE-508A2E95AD1B}.Release|x86.Build.0 = Release|Any CPU
		{AE486B56-98CC-4E9A-ADC7-B94358B68D43}.Debug|Any CPU.ActiveCfg = Debug|Any CPU
		{AE486B56-98CC-4E9A-ADC7-B94358B68D43}.Debug|Any CPU.Build.0 = Debug|Any CPU
		{AE486B56-98CC-4E9A-ADC7-B94358B68D43}.Debug|x64.ActiveCfg = Debug|Any CPU
		{AE486B56-98CC-4E9A-ADC7-B94358B68D43}.Debug|x64.Build.0 = Debug|Any CPU
		{AE486B56-98CC-4E9A-ADC7-B94358B68D43}.Debug|x86.ActiveCfg = Debug|Any CPU
		{AE486B56-98CC-4E9A-ADC7-B94358B68D43}.Debug|x86.Build.0 = Debug|Any CPU
		{AE486B56-98CC-4E9A-ADC7-B94358B68D43}.Release|Any CPU.ActiveCfg = Release|Any CPU
		{AE486B56-98CC-4E9A-ADC7-B94358B68D43}.Release|Any CPU.Build.0 = Release|Any CPU
		{AE486B56-98CC-4E9A-ADC7-B94358B68D43}.Release|x64.ActiveCfg = Release|Any CPU
		{AE486B56-98CC-4E9A-ADC7-B94358B68D43}.Release|x64.Build.0 = Release|Any CPU
		{AE486B56-98CC-4E9A-ADC7-B94358B68D43}.Release|x86.ActiveCfg = Release|Any CPU
		{AE486B56-98CC-4E9A-ADC7-B94358B68D43}.Release|x86.Build.0 = Release|Any CPU
		{4C38FFE1-705F-41FC-9411-C4EA878B41DB}.Debug|Any CPU.ActiveCfg = Debug|Any CPU
		{4C38FFE1-705F-41FC-9411-C4EA878B41DB}.Debug|Any CPU.Build.0 = Debug|Any CPU
		{4C38FFE1-705F-41FC-9411-C4EA878B41DB}.Debug|x64.ActiveCfg = Debug|Any CPU
		{4C38FFE1-705F-41FC-9411-C4EA878B41DB}.Debug|x64.Build.0 = Debug|Any CPU
		{4C38FFE1-705F-41FC-9411-C4EA878B41DB}.Debug|x86.ActiveCfg = Debug|Any CPU
		{4C38FFE1-705F-41FC-9411-C4EA878B41DB}.Debug|x86.Build.0 = Debug|Any CPU
		{4C38FFE1-705F-41FC-9411-C4EA878B41DB}.Release|Any CPU.ActiveCfg = Release|Any CPU
		{4C38FFE1-705F-41FC-9411-C4EA878B41DB}.Release|Any CPU.Build.0 = Release|Any CPU
		{4C38FFE1-705F-41FC-9411-C4EA878B41DB}.Release|x64.ActiveCfg = Release|Any CPU
		{4C38FFE1-705F-41FC-9411-C4EA878B41DB}.Release|x64.Build.0 = Release|Any CPU
		{4C38FFE1-705F-41FC-9411-C4EA878B41DB}.Release|x86.ActiveCfg = Release|Any CPU
		{4C38FFE1-705F-41FC-9411-C4EA878B41DB}.Release|x86.Build.0 = Release|Any CPU
		{7840C651-9352-4CB2-9152-4793EC219DE9}.Debug|Any CPU.ActiveCfg = Debug|Any CPU
		{7840C651-9352-4CB2-9152-4793EC219DE9}.Debug|Any CPU.Build.0 = Debug|Any CPU
		{7840C651-9352-4CB2-9152-4793EC219DE9}.Debug|x64.ActiveCfg = Debug|Any CPU
		{7840C651-9352-4CB2-9152-4793EC219DE9}.Debug|x64.Build.0 = Debug|Any CPU
		{7840C651-9352-4CB2-9152-4793EC219DE9}.Debug|x86.ActiveCfg = Debug|Any CPU
		{7840C651-9352-4CB2-9152-4793EC219DE9}.Debug|x86.Build.0 = Debug|Any CPU
		{7840C651-9352-4CB2-9152-4793EC219DE9}.Release|Any CPU.ActiveCfg = Release|Any CPU
		{7840C651-9352-4CB2-9152-4793EC219DE9}.Release|Any CPU.Build.0 = Release|Any CPU
		{7840C651-9352-4CB2-9152-4793EC219DE9}.Release|x64.ActiveCfg = Release|Any CPU
		{7840C651-9352-4CB2-9152-4793EC219DE9}.Release|x64.Build.0 = Release|Any CPU
		{7840C651-9352-4CB2-9152-4793EC219DE9}.Release|x86.ActiveCfg = Release|Any CPU
		{7840C651-9352-4CB2-9152-4793EC219DE9}.Release|x86.Build.0 = Release|Any CPU
		{44E4A1E5-BBB4-48CE-BB2F-48177B28553D}.Debug|Any CPU.ActiveCfg = Debug|Any CPU
		{44E4A1E5-BBB4-48CE-BB2F-48177B28553D}.Debug|Any CPU.Build.0 = Debug|Any CPU
		{44E4A1E5-BBB4-48CE-BB2F-48177B28553D}.Debug|x64.ActiveCfg = Debug|Any CPU
		{44E4A1E5-BBB4-48CE-BB2F-48177B28553D}.Debug|x64.Build.0 = Debug|Any CPU
		{44E4A1E5-BBB4-48CE-BB2F-48177B28553D}.Debug|x86.ActiveCfg = Debug|Any CPU
		{44E4A1E5-BBB4-48CE-BB2F-48177B28553D}.Debug|x86.Build.0 = Debug|Any CPU
		{44E4A1E5-BBB4-48CE-BB2F-48177B28553D}.Release|Any CPU.ActiveCfg = Release|Any CPU
		{44E4A1E5-BBB4-48CE-BB2F-48177B28553D}.Release|Any CPU.Build.0 = Release|Any CPU
		{44E4A1E5-BBB4-48CE-BB2F-48177B28553D}.Release|x64.ActiveCfg = Release|Any CPU
		{44E4A1E5-BBB4-48CE-BB2F-48177B28553D}.Release|x64.Build.0 = Release|Any CPU
		{44E4A1E5-BBB4-48CE-BB2F-48177B28553D}.Release|x86.ActiveCfg = Release|Any CPU
		{44E4A1E5-BBB4-48CE-BB2F-48177B28553D}.Release|x86.Build.0 = Release|Any CPU
		{D773F1BE-6111-466E-B1BA-93C560F9D4F5}.Debug|Any CPU.ActiveCfg = Debug|Any CPU
		{D773F1BE-6111-466E-B1BA-93C560F9D4F5}.Debug|Any CPU.Build.0 = Debug|Any CPU
		{D773F1BE-6111-466E-B1BA-93C560F9D4F5}.Debug|x64.ActiveCfg = Debug|Any CPU
		{D773F1BE-6111-466E-B1BA-93C560F9D4F5}.Debug|x64.Build.0 = Debug|Any CPU
		{D773F1BE-6111-466E-B1BA-93C560F9D4F5}.Debug|x86.ActiveCfg = Debug|Any CPU
		{D773F1BE-6111-466E-B1BA-93C560F9D4F5}.Debug|x86.Build.0 = Debug|Any CPU
		{D773F1BE-6111-466E-B1BA-93C560F9D4F5}.Release|Any CPU.ActiveCfg = Release|Any CPU
		{D773F1BE-6111-466E-B1BA-93C560F9D4F5}.Release|Any CPU.Build.0 = Release|Any CPU
		{D773F1BE-6111-466E-B1BA-93C560F9D4F5}.Release|x64.ActiveCfg = Release|Any CPU
		{D773F1BE-6111-466E-B1BA-93C560F9D4F5}.Release|x64.Build.0 = Release|Any CPU
		{D773F1BE-6111-466E-B1BA-93C560F9D4F5}.Release|x86.ActiveCfg = Release|Any CPU
		{D773F1BE-6111-466E-B1BA-93C560F9D4F5}.Release|x86.Build.0 = Release|Any CPU
		{2528AA49-7E9D-497B-966F-5CCC5B5F320C}.Debug|Any CPU.ActiveCfg = Debug|Any CPU
		{2528AA49-7E9D-497B-966F-5CCC5B5F320C}.Debug|Any CPU.Build.0 = Debug|Any CPU
		{2528AA49-7E9D-497B-966F-5CCC5B5F320C}.Debug|x64.ActiveCfg = Debug|Any CPU
		{2528AA49-7E9D-497B-966F-5CCC5B5F320C}.Debug|x64.Build.0 = Debug|Any CPU
		{2528AA49-7E9D-497B-966F-5CCC5B5F320C}.Debug|x86.ActiveCfg = Debug|Any CPU
		{2528AA49-7E9D-497B-966F-5CCC5B5F320C}.Debug|x86.Build.0 = Debug|Any CPU
		{2528AA49-7E9D-497B-966F-5CCC5B5F320C}.Release|Any CPU.ActiveCfg = Release|Any CPU
		{2528AA49-7E9D-497B-966F-5CCC5B5F320C}.Release|Any CPU.Build.0 = Release|Any CPU
		{2528AA49-7E9D-497B-966F-5CCC5B5F320C}.Release|x64.ActiveCfg = Release|Any CPU
		{2528AA49-7E9D-497B-966F-5CCC5B5F320C}.Release|x64.Build.0 = Release|Any CPU
		{2528AA49-7E9D-497B-966F-5CCC5B5F320C}.Release|x86.ActiveCfg = Release|Any CPU
		{2528AA49-7E9D-497B-966F-5CCC5B5F320C}.Release|x86.Build.0 = Release|Any CPU
		{3CDCCA06-625F-4160-B589-E24E70C6557D}.Debug|Any CPU.ActiveCfg = Debug|Any CPU
		{3CDCCA06-625F-4160-B589-E24E70C6557D}.Debug|Any CPU.Build.0 = Debug|Any CPU
		{3CDCCA06-625F-4160-B589-E24E70C6557D}.Debug|x64.ActiveCfg = Debug|Any CPU
		{3CDCCA06-625F-4160-B589-E24E70C6557D}.Debug|x64.Build.0 = Debug|Any CPU
		{3CDCCA06-625F-4160-B589-E24E70C6557D}.Debug|x86.ActiveCfg = Debug|Any CPU
		{3CDCCA06-625F-4160-B589-E24E70C6557D}.Debug|x86.Build.0 = Debug|Any CPU
		{3CDCCA06-625F-4160-B589-E24E70C6557D}.Release|Any CPU.ActiveCfg = Release|Any CPU
		{3CDCCA06-625F-4160-B589-E24E70C6557D}.Release|Any CPU.Build.0 = Release|Any CPU
		{3CDCCA06-625F-4160-B589-E24E70C6557D}.Release|x64.ActiveCfg = Release|Any CPU
		{3CDCCA06-625F-4160-B589-E24E70C6557D}.Release|x64.Build.0 = Release|Any CPU
		{3CDCCA06-625F-4160-B589-E24E70C6557D}.Release|x86.ActiveCfg = Release|Any CPU
		{3CDCCA06-625F-4160-B589-E24E70C6557D}.Release|x86.Build.0 = Release|Any CPU
		{946C45C1-83ED-4036-B830-606F730C6960}.Debug|Any CPU.ActiveCfg = Debug|Any CPU
		{946C45C1-83ED-4036-B830-606F730C6960}.Debug|Any CPU.Build.0 = Debug|Any CPU
		{946C45C1-83ED-4036-B830-606F730C6960}.Debug|x64.ActiveCfg = Debug|Any CPU
		{946C45C1-83ED-4036-B830-606F730C6960}.Debug|x64.Build.0 = Debug|Any CPU
		{946C45C1-83ED-4036-B830-606F730C6960}.Debug|x86.ActiveCfg = Debug|Any CPU
		{946C45C1-83ED-4036-B830-606F730C6960}.Debug|x86.Build.0 = Debug|Any CPU
		{946C45C1-83ED-4036-B830-606F730C6960}.Release|Any CPU.ActiveCfg = Release|Any CPU
		{946C45C1-83ED-4036-B830-606F730C6960}.Release|Any CPU.Build.0 = Release|Any CPU
		{946C45C1-83ED-4036-B830-606F730C6960}.Release|x64.ActiveCfg = Release|Any CPU
		{946C45C1-83ED-4036-B830-606F730C6960}.Release|x64.Build.0 = Release|Any CPU
		{946C45C1-83ED-4036-B830-606F730C6960}.Release|x86.ActiveCfg = Release|Any CPU
		{946C45C1-83ED-4036-B830-606F730C6960}.Release|x86.Build.0 = Release|Any CPU
		{D3421016-0730-42C6-A8CD-6DD77CCD124D}.Debug|Any CPU.ActiveCfg = Debug|Any CPU
		{D3421016-0730-42C6-A8CD-6DD77CCD124D}.Debug|Any CPU.Build.0 = Debug|Any CPU
		{D3421016-0730-42C6-A8CD-6DD77CCD124D}.Debug|x64.ActiveCfg = Debug|Any CPU
		{D3421016-0730-42C6-A8CD-6DD77CCD124D}.Debug|x64.Build.0 = Debug|Any CPU
		{D3421016-0730-42C6-A8CD-6DD77CCD124D}.Debug|x86.ActiveCfg = Debug|Any CPU
		{D3421016-0730-42C6-A8CD-6DD77CCD124D}.Debug|x86.Build.0 = Debug|Any CPU
		{D3421016-0730-42C6-A8CD-6DD77CCD124D}.Release|Any CPU.ActiveCfg = Release|Any CPU
		{D3421016-0730-42C6-A8CD-6DD77CCD124D}.Release|Any CPU.Build.0 = Release|Any CPU
		{D3421016-0730-42C6-A8CD-6DD77CCD124D}.Release|x64.ActiveCfg = Release|Any CPU
		{D3421016-0730-42C6-A8CD-6DD77CCD124D}.Release|x64.Build.0 = Release|Any CPU
		{D3421016-0730-42C6-A8CD-6DD77CCD124D}.Release|x86.ActiveCfg = Release|Any CPU
		{D3421016-0730-42C6-A8CD-6DD77CCD124D}.Release|x86.Build.0 = Release|Any CPU
		{730DE8BC-8E50-4834-A95B-AE098BACD042}.Debug|Any CPU.ActiveCfg = Debug|Any CPU
		{730DE8BC-8E50-4834-A95B-AE098BACD042}.Debug|Any CPU.Build.0 = Debug|Any CPU
		{730DE8BC-8E50-4834-A95B-AE098BACD042}.Debug|x64.ActiveCfg = Debug|Any CPU
		{730DE8BC-8E50-4834-A95B-AE098BACD042}.Debug|x64.Build.0 = Debug|Any CPU
		{730DE8BC-8E50-4834-A95B-AE098BACD042}.Debug|x86.ActiveCfg = Debug|Any CPU
		{730DE8BC-8E50-4834-A95B-AE098BACD042}.Debug|x86.Build.0 = Debug|Any CPU
		{730DE8BC-8E50-4834-A95B-AE098BACD042}.Release|Any CPU.ActiveCfg = Release|Any CPU
		{730DE8BC-8E50-4834-A95B-AE098BACD042}.Release|Any CPU.Build.0 = Release|Any CPU
		{730DE8BC-8E50-4834-A95B-AE098BACD042}.Release|x64.ActiveCfg = Release|Any CPU
		{730DE8BC-8E50-4834-A95B-AE098BACD042}.Release|x64.Build.0 = Release|Any CPU
		{730DE8BC-8E50-4834-A95B-AE098BACD042}.Release|x86.ActiveCfg = Release|Any CPU
		{730DE8BC-8E50-4834-A95B-AE098BACD042}.Release|x86.Build.0 = Release|Any CPU
		{75B4CA82-8C92-4363-BDDA-BFBD51C0646D}.Debug|Any CPU.ActiveCfg = Debug|Any CPU
		{75B4CA82-8C92-4363-BDDA-BFBD51C0646D}.Debug|Any CPU.Build.0 = Debug|Any CPU
		{75B4CA82-8C92-4363-BDDA-BFBD51C0646D}.Debug|x64.ActiveCfg = Debug|Any CPU
		{75B4CA82-8C92-4363-BDDA-BFBD51C0646D}.Debug|x64.Build.0 = Debug|Any CPU
		{75B4CA82-8C92-4363-BDDA-BFBD51C0646D}.Debug|x86.ActiveCfg = Debug|Any CPU
		{75B4CA82-8C92-4363-BDDA-BFBD51C0646D}.Debug|x86.Build.0 = Debug|Any CPU
		{75B4CA82-8C92-4363-BDDA-BFBD51C0646D}.Release|Any CPU.ActiveCfg = Release|Any CPU
		{75B4CA82-8C92-4363-BDDA-BFBD51C0646D}.Release|Any CPU.Build.0 = Release|Any CPU
		{75B4CA82-8C92-4363-BDDA-BFBD51C0646D}.Release|x64.ActiveCfg = Release|Any CPU
		{75B4CA82-8C92-4363-BDDA-BFBD51C0646D}.Release|x64.Build.0 = Release|Any CPU
		{75B4CA82-8C92-4363-BDDA-BFBD51C0646D}.Release|x86.ActiveCfg = Release|Any CPU
		{75B4CA82-8C92-4363-BDDA-BFBD51C0646D}.Release|x86.Build.0 = Release|Any CPU
		{E8659EB8-991D-4FD1-B5AA-CC8158D67F1B}.Debug|Any CPU.ActiveCfg = Debug|Any CPU
		{E8659EB8-991D-4FD1-B5AA-CC8158D67F1B}.Debug|Any CPU.Build.0 = Debug|Any CPU
		{E8659EB8-991D-4FD1-B5AA-CC8158D67F1B}.Debug|x64.ActiveCfg = Debug|Any CPU
		{E8659EB8-991D-4FD1-B5AA-CC8158D67F1B}.Debug|x64.Build.0 = Debug|Any CPU
		{E8659EB8-991D-4FD1-B5AA-CC8158D67F1B}.Debug|x86.ActiveCfg = Debug|Any CPU
		{E8659EB8-991D-4FD1-B5AA-CC8158D67F1B}.Debug|x86.Build.0 = Debug|Any CPU
		{E8659EB8-991D-4FD1-B5AA-CC8158D67F1B}.Release|Any CPU.ActiveCfg = Release|Any CPU
		{E8659EB8-991D-4FD1-B5AA-CC8158D67F1B}.Release|Any CPU.Build.0 = Release|Any CPU
		{E8659EB8-991D-4FD1-B5AA-CC8158D67F1B}.Release|x64.ActiveCfg = Release|Any CPU
		{E8659EB8-991D-4FD1-B5AA-CC8158D67F1B}.Release|x64.Build.0 = Release|Any CPU
		{E8659EB8-991D-4FD1-B5AA-CC8158D67F1B}.Release|x86.ActiveCfg = Release|Any CPU
		{E8659EB8-991D-4FD1-B5AA-CC8158D67F1B}.Release|x86.Build.0 = Release|Any CPU
		{729A1C5C-9F9B-49C9-AABE-75C56F9E4509}.Debug|Any CPU.ActiveCfg = Debug|Any CPU
		{729A1C5C-9F9B-49C9-AABE-75C56F9E4509}.Debug|Any CPU.Build.0 = Debug|Any CPU
		{729A1C5C-9F9B-49C9-AABE-75C56F9E4509}.Debug|x64.ActiveCfg = Debug|Any CPU
		{729A1C5C-9F9B-49C9-AABE-75C56F9E4509}.Debug|x64.Build.0 = Debug|Any CPU
		{729A1C5C-9F9B-49C9-AABE-75C56F9E4509}.Debug|x86.ActiveCfg = Debug|Any CPU
		{729A1C5C-9F9B-49C9-AABE-75C56F9E4509}.Debug|x86.Build.0 = Debug|Any CPU
		{729A1C5C-9F9B-49C9-AABE-75C56F9E4509}.Release|Any CPU.ActiveCfg = Release|Any CPU
		{729A1C5C-9F9B-49C9-AABE-75C56F9E4509}.Release|Any CPU.Build.0 = Release|Any CPU
		{729A1C5C-9F9B-49C9-AABE-75C56F9E4509}.Release|x64.ActiveCfg = Release|Any CPU
		{729A1C5C-9F9B-49C9-AABE-75C56F9E4509}.Release|x64.Build.0 = Release|Any CPU
		{729A1C5C-9F9B-49C9-AABE-75C56F9E4509}.Release|x86.ActiveCfg = Release|Any CPU
		{729A1C5C-9F9B-49C9-AABE-75C56F9E4509}.Release|x86.Build.0 = Release|Any CPU
		{1F2B8F3C-7558-4BF8-8BB3-530BE2259F76}.Debug|Any CPU.ActiveCfg = Debug|Any CPU
		{1F2B8F3C-7558-4BF8-8BB3-530BE2259F76}.Debug|Any CPU.Build.0 = Debug|Any CPU
		{1F2B8F3C-7558-4BF8-8BB3-530BE2259F76}.Debug|x64.ActiveCfg = Debug|Any CPU
		{1F2B8F3C-7558-4BF8-8BB3-530BE2259F76}.Debug|x64.Build.0 = Debug|Any CPU
		{1F2B8F3C-7558-4BF8-8BB3-530BE2259F76}.Debug|x86.ActiveCfg = Debug|Any CPU
		{1F2B8F3C-7558-4BF8-8BB3-530BE2259F76}.Debug|x86.Build.0 = Debug|Any CPU
		{1F2B8F3C-7558-4BF8-8BB3-530BE2259F76}.Release|Any CPU.ActiveCfg = Release|Any CPU
		{1F2B8F3C-7558-4BF8-8BB3-530BE2259F76}.Release|Any CPU.Build.0 = Release|Any CPU
		{1F2B8F3C-7558-4BF8-8BB3-530BE2259F76}.Release|x64.ActiveCfg = Release|Any CPU
		{1F2B8F3C-7558-4BF8-8BB3-530BE2259F76}.Release|x64.Build.0 = Release|Any CPU
		{1F2B8F3C-7558-4BF8-8BB3-530BE2259F76}.Release|x86.ActiveCfg = Release|Any CPU
		{1F2B8F3C-7558-4BF8-8BB3-530BE2259F76}.Release|x86.Build.0 = Release|Any CPU
		{26BEA731-FE01-40D7-96AC-742657D842BE}.Debug|Any CPU.ActiveCfg = Debug|Any CPU
		{26BEA731-FE01-40D7-96AC-742657D842BE}.Debug|Any CPU.Build.0 = Debug|Any CPU
		{26BEA731-FE01-40D7-96AC-742657D842BE}.Debug|x64.ActiveCfg = Debug|Any CPU
		{26BEA731-FE01-40D7-96AC-742657D842BE}.Debug|x64.Build.0 = Debug|Any CPU
		{26BEA731-FE01-40D7-96AC-742657D842BE}.Debug|x86.ActiveCfg = Debug|Any CPU
		{26BEA731-FE01-40D7-96AC-742657D842BE}.Debug|x86.Build.0 = Debug|Any CPU
		{26BEA731-FE01-40D7-96AC-742657D842BE}.Release|Any CPU.ActiveCfg = Release|Any CPU
		{26BEA731-FE01-40D7-96AC-742657D842BE}.Release|Any CPU.Build.0 = Release|Any CPU
		{26BEA731-FE01-40D7-96AC-742657D842BE}.Release|x64.ActiveCfg = Release|Any CPU
		{26BEA731-FE01-40D7-96AC-742657D842BE}.Release|x64.Build.0 = Release|Any CPU
		{26BEA731-FE01-40D7-96AC-742657D842BE}.Release|x86.ActiveCfg = Release|Any CPU
		{26BEA731-FE01-40D7-96AC-742657D842BE}.Release|x86.Build.0 = Release|Any CPU
		{48C792A0-D32D-48B7-AA18-A961074DC490}.Debug|Any CPU.ActiveCfg = Debug|Any CPU
		{48C792A0-D32D-48B7-AA18-A961074DC490}.Debug|Any CPU.Build.0 = Debug|Any CPU
		{48C792A0-D32D-48B7-AA18-A961074DC490}.Debug|x64.ActiveCfg = Debug|Any CPU
		{48C792A0-D32D-48B7-AA18-A961074DC490}.Debug|x64.Build.0 = Debug|Any CPU
		{48C792A0-D32D-48B7-AA18-A961074DC490}.Debug|x86.ActiveCfg = Debug|Any CPU
		{48C792A0-D32D-48B7-AA18-A961074DC490}.Debug|x86.Build.0 = Debug|Any CPU
		{48C792A0-D32D-48B7-AA18-A961074DC490}.Release|Any CPU.ActiveCfg = Release|Any CPU
		{48C792A0-D32D-48B7-AA18-A961074DC490}.Release|Any CPU.Build.0 = Release|Any CPU
		{48C792A0-D32D-48B7-AA18-A961074DC490}.Release|x64.ActiveCfg = Release|Any CPU
		{48C792A0-D32D-48B7-AA18-A961074DC490}.Release|x64.Build.0 = Release|Any CPU
		{48C792A0-D32D-48B7-AA18-A961074DC490}.Release|x86.ActiveCfg = Release|Any CPU
		{48C792A0-D32D-48B7-AA18-A961074DC490}.Release|x86.Build.0 = Release|Any CPU
		{DB15D947-FD4A-4AAF-8195-74A94F34EE4A}.Debug|Any CPU.ActiveCfg = Debug|Any CPU
		{DB15D947-FD4A-4AAF-8195-74A94F34EE4A}.Debug|Any CPU.Build.0 = Debug|Any CPU
		{DB15D947-FD4A-4AAF-8195-74A94F34EE4A}.Debug|x64.ActiveCfg = Debug|Any CPU
		{DB15D947-FD4A-4AAF-8195-74A94F34EE4A}.Debug|x64.Build.0 = Debug|Any CPU
		{DB15D947-FD4A-4AAF-8195-74A94F34EE4A}.Debug|x86.ActiveCfg = Debug|Any CPU
		{DB15D947-FD4A-4AAF-8195-74A94F34EE4A}.Debug|x86.Build.0 = Debug|Any CPU
		{DB15D947-FD4A-4AAF-8195-74A94F34EE4A}.Release|Any CPU.ActiveCfg = Release|Any CPU
		{DB15D947-FD4A-4AAF-8195-74A94F34EE4A}.Release|Any CPU.Build.0 = Release|Any CPU
		{DB15D947-FD4A-4AAF-8195-74A94F34EE4A}.Release|x64.ActiveCfg = Release|Any CPU
		{DB15D947-FD4A-4AAF-8195-74A94F34EE4A}.Release|x64.Build.0 = Release|Any CPU
		{DB15D947-FD4A-4AAF-8195-74A94F34EE4A}.Release|x86.ActiveCfg = Release|Any CPU
		{DB15D947-FD4A-4AAF-8195-74A94F34EE4A}.Release|x86.Build.0 = Release|Any CPU
		{4606AEFA-17B9-4036-AD9B-C279E56F1080}.Debug|Any CPU.ActiveCfg = Debug|Any CPU
		{4606AEFA-17B9-4036-AD9B-C279E56F1080}.Debug|Any CPU.Build.0 = Debug|Any CPU
		{4606AEFA-17B9-4036-AD9B-C279E56F1080}.Debug|x64.ActiveCfg = Debug|Any CPU
		{4606AEFA-17B9-4036-AD9B-C279E56F1080}.Debug|x64.Build.0 = Debug|Any CPU
		{4606AEFA-17B9-4036-AD9B-C279E56F1080}.Debug|x86.ActiveCfg = Debug|Any CPU
		{4606AEFA-17B9-4036-AD9B-C279E56F1080}.Debug|x86.Build.0 = Debug|Any CPU
		{4606AEFA-17B9-4036-AD9B-C279E56F1080}.Release|Any CPU.ActiveCfg = Release|Any CPU
		{4606AEFA-17B9-4036-AD9B-C279E56F1080}.Release|Any CPU.Build.0 = Release|Any CPU
		{4606AEFA-17B9-4036-AD9B-C279E56F1080}.Release|x64.ActiveCfg = Release|Any CPU
		{4606AEFA-17B9-4036-AD9B-C279E56F1080}.Release|x64.Build.0 = Release|Any CPU
		{4606AEFA-17B9-4036-AD9B-C279E56F1080}.Release|x86.ActiveCfg = Release|Any CPU
		{4606AEFA-17B9-4036-AD9B-C279E56F1080}.Release|x86.Build.0 = Release|Any CPU
		{13CEC7D8-7AEF-44C6-8F37-E21D915FBAE1}.Debug|Any CPU.ActiveCfg = Debug|Any CPU
		{13CEC7D8-7AEF-44C6-8F37-E21D915FBAE1}.Debug|Any CPU.Build.0 = Debug|Any CPU
		{13CEC7D8-7AEF-44C6-8F37-E21D915FBAE1}.Debug|x64.ActiveCfg = Debug|Any CPU
		{13CEC7D8-7AEF-44C6-8F37-E21D915FBAE1}.Debug|x64.Build.0 = Debug|Any CPU
		{13CEC7D8-7AEF-44C6-8F37-E21D915FBAE1}.Debug|x86.ActiveCfg = Debug|Any CPU
		{13CEC7D8-7AEF-44C6-8F37-E21D915FBAE1}.Debug|x86.Build.0 = Debug|Any CPU
		{13CEC7D8-7AEF-44C6-8F37-E21D915FBAE1}.Release|Any CPU.ActiveCfg = Release|Any CPU
		{13CEC7D8-7AEF-44C6-8F37-E21D915FBAE1}.Release|Any CPU.Build.0 = Release|Any CPU
		{13CEC7D8-7AEF-44C6-8F37-E21D915FBAE1}.Release|x64.ActiveCfg = Release|Any CPU
		{13CEC7D8-7AEF-44C6-8F37-E21D915FBAE1}.Release|x64.Build.0 = Release|Any CPU
		{13CEC7D8-7AEF-44C6-8F37-E21D915FBAE1}.Release|x86.ActiveCfg = Release|Any CPU
		{13CEC7D8-7AEF-44C6-8F37-E21D915FBAE1}.Release|x86.Build.0 = Release|Any CPU
		{C0D710AE-6F79-40A8-8565-3D971E4F067C}.Debug|Any CPU.ActiveCfg = Debug|Any CPU
		{C0D710AE-6F79-40A8-8565-3D971E4F067C}.Debug|Any CPU.Build.0 = Debug|Any CPU
		{C0D710AE-6F79-40A8-8565-3D971E4F067C}.Debug|x64.ActiveCfg = Debug|Any CPU
		{C0D710AE-6F79-40A8-8565-3D971E4F067C}.Debug|x64.Build.0 = Debug|Any CPU
		{C0D710AE-6F79-40A8-8565-3D971E4F067C}.Debug|x86.ActiveCfg = Debug|Any CPU
		{C0D710AE-6F79-40A8-8565-3D971E4F067C}.Debug|x86.Build.0 = Debug|Any CPU
		{C0D710AE-6F79-40A8-8565-3D971E4F067C}.Release|Any CPU.ActiveCfg = Release|Any CPU
		{C0D710AE-6F79-40A8-8565-3D971E4F067C}.Release|Any CPU.Build.0 = Release|Any CPU
		{C0D710AE-6F79-40A8-8565-3D971E4F067C}.Release|x64.ActiveCfg = Release|Any CPU
		{C0D710AE-6F79-40A8-8565-3D971E4F067C}.Release|x64.Build.0 = Release|Any CPU
		{C0D710AE-6F79-40A8-8565-3D971E4F067C}.Release|x86.ActiveCfg = Release|Any CPU
		{C0D710AE-6F79-40A8-8565-3D971E4F067C}.Release|x86.Build.0 = Release|Any CPU
		{F94EA250-F52C-4FF6-A2ED-5B6B390C4A57}.Debug|Any CPU.ActiveCfg = Debug|Any CPU
		{F94EA250-F52C-4FF6-A2ED-5B6B390C4A57}.Debug|Any CPU.Build.0 = Debug|Any CPU
		{F94EA250-F52C-4FF6-A2ED-5B6B390C4A57}.Debug|x64.ActiveCfg = Debug|Any CPU
		{F94EA250-F52C-4FF6-A2ED-5B6B390C4A57}.Debug|x64.Build.0 = Debug|Any CPU
		{F94EA250-F52C-4FF6-A2ED-5B6B390C4A57}.Debug|x86.ActiveCfg = Debug|Any CPU
		{F94EA250-F52C-4FF6-A2ED-5B6B390C4A57}.Debug|x86.Build.0 = Debug|Any CPU
		{F94EA250-F52C-4FF6-A2ED-5B6B390C4A57}.Release|Any CPU.ActiveCfg = Release|Any CPU
		{F94EA250-F52C-4FF6-A2ED-5B6B390C4A57}.Release|Any CPU.Build.0 = Release|Any CPU
		{F94EA250-F52C-4FF6-A2ED-5B6B390C4A57}.Release|x64.ActiveCfg = Release|Any CPU
		{F94EA250-F52C-4FF6-A2ED-5B6B390C4A57}.Release|x64.Build.0 = Release|Any CPU
		{F94EA250-F52C-4FF6-A2ED-5B6B390C4A57}.Release|x86.ActiveCfg = Release|Any CPU
		{F94EA250-F52C-4FF6-A2ED-5B6B390C4A57}.Release|x86.Build.0 = Release|Any CPU
		{94C40B92-893D-4013-9FA7-5FFA24F24714}.Debug|Any CPU.ActiveCfg = Debug|Any CPU
		{94C40B92-893D-4013-9FA7-5FFA24F24714}.Debug|Any CPU.Build.0 = Debug|Any CPU
		{94C40B92-893D-4013-9FA7-5FFA24F24714}.Debug|x64.ActiveCfg = Debug|Any CPU
		{94C40B92-893D-4013-9FA7-5FFA24F24714}.Debug|x64.Build.0 = Debug|Any CPU
		{94C40B92-893D-4013-9FA7-5FFA24F24714}.Debug|x86.ActiveCfg = Debug|Any CPU
		{94C40B92-893D-4013-9FA7-5FFA24F24714}.Debug|x86.Build.0 = Debug|Any CPU
		{94C40B92-893D-4013-9FA7-5FFA24F24714}.Release|Any CPU.ActiveCfg = Release|Any CPU
		{94C40B92-893D-4013-9FA7-5FFA24F24714}.Release|Any CPU.Build.0 = Release|Any CPU
		{94C40B92-893D-4013-9FA7-5FFA24F24714}.Release|x64.ActiveCfg = Release|Any CPU
		{94C40B92-893D-4013-9FA7-5FFA24F24714}.Release|x64.Build.0 = Release|Any CPU
		{94C40B92-893D-4013-9FA7-5FFA24F24714}.Release|x86.ActiveCfg = Release|Any CPU
		{94C40B92-893D-4013-9FA7-5FFA24F24714}.Release|x86.Build.0 = Release|Any CPU
		{4560E580-B22B-4435-A483-EB0D2C1668CC}.Debug|Any CPU.ActiveCfg = Debug|Any CPU
		{4560E580-B22B-4435-A483-EB0D2C1668CC}.Debug|Any CPU.Build.0 = Debug|Any CPU
		{4560E580-B22B-4435-A483-EB0D2C1668CC}.Debug|x64.ActiveCfg = Debug|Any CPU
		{4560E580-B22B-4435-A483-EB0D2C1668CC}.Debug|x64.Build.0 = Debug|Any CPU
		{4560E580-B22B-4435-A483-EB0D2C1668CC}.Debug|x86.ActiveCfg = Debug|Any CPU
		{4560E580-B22B-4435-A483-EB0D2C1668CC}.Debug|x86.Build.0 = Debug|Any CPU
		{4560E580-B22B-4435-A483-EB0D2C1668CC}.Release|Any CPU.ActiveCfg = Release|Any CPU
		{4560E580-B22B-4435-A483-EB0D2C1668CC}.Release|Any CPU.Build.0 = Release|Any CPU
		{4560E580-B22B-4435-A483-EB0D2C1668CC}.Release|x64.ActiveCfg = Release|Any CPU
		{4560E580-B22B-4435-A483-EB0D2C1668CC}.Release|x64.Build.0 = Release|Any CPU
		{4560E580-B22B-4435-A483-EB0D2C1668CC}.Release|x86.ActiveCfg = Release|Any CPU
		{4560E580-B22B-4435-A483-EB0D2C1668CC}.Release|x86.Build.0 = Release|Any CPU
		{0EFA46FD-6762-4C4B-B821-434C1FB86ECE}.Debug|Any CPU.ActiveCfg = Debug|Any CPU
		{0EFA46FD-6762-4C4B-B821-434C1FB86ECE}.Debug|Any CPU.Build.0 = Debug|Any CPU
		{0EFA46FD-6762-4C4B-B821-434C1FB86ECE}.Debug|x64.ActiveCfg = Debug|Any CPU
		{0EFA46FD-6762-4C4B-B821-434C1FB86ECE}.Debug|x64.Build.0 = Debug|Any CPU
		{0EFA46FD-6762-4C4B-B821-434C1FB86ECE}.Debug|x86.ActiveCfg = Debug|Any CPU
		{0EFA46FD-6762-4C4B-B821-434C1FB86ECE}.Debug|x86.Build.0 = Debug|Any CPU
		{0EFA46FD-6762-4C4B-B821-434C1FB86ECE}.Release|Any CPU.ActiveCfg = Release|Any CPU
		{0EFA46FD-6762-4C4B-B821-434C1FB86ECE}.Release|Any CPU.Build.0 = Release|Any CPU
		{0EFA46FD-6762-4C4B-B821-434C1FB86ECE}.Release|x64.ActiveCfg = Release|Any CPU
		{0EFA46FD-6762-4C4B-B821-434C1FB86ECE}.Release|x64.Build.0 = Release|Any CPU
		{0EFA46FD-6762-4C4B-B821-434C1FB86ECE}.Release|x86.ActiveCfg = Release|Any CPU
		{0EFA46FD-6762-4C4B-B821-434C1FB86ECE}.Release|x86.Build.0 = Release|Any CPU
		{B5C06C32-D9B9-4DD8-8974-11A8622C8736}.Debug|Any CPU.ActiveCfg = Debug|Any CPU
		{B5C06C32-D9B9-4DD8-8974-11A8622C8736}.Debug|Any CPU.Build.0 = Debug|Any CPU
		{B5C06C32-D9B9-4DD8-8974-11A8622C8736}.Debug|x64.ActiveCfg = Debug|Any CPU
		{B5C06C32-D9B9-4DD8-8974-11A8622C8736}.Debug|x64.Build.0 = Debug|Any CPU
		{B5C06C32-D9B9-4DD8-8974-11A8622C8736}.Debug|x86.ActiveCfg = Debug|Any CPU
		{B5C06C32-D9B9-4DD8-8974-11A8622C8736}.Debug|x86.Build.0 = Debug|Any CPU
		{B5C06C32-D9B9-4DD8-8974-11A8622C8736}.Release|Any CPU.ActiveCfg = Release|Any CPU
		{B5C06C32-D9B9-4DD8-8974-11A8622C8736}.Release|Any CPU.Build.0 = Release|Any CPU
		{B5C06C32-D9B9-4DD8-8974-11A8622C8736}.Release|x64.ActiveCfg = Release|Any CPU
		{B5C06C32-D9B9-4DD8-8974-11A8622C8736}.Release|x64.Build.0 = Release|Any CPU
		{B5C06C32-D9B9-4DD8-8974-11A8622C8736}.Release|x86.ActiveCfg = Release|Any CPU
		{B5C06C32-D9B9-4DD8-8974-11A8622C8736}.Release|x86.Build.0 = Release|Any CPU
		{F4BA6863-3D17-48A1-8076-DF48E9B7DF03}.Debug|Any CPU.ActiveCfg = Debug|Any CPU
		{F4BA6863-3D17-48A1-8076-DF48E9B7DF03}.Debug|Any CPU.Build.0 = Debug|Any CPU
		{F4BA6863-3D17-48A1-8076-DF48E9B7DF03}.Debug|x64.ActiveCfg = Debug|Any CPU
		{F4BA6863-3D17-48A1-8076-DF48E9B7DF03}.Debug|x64.Build.0 = Debug|Any CPU
		{F4BA6863-3D17-48A1-8076-DF48E9B7DF03}.Debug|x86.ActiveCfg = Debug|Any CPU
		{F4BA6863-3D17-48A1-8076-DF48E9B7DF03}.Debug|x86.Build.0 = Debug|Any CPU
		{F4BA6863-3D17-48A1-8076-DF48E9B7DF03}.Release|Any CPU.ActiveCfg = Release|Any CPU
		{F4BA6863-3D17-48A1-8076-DF48E9B7DF03}.Release|Any CPU.Build.0 = Release|Any CPU
		{F4BA6863-3D17-48A1-8076-DF48E9B7DF03}.Release|x64.ActiveCfg = Release|Any CPU
		{F4BA6863-3D17-48A1-8076-DF48E9B7DF03}.Release|x64.Build.0 = Release|Any CPU
		{F4BA6863-3D17-48A1-8076-DF48E9B7DF03}.Release|x86.ActiveCfg = Release|Any CPU
		{F4BA6863-3D17-48A1-8076-DF48E9B7DF03}.Release|x86.Build.0 = Release|Any CPU
		{F787F9DE-0B2C-423B-B1EC-BA763C8C4296}.Debug|Any CPU.ActiveCfg = Debug|Any CPU
		{F787F9DE-0B2C-423B-B1EC-BA763C8C4296}.Debug|Any CPU.Build.0 = Debug|Any CPU
		{F787F9DE-0B2C-423B-B1EC-BA763C8C4296}.Debug|x64.ActiveCfg = Debug|Any CPU
		{F787F9DE-0B2C-423B-B1EC-BA763C8C4296}.Debug|x64.Build.0 = Debug|Any CPU
		{F787F9DE-0B2C-423B-B1EC-BA763C8C4296}.Debug|x86.ActiveCfg = Debug|Any CPU
		{F787F9DE-0B2C-423B-B1EC-BA763C8C4296}.Debug|x86.Build.0 = Debug|Any CPU
		{F787F9DE-0B2C-423B-B1EC-BA763C8C4296}.Release|Any CPU.ActiveCfg = Release|Any CPU
		{F787F9DE-0B2C-423B-B1EC-BA763C8C4296}.Release|Any CPU.Build.0 = Release|Any CPU
		{F787F9DE-0B2C-423B-B1EC-BA763C8C4296}.Release|x64.ActiveCfg = Release|Any CPU
		{F787F9DE-0B2C-423B-B1EC-BA763C8C4296}.Release|x64.Build.0 = Release|Any CPU
		{F787F9DE-0B2C-423B-B1EC-BA763C8C4296}.Release|x86.ActiveCfg = Release|Any CPU
		{F787F9DE-0B2C-423B-B1EC-BA763C8C4296}.Release|x86.Build.0 = Release|Any CPU
		{04C4B2CB-2F97-43B4-BDAE-C6E82160642A}.Debug|Any CPU.ActiveCfg = Debug|Any CPU
		{04C4B2CB-2F97-43B4-BDAE-C6E82160642A}.Debug|Any CPU.Build.0 = Debug|Any CPU
		{04C4B2CB-2F97-43B4-BDAE-C6E82160642A}.Debug|x64.ActiveCfg = Debug|Any CPU
		{04C4B2CB-2F97-43B4-BDAE-C6E82160642A}.Debug|x64.Build.0 = Debug|Any CPU
		{04C4B2CB-2F97-43B4-BDAE-C6E82160642A}.Debug|x86.ActiveCfg = Debug|Any CPU
		{04C4B2CB-2F97-43B4-BDAE-C6E82160642A}.Debug|x86.Build.0 = Debug|Any CPU
		{04C4B2CB-2F97-43B4-BDAE-C6E82160642A}.Release|Any CPU.ActiveCfg = Release|Any CPU
		{04C4B2CB-2F97-43B4-BDAE-C6E82160642A}.Release|Any CPU.Build.0 = Release|Any CPU
		{04C4B2CB-2F97-43B4-BDAE-C6E82160642A}.Release|x64.ActiveCfg = Release|Any CPU
		{04C4B2CB-2F97-43B4-BDAE-C6E82160642A}.Release|x64.Build.0 = Release|Any CPU
		{04C4B2CB-2F97-43B4-BDAE-C6E82160642A}.Release|x86.ActiveCfg = Release|Any CPU
		{04C4B2CB-2F97-43B4-BDAE-C6E82160642A}.Release|x86.Build.0 = Release|Any CPU
	EndGlobalSection
	GlobalSection(SolutionProperties) = preSolution
		HideSolutionNode = FALSE
	EndGlobalSection
	GlobalSection(NestedProjects) = preSolution
		{92EB7B8A-7DCC-426A-9386-F58C167D82C3} = {0F3AB331-C042-4371-A2F0-0AFDFA13DC9F}
		{7D13CCDD-6B93-45B8-BA88-761744601726} = {771514F1-12AE-4A26-89CB-2646D3EF7034}
		{DF1B4E58-8B85-49F0-A75B-5DC231D0FB8F} = {59DCCC96-DDAF-469F-9E8E-9BC733285082}
		{AFF0BC22-B7E5-43C2-AB4F-5BBBF688C3F3} = {59DCCC96-DDAF-469F-9E8E-9BC733285082}
		{6A8DB932-5230-4179-A3F0-291407E0419D} = {9AA2BCF0-19AB-4DD9-8D91-7D188E463806}
		{571A1CB9-2819-4FCD-A721-DB9AD63CC444} = {DF1B4E58-8B85-49F0-A75B-5DC231D0FB8F}
		{C78E50DC-8D65-4117-9B3E-BFA3F4A8101E} = {59DCCC96-DDAF-469F-9E8E-9BC733285082}
		{AC11D152-F1FD-4A48-A0DC-0B315D507457} = {C78E50DC-8D65-4117-9B3E-BFA3F4A8101E}
		{3378E8AC-72C6-4A19-8061-C22CC390EE09} = {AFF0BC22-B7E5-43C2-AB4F-5BBBF688C3F3}
		{F045416D-2BFA-4048-AB1D-D908F4566F75} = {59DCCC96-DDAF-469F-9E8E-9BC733285082}
		{9DA55746-E70B-4B37-972C-F0745AF151DE} = {F045416D-2BFA-4048-AB1D-D908F4566F75}
		{02D69941-5D89-4F54-9876-D5EC06B214A1} = {59DCCC96-DDAF-469F-9E8E-9BC733285082}
		{84180640-21F6-4EB4-AF37-16481F93933E} = {02D69941-5D89-4F54-9876-D5EC06B214A1}
		{7C1624BB-71C7-4F2F-8A2F-84C1E7B034A4} = {59DCCC96-DDAF-469F-9E8E-9BC733285082}
		{DAFD0819-5CE9-40AF-AFAE-D149B4EFB09F} = {7C1624BB-71C7-4F2F-8A2F-84C1E7B034A4}
		{BB91F8FB-412B-420F-90DA-6DCB970CEA74} = {7C1624BB-71C7-4F2F-8A2F-84C1E7B034A4}
		{08EB688D-2E71-4C78-BB50-797AAC310650} = {7C1624BB-71C7-4F2F-8A2F-84C1E7B034A4}
		{7C0D5FCB-D7B0-42F7-97D5-86A044927503} = {59DCCC96-DDAF-469F-9E8E-9BC733285082}
		{660167A8-008A-45D1-B489-AF49907895ED} = {59DCCC96-DDAF-469F-9E8E-9BC733285082}
		{84C778CD-2290-4011-8E21-312BE9DC7350} = {660167A8-008A-45D1-B489-AF49907895ED}
		{593AD0C1-687B-4D43-AE3C-A7786B718EB5} = {7C0D5FCB-D7B0-42F7-97D5-86A044927503}
		{848E5CE2-D894-4321-8961-3521D3F2233C} = {9AA2BCF0-19AB-4DD9-8D91-7D188E463806}
		{BEAC63DD-5701-4B33-8155-5218B9761A70} = {9AA2BCF0-19AB-4DD9-8D91-7D188E463806}
		{68867B24-B794-4C28-A9FC-BD6D86B19750} = {9AA2BCF0-19AB-4DD9-8D91-7D188E463806}
		{62D3B49D-F51A-4B80-88C4-76C2CD583DC9} = {9AA2BCF0-19AB-4DD9-8D91-7D188E463806}
		{837CDD41-BEA3-4C7D-957F-3B4AFE3B14DB} = {660167A8-008A-45D1-B489-AF49907895ED}
		{9DE48E83-DF4E-4C5F-9BC8-CB05C646FC43} = {9AA2BCF0-19AB-4DD9-8D91-7D188E463806}
		{8705E498-3F5C-41DE-9CCD-FE99104FFF2D} = {6AD72F65-94AF-49DA-BADC-5647ED48D083}
		{6AD72F65-94AF-49DA-BADC-5647ED48D083} = {59DCCC96-DDAF-469F-9E8E-9BC733285082}
		{3025D606-F487-4A06-A2A3-91AA7503B606} = {59DCCC96-DDAF-469F-9E8E-9BC733285082}
		{F6E76800-BF17-4D9B-9AD1-2BD2A3138807} = {3025D606-F487-4A06-A2A3-91AA7503B606}
		{DF4464D4-B411-42E2-B4DC-16EBE5ABB0EF} = {0F3AB331-C042-4371-A2F0-0AFDFA13DC9F}
		{8849DD9F-CEB4-40D5-9DC0-EC6EDCA09E65} = {0F3AB331-C042-4371-A2F0-0AFDFA13DC9F}
		{BD994BD6-9E3D-4221-9287-E8A1468759C5} = {0F3AB331-C042-4371-A2F0-0AFDFA13DC9F}
		{64F8819D-BB7A-4591-BBE6-56B053CAF00D} = {92EB7B8A-7DCC-426A-9386-F58C167D82C3}
		{E7C8D4AC-02DA-4724-8FAA-60A6A89D132B} = {92EB7B8A-7DCC-426A-9386-F58C167D82C3}
		{69128F90-EE16-4964-A67F-780675833183} = {92EB7B8A-7DCC-426A-9386-F58C167D82C3}
		{5C578AE6-D511-4D87-8FC1-2B92CEC92543} = {0F3AB331-C042-4371-A2F0-0AFDFA13DC9F}
		{C1B69015-FC27-483E-A65A-A342DC14B7F4} = {0F3AB331-C042-4371-A2F0-0AFDFA13DC9F}
		{24AA3B6A-54BA-4B87-BBAE-1B5D6FBF207E} = {9AA2BCF0-19AB-4DD9-8D91-7D188E463806}
		{C6E9CC73-7BAF-4208-9120-CA83ED0DE6F8} = {59DCCC96-DDAF-469F-9E8E-9BC733285082}
		{779521AC-8EBB-4E2D-82EE-508A2E95AD1B} = {C6E9CC73-7BAF-4208-9120-CA83ED0DE6F8}
		{5C1A4C10-E037-4945-9EDC-DFBFBD501A4A} = {222D5932-627D-406B-9FA5-B60B38FD3019}
		{C8C3C2EE-083A-46B4-8F5A-0C0F442C14BE} = {222D5932-627D-406B-9FA5-B60B38FD3019}
		{8B241043-F933-4C1F-AB57-BAE8B624F133} = {222D5932-627D-406B-9FA5-B60B38FD3019}
		{7840C651-9352-4CB2-9152-4793EC219DE9} = {0F3AB331-C042-4371-A2F0-0AFDFA13DC9F}
		{86C608E7-AD97-45C9-9EAC-F45466A59DF0} = {771514F1-12AE-4A26-89CB-2646D3EF7034}
		{31517A92-5B06-434B-8BA2-597ECD3DEBA5} = {86C608E7-AD97-45C9-9EAC-F45466A59DF0}
		{D9E84C28-FC26-4547-9F16-5BA7147B1B82} = {86C608E7-AD97-45C9-9EAC-F45466A59DF0}
		{C087B9A2-6790-484B-9C19-C23DDB025CEA} = {86C608E7-AD97-45C9-9EAC-F45466A59DF0}
		{B0F9003C-BA53-4948-8FB7-1F7F230F9310} = {86C608E7-AD97-45C9-9EAC-F45466A59DF0}
		{BBA624ED-6244-403E-B5FD-8FF27E568B1C} = {86C608E7-AD97-45C9-9EAC-F45466A59DF0}
		{D7B5C59D-865F-4E2E-8EC3-92AF15D1D4C8} = {86C608E7-AD97-45C9-9EAC-F45466A59DF0}
		{387739A5-FA85-484D-A09A-D0B773FBA4F1} = {771514F1-12AE-4A26-89CB-2646D3EF7034}
		{4494E76E-16AC-4A7B-A2B8-A9B2D0568630} = {387739A5-FA85-484D-A09A-D0B773FBA4F1}
		{4C38FFE1-705F-41FC-9411-C4EA878B41DB} = {387739A5-FA85-484D-A09A-D0B773FBA4F1}
		{AE486B56-98CC-4E9A-ADC7-B94358B68D43} = {387739A5-FA85-484D-A09A-D0B773FBA4F1}
		{5EA461EF-B08A-4B22-9028-E30EEF4C40AF} = {59DCCC96-DDAF-469F-9E8E-9BC733285082}
		{C912F331-E740-44F7-A573-B1432C5DCF98} = {5EA461EF-B08A-4B22-9028-E30EEF4C40AF}
		{BD54E34A-A37A-4350-8FE7-233807E114A1} = {771514F1-12AE-4A26-89CB-2646D3EF7034}
		{30AAE00A-7FB9-43AC-8304-B824C0F097F2} = {BD54E34A-A37A-4350-8FE7-233807E114A1}
		{44E4A1E5-BBB4-48CE-BB2F-48177B28553D} = {BD54E34A-A37A-4350-8FE7-233807E114A1}
		{D773F1BE-6111-466E-B1BA-93C560F9D4F5} = {BD54E34A-A37A-4350-8FE7-233807E114A1}
		{2528AA49-7E9D-497B-966F-5CCC5B5F320C} = {BD54E34A-A37A-4350-8FE7-233807E114A1}
		{3CDCCA06-625F-4160-B589-E24E70C6557D} = {BD54E34A-A37A-4350-8FE7-233807E114A1}
		{946C45C1-83ED-4036-B830-606F730C6960} = {BD54E34A-A37A-4350-8FE7-233807E114A1}
		{D3421016-0730-42C6-A8CD-6DD77CCD124D} = {BD54E34A-A37A-4350-8FE7-233807E114A1}
		{730DE8BC-8E50-4834-A95B-AE098BACD042} = {BD54E34A-A37A-4350-8FE7-233807E114A1}
		{75B4CA82-8C92-4363-BDDA-BFBD51C0646D} = {771514F1-12AE-4A26-89CB-2646D3EF7034}
		{4E7AA00C-446F-454B-BC8E-8C3622D81DB5} = {59DCCC96-DDAF-469F-9E8E-9BC733285082}
		{E8659EB8-991D-4FD1-B5AA-CC8158D67F1B} = {4E7AA00C-446F-454B-BC8E-8C3622D81DB5}
		{729A1C5C-9F9B-49C9-AABE-75C56F9E4509} = {4E7AA00C-446F-454B-BC8E-8C3622D81DB5}
		{B7382494-D73E-4A0C-8B6B-3AC3D5980631} = {59DCCC96-DDAF-469F-9E8E-9BC733285082}
		{1F2B8F3C-7558-4BF8-8BB3-530BE2259F76} = {B7382494-D73E-4A0C-8B6B-3AC3D5980631}
		{8179B44D-A2DD-496F-B554-3AE9E0B2A6DC} = {59DCCC96-DDAF-469F-9E8E-9BC733285082}
		{26BEA731-FE01-40D7-96AC-742657D842BE} = {8179B44D-A2DD-496F-B554-3AE9E0B2A6DC}
		{1A2E42A8-313F-475C-8172-7D572399D138} = {59DCCC96-DDAF-469F-9E8E-9BC733285082}
		{48C792A0-D32D-48B7-AA18-A961074DC490} = {1A2E42A8-313F-475C-8172-7D572399D138}
		{525F60E8-DE81-45BF-A284-84CAB6DF5F8F} = {59DCCC96-DDAF-469F-9E8E-9BC733285082}
		{DB15D947-FD4A-4AAF-8195-74A94F34EE4A} = {525F60E8-DE81-45BF-A284-84CAB6DF5F8F}
		{4606AEFA-17B9-4036-AD9B-C279E56F1080} = {0F3AB331-C042-4371-A2F0-0AFDFA13DC9F}
		{13CEC7D8-7AEF-44C6-8F37-E21D915FBAE1} = {0F3AB331-C042-4371-A2F0-0AFDFA13DC9F}
		{0F605F4E-8976-4444-81B9-17BFF028DC7E} = {59DCCC96-DDAF-469F-9E8E-9BC733285082}
		{C0D710AE-6F79-40A8-8565-3D971E4F067C} = {0F605F4E-8976-4444-81B9-17BFF028DC7E}
		{8368C8CC-7418-4B9B-B9B3-2011C612CE42} = {59DCCC96-DDAF-469F-9E8E-9BC733285082}
		{F94EA250-F52C-4FF6-A2ED-5B6B390C4A57} = {8368C8CC-7418-4B9B-B9B3-2011C612CE42}
		{94C40B92-893D-4013-9FA7-5FFA24F24714} = {0F3AB331-C042-4371-A2F0-0AFDFA13DC9F}
		{86AE9D56-DCCE-4AA0-814A-D411FBB2A241} = {59DCCC96-DDAF-469F-9E8E-9BC733285082}
		{4560E580-B22B-4435-A483-EB0D2C1668CC} = {86AE9D56-DCCE-4AA0-814A-D411FBB2A241}
		{0EFA46FD-6762-4C4B-B821-434C1FB86ECE} = {86C608E7-AD97-45C9-9EAC-F45466A59DF0}
		{B5C06C32-D9B9-4DD8-8974-11A8622C8736} = {771514F1-12AE-4A26-89CB-2646D3EF7034}
		{F4BA6863-3D17-48A1-8076-DF48E9B7DF03} = {86C608E7-AD97-45C9-9EAC-F45466A59DF0}
		{F787F9DE-0B2C-423B-B1EC-BA763C8C4296} = {0F3AB331-C042-4371-A2F0-0AFDFA13DC9F}
		{04C4B2CB-2F97-43B4-BDAE-C6E82160642A} = {9AA2BCF0-19AB-4DD9-8D91-7D188E463806}
	EndGlobalSection
	GlobalSection(ExtensibilityGlobals) = postSolution
		SolutionGuid = {CD0D1E44-8118-4682-8793-6B20ABFA824C}
	EndGlobalSection
EndGlobal
